
Microsoft Visual Studio Solution File, Format Version 11.00
# Visual Studio 2010
Project("{FAE04EC0-301F-11D3-BF4B-00C04F79EFBC}") = "Unicoen.Languages.C", "Unicoen.Languages.C\Unicoen.Languages.C.csproj", "{161EB3E2-D62F-4D7D-91F6-A495275C08FC}"
EndProject
Project("{FAE04EC0-301F-11D3-BF4B-00C04F79EFBC}") = "Unicoen.Languages.CSharp", "Unicoen.Languages.CSharp\Unicoen.Languages.CSharp.csproj", "{2B706EC6-51C7-463F-962B-375A5036E40B}"
EndProject
Project("{FAE04EC0-301F-11D3-BF4B-00C04F79EFBC}") = "Unicoen.Languages.Python2", "Unicoen.Languages.Python2\Unicoen.Languages.Python2.csproj", "{7341270B-D8CE-4894-A32C-6E51D7A57B2B}"
EndProject
Project("{FAE04EC0-301F-11D3-BF4B-00C04F79EFBC}") = "Unicoen.Languages.Ruby19", "Unicoen.Languages.Ruby19\Unicoen.Languages.Ruby19.csproj", "{5B832F0F-7F75-4B15-AB26-DA6F6EFD7913}"
EndProject
Project("{FAE04EC0-301F-11D3-BF4B-00C04F79EFBC}") = "Unicoen.Languages.Ruby18", "Unicoen.Languages.Ruby18\Unicoen.Languages.Ruby18.csproj", "{94C425D1-CCEE-43A3-84F6-D5342EFA92B7}"
EndProject
Project("{FAE04EC0-301F-11D3-BF4B-00C04F79EFBC}") = "Unicoen.Languages.Python3", "Unicoen.Languages.Python3\Unicoen.Languages.Python3.csproj", "{CF31A92F-646A-4155-A280-038AD9B84D0F}"
EndProject
Project("{FAE04EC0-301F-11D3-BF4B-00C04F79EFBC}") = "Unicoen.Languages.Lua", "Unicoen.Languages.Lua\Unicoen.Languages.Lua.csproj", "{21169995-DD96-476F-8084-0C8A7EDC1173}"
EndProject
Project("{FAE04EC0-301F-11D3-BF4B-00C04F79EFBC}") = "Unicoen.Languages.JavaScript", "Unicoen.Languages.JavaScript\Unicoen.Languages.JavaScript.csproj", "{F8E6563A-2EF3-4819-ACC3-024028815ED7}"
EndProject
Project("{FAE04EC0-301F-11D3-BF4B-00C04F79EFBC}") = "Unicoen.Languages.Java", "Unicoen.Languages.Java\Unicoen.Languages.Java.csproj", "{6036EB4E-B2F4-462D-9DD0-3DF2681A4A1D}"
EndProject
Project("{FAE04EC0-301F-11D3-BF4B-00C04F79EFBC}") = "Unicoen.Languages.Java.Tests", "Unicoen.Languages.Java.Tests\Unicoen.Languages.Java.Tests.csproj", "{DACB2574-1700-4ABB-993B-0DE489CDBB29}"
EndProject
Project("{FAE04EC0-301F-11D3-BF4B-00C04F79EFBC}") = "Unicoen.Languages.C.Tests", "Unicoen.Languages.C.Tests\Unicoen.Languages.C.Tests.csproj", "{9C35AFE1-0D1A-4CB9-BC3B-E0EA41FFCF73}"
EndProject
Project("{FAE04EC0-301F-11D3-BF4B-00C04F79EFBC}") = "Unicoen.Languages.JavaScript.Tests", "Unicoen.Languages.JavaScript.Tests\Unicoen.Languages.JavaScript.Tests.csproj", "{B2B716A6-D675-4E4F-A415-60CEA3E3D491}"
EndProject
Project("{FAE04EC0-301F-11D3-BF4B-00C04F79EFBC}") = "Unicoen.Languages.Python2.Tests", "Unicoen.Languages.Python2.Tests\Unicoen.Languages.Python2.Tests.csproj", "{FE38B6BA-B829-4F46-8D45-9BC76FAC8868}"
EndProject
Project("{FAE04EC0-301F-11D3-BF4B-00C04F79EFBC}") = "Unicoen.Languages.Ruby18.Tests", "Unicoen.Languages.Ruby18.Tests\Unicoen.Languages.Ruby18.Tests.csproj", "{AB1123F1-190E-407D-B165-7AE919EE4812}"
EndProject
Project("{FAE04EC0-301F-11D3-BF4B-00C04F79EFBC}") = "Unicoen.Languages.CSharp.Tests", "Unicoen.Languages.CSharp.Tests\Unicoen.Languages.CSharp.Tests.csproj", "{CBE372FD-4C31-4BDB-B704-49A5C3349A35}"
EndProject
Project("{FAE04EC0-301F-11D3-BF4B-00C04F79EFBC}") = "Unicoen.Core", "Unicoen.Core\Unicoen.Core.csproj", "{5FC5512D-0C61-4F25-8541-0F364E70DBC1}"
EndProject
Project("{FAE04EC0-301F-11D3-BF4B-00C04F79EFBC}") = "Unicoen.Core.Tests", "Unicoen.Core.Tests\Unicoen.Core.Tests.csproj", "{78B5FF26-BD0A-4955-8273-6629B2A7B71A}"
EndProject
Project("{FAE04EC0-301F-11D3-BF4B-00C04F79EFBC}") = "Mocomoco.Xml", "Mocomoco.Xml\Mocomoco.Xml.csproj", "{048FFF4C-40F7-4DC3-8E31-FD0F4251EE26}"
EndProject
Project("{FAE04EC0-301F-11D3-BF4B-00C04F79EFBC}") = "Mocomoco.Xml.Tests", "Mocomoco.Xml.Tests\Mocomoco.Xml.Tests.csproj", "{C73358D8-9C51-49A4-B474-516689F5981F}"
EndProject
Project("{FAE04EC0-301F-11D3-BF4B-00C04F79EFBC}") = "Unicoen.Apps.Metrics", "Unicoen.Apps.Metrics\Unicoen.Apps.Metrics.csproj", "{0F43ECA9-FAA3-4565-A585-A33BA2B12883}"
EndProject
Project("{FAE04EC0-301F-11D3-BF4B-00C04F79EFBC}") = "Unicoen.Apps.Aop", "Unicoen.Apps.AOP\Unicoen.Apps.Aop.csproj", "{78406882-043E-451A-98B4-335AD8BB7DAD}"
EndProject
Project("{FAE04EC0-301F-11D3-BF4B-00C04F79EFBC}") = "Unicoen.Apps.Aop.Tests", "Unicoen.Apps.AOP.Tests\Unicoen.Apps.Aop.Tests.csproj", "{B1E94E7B-D6D2-4530-B0B8-2ADFEC0AD6D6}"
EndProject
Project("{FAE04EC0-301F-11D3-BF4B-00C04F79EFBC}") = "Mocomoco.Linq", "Mocomoco.Linq\Mocomoco.Linq.csproj", "{973D0B49-BA07-4F3D-B640-74107F23D8DA}"
EndProject
Project("{FAE04EC0-301F-11D3-BF4B-00C04F79EFBC}") = "Unicoen.Apps.Translator", "Unicoen.Apps.Translator\Unicoen.Apps.Translator.csproj", "{87A5C023-95DB-40D4-A638-28D578D06572}"
EndProject
Project("{FAE04EC0-301F-11D3-BF4B-00C04F79EFBC}") = "Unicoen.Apps.Translator.Tests", "Unicoen.Apps.Translator.Tests\Unicoen.Apps.Translator.Tests.csproj", "{A0BB3487-FCEF-4CB0-9CFE-A59D8AA6C284}"
EndProject
Project("{FAE04EC0-301F-11D3-BF4B-00C04F79EFBC}") = "Unicoen.Languages.Tests", "Unicoen.Languages.Tests\Unicoen.Languages.Tests.csproj", "{BC8744B2-0E75-4855-8C01-35E2198546EE}"
EndProject
Project("{FAE04EC0-301F-11D3-BF4B-00C04F79EFBC}") = "Mocomoco.Linq.Tests", "Mocomoco.Linq.Tests\Mocomoco.Linq.Tests.csproj", "{4A91C2AB-F82F-4F60-99B5-3D514E2F8737}"
EndProject
Global
	GlobalSection(TestCaseManagementSettings) = postSolution
		CategoryFile = UnifiedCodeProcessorFramework.vsmdi
	EndGlobalSection
	GlobalSection(SolutionConfigurationPlatforms) = preSolution
		Debug|Any CPU = Debug|Any CPU
		Debug|Mixed Platforms = Debug|Mixed Platforms
		Debug|Win32 = Debug|Win32
		Debug|x86 = Debug|x86
		Release|Any CPU = Release|Any CPU
		Release|Mixed Platforms = Release|Mixed Platforms
		Release|Win32 = Release|Win32
		Release|x86 = Release|x86
	EndGlobalSection
	GlobalSection(ProjectConfigurationPlatforms) = postSolution
		{161EB3E2-D62F-4D7D-91F6-A495275C08FC}.Debug|Any CPU.ActiveCfg = Debug|Any CPU
		{161EB3E2-D62F-4D7D-91F6-A495275C08FC}.Debug|Any CPU.Build.0 = Debug|Any CPU
		{161EB3E2-D62F-4D7D-91F6-A495275C08FC}.Debug|Mixed Platforms.ActiveCfg = Debug|Any CPU
		{161EB3E2-D62F-4D7D-91F6-A495275C08FC}.Debug|Mixed Platforms.Build.0 = Debug|Any CPU
		{161EB3E2-D62F-4D7D-91F6-A495275C08FC}.Debug|Win32.ActiveCfg = Debug|Any CPU
		{161EB3E2-D62F-4D7D-91F6-A495275C08FC}.Debug|x86.ActiveCfg = Debug|Any CPU
		{161EB3E2-D62F-4D7D-91F6-A495275C08FC}.Release|Any CPU.ActiveCfg = Release|Any CPU
		{161EB3E2-D62F-4D7D-91F6-A495275C08FC}.Release|Any CPU.Build.0 = Release|Any CPU
		{161EB3E2-D62F-4D7D-91F6-A495275C08FC}.Release|Mixed Platforms.ActiveCfg = Release|Any CPU
		{161EB3E2-D62F-4D7D-91F6-A495275C08FC}.Release|Mixed Platforms.Build.0 = Release|Any CPU
		{161EB3E2-D62F-4D7D-91F6-A495275C08FC}.Release|Win32.ActiveCfg = Release|Any CPU
		{161EB3E2-D62F-4D7D-91F6-A495275C08FC}.Release|x86.ActiveCfg = Release|Any CPU
		{2B706EC6-51C7-463F-962B-375A5036E40B}.Debug|Any CPU.ActiveCfg = Debug|Any CPU
		{2B706EC6-51C7-463F-962B-375A5036E40B}.Debug|Any CPU.Build.0 = Debug|Any CPU
		{2B706EC6-51C7-463F-962B-375A5036E40B}.Debug|Mixed Platforms.ActiveCfg = Debug|Any CPU
		{2B706EC6-51C7-463F-962B-375A5036E40B}.Debug|Mixed Platforms.Build.0 = Debug|Any CPU
		{2B706EC6-51C7-463F-962B-375A5036E40B}.Debug|Win32.ActiveCfg = Debug|Any CPU
		{2B706EC6-51C7-463F-962B-375A5036E40B}.Debug|x86.ActiveCfg = Debug|Any CPU
		{2B706EC6-51C7-463F-962B-375A5036E40B}.Release|Any CPU.ActiveCfg = Release|Any CPU
		{2B706EC6-51C7-463F-962B-375A5036E40B}.Release|Any CPU.Build.0 = Release|Any CPU
		{2B706EC6-51C7-463F-962B-375A5036E40B}.Release|Mixed Platforms.ActiveCfg = Release|Any CPU
		{2B706EC6-51C7-463F-962B-375A5036E40B}.Release|Mixed Platforms.Build.0 = Release|Any CPU
		{2B706EC6-51C7-463F-962B-375A5036E40B}.Release|Win32.ActiveCfg = Release|Any CPU
		{2B706EC6-51C7-463F-962B-375A5036E40B}.Release|x86.ActiveCfg = Release|Any CPU
		{7341270B-D8CE-4894-A32C-6E51D7A57B2B}.Debug|Any CPU.ActiveCfg = Debug|Any CPU
		{7341270B-D8CE-4894-A32C-6E51D7A57B2B}.Debug|Any CPU.Build.0 = Debug|Any CPU
		{7341270B-D8CE-4894-A32C-6E51D7A57B2B}.Debug|Mixed Platforms.ActiveCfg = Debug|Any CPU
		{7341270B-D8CE-4894-A32C-6E51D7A57B2B}.Debug|Mixed Platforms.Build.0 = Debug|Any CPU
		{7341270B-D8CE-4894-A32C-6E51D7A57B2B}.Debug|Win32.ActiveCfg = Debug|Any CPU
		{7341270B-D8CE-4894-A32C-6E51D7A57B2B}.Debug|x86.ActiveCfg = Debug|Any CPU
		{7341270B-D8CE-4894-A32C-6E51D7A57B2B}.Release|Any CPU.ActiveCfg = Release|Any CPU
		{7341270B-D8CE-4894-A32C-6E51D7A57B2B}.Release|Any CPU.Build.0 = Release|Any CPU
		{7341270B-D8CE-4894-A32C-6E51D7A57B2B}.Release|Mixed Platforms.ActiveCfg = Release|Any CPU
		{7341270B-D8CE-4894-A32C-6E51D7A57B2B}.Release|Mixed Platforms.Build.0 = Release|Any CPU
		{7341270B-D8CE-4894-A32C-6E51D7A57B2B}.Release|Win32.ActiveCfg = Release|Any CPU
		{7341270B-D8CE-4894-A32C-6E51D7A57B2B}.Release|x86.ActiveCfg = Release|Any CPU
		{5B832F0F-7F75-4B15-AB26-DA6F6EFD7913}.Debug|Any CPU.ActiveCfg = Debug|Any CPU
		{5B832F0F-7F75-4B15-AB26-DA6F6EFD7913}.Debug|Any CPU.Build.0 = Debug|Any CPU
		{5B832F0F-7F75-4B15-AB26-DA6F6EFD7913}.Debug|Mixed Platforms.ActiveCfg = Debug|Any CPU
		{5B832F0F-7F75-4B15-AB26-DA6F6EFD7913}.Debug|Mixed Platforms.Build.0 = Debug|Any CPU
		{5B832F0F-7F75-4B15-AB26-DA6F6EFD7913}.Debug|Win32.ActiveCfg = Debug|Any CPU
		{5B832F0F-7F75-4B15-AB26-DA6F6EFD7913}.Debug|x86.ActiveCfg = Debug|Any CPU
		{5B832F0F-7F75-4B15-AB26-DA6F6EFD7913}.Release|Any CPU.ActiveCfg = Release|Any CPU
		{5B832F0F-7F75-4B15-AB26-DA6F6EFD7913}.Release|Any CPU.Build.0 = Release|Any CPU
		{5B832F0F-7F75-4B15-AB26-DA6F6EFD7913}.Release|Mixed Platforms.ActiveCfg = Release|Any CPU
		{5B832F0F-7F75-4B15-AB26-DA6F6EFD7913}.Release|Mixed Platforms.Build.0 = Release|Any CPU
		{5B832F0F-7F75-4B15-AB26-DA6F6EFD7913}.Release|Win32.ActiveCfg = Release|Any CPU
		{5B832F0F-7F75-4B15-AB26-DA6F6EFD7913}.Release|x86.ActiveCfg = Release|Any CPU
		{94C425D1-CCEE-43A3-84F6-D5342EFA92B7}.Debug|Any CPU.ActiveCfg = Debug|Any CPU
		{94C425D1-CCEE-43A3-84F6-D5342EFA92B7}.Debug|Any CPU.Build.0 = Debug|Any CPU
		{94C425D1-CCEE-43A3-84F6-D5342EFA92B7}.Debug|Mixed Platforms.ActiveCfg = Debug|Any CPU
		{94C425D1-CCEE-43A3-84F6-D5342EFA92B7}.Debug|Mixed Platforms.Build.0 = Debug|Any CPU
		{94C425D1-CCEE-43A3-84F6-D5342EFA92B7}.Debug|Win32.ActiveCfg = Debug|Any CPU
		{94C425D1-CCEE-43A3-84F6-D5342EFA92B7}.Debug|x86.ActiveCfg = Debug|Any CPU
		{94C425D1-CCEE-43A3-84F6-D5342EFA92B7}.Release|Any CPU.ActiveCfg = Release|Any CPU
		{94C425D1-CCEE-43A3-84F6-D5342EFA92B7}.Release|Any CPU.Build.0 = Release|Any CPU
		{94C425D1-CCEE-43A3-84F6-D5342EFA92B7}.Release|Mixed Platforms.ActiveCfg = Release|Any CPU
		{94C425D1-CCEE-43A3-84F6-D5342EFA92B7}.Release|Mixed Platforms.Build.0 = Release|Any CPU
		{94C425D1-CCEE-43A3-84F6-D5342EFA92B7}.Release|Win32.ActiveCfg = Release|Any CPU
		{94C425D1-CCEE-43A3-84F6-D5342EFA92B7}.Release|x86.ActiveCfg = Release|Any CPU
		{CF31A92F-646A-4155-A280-038AD9B84D0F}.Debug|Any CPU.ActiveCfg = Debug|Any CPU
		{CF31A92F-646A-4155-A280-038AD9B84D0F}.Debug|Any CPU.Build.0 = Debug|Any CPU
		{CF31A92F-646A-4155-A280-038AD9B84D0F}.Debug|Mixed Platforms.ActiveCfg = Debug|Any CPU
		{CF31A92F-646A-4155-A280-038AD9B84D0F}.Debug|Mixed Platforms.Build.0 = Debug|Any CPU
		{CF31A92F-646A-4155-A280-038AD9B84D0F}.Debug|Win32.ActiveCfg = Debug|Any CPU
		{CF31A92F-646A-4155-A280-038AD9B84D0F}.Debug|x86.ActiveCfg = Debug|Any CPU
		{CF31A92F-646A-4155-A280-038AD9B84D0F}.Release|Any CPU.ActiveCfg = Release|Any CPU
		{CF31A92F-646A-4155-A280-038AD9B84D0F}.Release|Any CPU.Build.0 = Release|Any CPU
		{CF31A92F-646A-4155-A280-038AD9B84D0F}.Release|Mixed Platforms.ActiveCfg = Release|Any CPU
		{CF31A92F-646A-4155-A280-038AD9B84D0F}.Release|Mixed Platforms.Build.0 = Release|Any CPU
		{CF31A92F-646A-4155-A280-038AD9B84D0F}.Release|Win32.ActiveCfg = Release|Any CPU
		{CF31A92F-646A-4155-A280-038AD9B84D0F}.Release|x86.ActiveCfg = Release|Any CPU
		{21169995-DD96-476F-8084-0C8A7EDC1173}.Debug|Any CPU.ActiveCfg = Debug|Any CPU
		{21169995-DD96-476F-8084-0C8A7EDC1173}.Debug|Any CPU.Build.0 = Debug|Any CPU
		{21169995-DD96-476F-8084-0C8A7EDC1173}.Debug|Mixed Platforms.ActiveCfg = Debug|Any CPU
		{21169995-DD96-476F-8084-0C8A7EDC1173}.Debug|Mixed Platforms.Build.0 = Debug|Any CPU
		{21169995-DD96-476F-8084-0C8A7EDC1173}.Debug|Win32.ActiveCfg = Debug|Any CPU
		{21169995-DD96-476F-8084-0C8A7EDC1173}.Debug|x86.ActiveCfg = Debug|Any CPU
		{21169995-DD96-476F-8084-0C8A7EDC1173}.Release|Any CPU.ActiveCfg = Release|Any CPU
		{21169995-DD96-476F-8084-0C8A7EDC1173}.Release|Any CPU.Build.0 = Release|Any CPU
		{21169995-DD96-476F-8084-0C8A7EDC1173}.Release|Mixed Platforms.ActiveCfg = Release|Any CPU
		{21169995-DD96-476F-8084-0C8A7EDC1173}.Release|Mixed Platforms.Build.0 = Release|Any CPU
		{21169995-DD96-476F-8084-0C8A7EDC1173}.Release|Win32.ActiveCfg = Release|Any CPU
		{21169995-DD96-476F-8084-0C8A7EDC1173}.Release|x86.ActiveCfg = Release|Any CPU
		{F8E6563A-2EF3-4819-ACC3-024028815ED7}.Debug|Any CPU.ActiveCfg = Debug|Any CPU
		{F8E6563A-2EF3-4819-ACC3-024028815ED7}.Debug|Any CPU.Build.0 = Debug|Any CPU
		{F8E6563A-2EF3-4819-ACC3-024028815ED7}.Debug|Mixed Platforms.ActiveCfg = Debug|Any CPU
		{F8E6563A-2EF3-4819-ACC3-024028815ED7}.Debug|Mixed Platforms.Build.0 = Debug|Any CPU
		{F8E6563A-2EF3-4819-ACC3-024028815ED7}.Debug|Win32.ActiveCfg = Debug|Any CPU
		{F8E6563A-2EF3-4819-ACC3-024028815ED7}.Debug|x86.ActiveCfg = Debug|Any CPU
		{F8E6563A-2EF3-4819-ACC3-024028815ED7}.Release|Any CPU.ActiveCfg = Release|Any CPU
		{F8E6563A-2EF3-4819-ACC3-024028815ED7}.Release|Any CPU.Build.0 = Release|Any CPU
		{F8E6563A-2EF3-4819-ACC3-024028815ED7}.Release|Mixed Platforms.ActiveCfg = Release|Any CPU
		{F8E6563A-2EF3-4819-ACC3-024028815ED7}.Release|Mixed Platforms.Build.0 = Release|Any CPU
		{F8E6563A-2EF3-4819-ACC3-024028815ED7}.Release|Win32.ActiveCfg = Release|Any CPU
		{F8E6563A-2EF3-4819-ACC3-024028815ED7}.Release|x86.ActiveCfg = Release|Any CPU
		{6036EB4E-B2F4-462D-9DD0-3DF2681A4A1D}.Debug|Any CPU.ActiveCfg = Debug|Any CPU
		{6036EB4E-B2F4-462D-9DD0-3DF2681A4A1D}.Debug|Any CPU.Build.0 = Debug|Any CPU
		{6036EB4E-B2F4-462D-9DD0-3DF2681A4A1D}.Debug|Mixed Platforms.ActiveCfg = Debug|Any CPU
		{6036EB4E-B2F4-462D-9DD0-3DF2681A4A1D}.Debug|Mixed Platforms.Build.0 = Debug|Any CPU
		{6036EB4E-B2F4-462D-9DD0-3DF2681A4A1D}.Debug|Win32.ActiveCfg = Debug|Any CPU
		{6036EB4E-B2F4-462D-9DD0-3DF2681A4A1D}.Debug|x86.ActiveCfg = Debug|Any CPU
		{6036EB4E-B2F4-462D-9DD0-3DF2681A4A1D}.Release|Any CPU.ActiveCfg = Release|Any CPU
		{6036EB4E-B2F4-462D-9DD0-3DF2681A4A1D}.Release|Any CPU.Build.0 = Release|Any CPU
		{6036EB4E-B2F4-462D-9DD0-3DF2681A4A1D}.Release|Mixed Platforms.ActiveCfg = Release|Any CPU
		{6036EB4E-B2F4-462D-9DD0-3DF2681A4A1D}.Release|Mixed Platforms.Build.0 = Release|Any CPU
		{6036EB4E-B2F4-462D-9DD0-3DF2681A4A1D}.Release|Win32.ActiveCfg = Release|Any CPU
		{6036EB4E-B2F4-462D-9DD0-3DF2681A4A1D}.Release|x86.ActiveCfg = Release|Any CPU
		{DACB2574-1700-4ABB-993B-0DE489CDBB29}.Debug|Any CPU.ActiveCfg = Debug|Any CPU
		{DACB2574-1700-4ABB-993B-0DE489CDBB29}.Debug|Any CPU.Build.0 = Debug|Any CPU
		{DACB2574-1700-4ABB-993B-0DE489CDBB29}.Debug|Mixed Platforms.ActiveCfg = Debug|Any CPU
		{DACB2574-1700-4ABB-993B-0DE489CDBB29}.Debug|Mixed Platforms.Build.0 = Debug|Any CPU
		{DACB2574-1700-4ABB-993B-0DE489CDBB29}.Debug|Win32.ActiveCfg = Debug|Any CPU
		{DACB2574-1700-4ABB-993B-0DE489CDBB29}.Debug|x86.ActiveCfg = Debug|Any CPU
		{DACB2574-1700-4ABB-993B-0DE489CDBB29}.Release|Any CPU.ActiveCfg = Release|Any CPU
		{DACB2574-1700-4ABB-993B-0DE489CDBB29}.Release|Any CPU.Build.0 = Release|Any CPU
		{DACB2574-1700-4ABB-993B-0DE489CDBB29}.Release|Mixed Platforms.ActiveCfg = Release|Any CPU
		{DACB2574-1700-4ABB-993B-0DE489CDBB29}.Release|Mixed Platforms.Build.0 = Release|Any CPU
		{DACB2574-1700-4ABB-993B-0DE489CDBB29}.Release|Win32.ActiveCfg = Release|Any CPU
		{DACB2574-1700-4ABB-993B-0DE489CDBB29}.Release|x86.ActiveCfg = Release|Any CPU
		{9C35AFE1-0D1A-4CB9-BC3B-E0EA41FFCF73}.Debug|Any CPU.ActiveCfg = Debug|Any CPU
		{9C35AFE1-0D1A-4CB9-BC3B-E0EA41FFCF73}.Debug|Any CPU.Build.0 = Debug|Any CPU
		{9C35AFE1-0D1A-4CB9-BC3B-E0EA41FFCF73}.Debug|Mixed Platforms.ActiveCfg = Debug|Any CPU
		{9C35AFE1-0D1A-4CB9-BC3B-E0EA41FFCF73}.Debug|Mixed Platforms.Build.0 = Debug|Any CPU
		{9C35AFE1-0D1A-4CB9-BC3B-E0EA41FFCF73}.Debug|Win32.ActiveCfg = Debug|Any CPU
		{9C35AFE1-0D1A-4CB9-BC3B-E0EA41FFCF73}.Debug|x86.ActiveCfg = Debug|Any CPU
		{9C35AFE1-0D1A-4CB9-BC3B-E0EA41FFCF73}.Release|Any CPU.ActiveCfg = Release|Any CPU
		{9C35AFE1-0D1A-4CB9-BC3B-E0EA41FFCF73}.Release|Any CPU.Build.0 = Release|Any CPU
		{9C35AFE1-0D1A-4CB9-BC3B-E0EA41FFCF73}.Release|Mixed Platforms.ActiveCfg = Release|Any CPU
		{9C35AFE1-0D1A-4CB9-BC3B-E0EA41FFCF73}.Release|Mixed Platforms.Build.0 = Release|Any CPU
		{9C35AFE1-0D1A-4CB9-BC3B-E0EA41FFCF73}.Release|Win32.ActiveCfg = Release|Any CPU
		{9C35AFE1-0D1A-4CB9-BC3B-E0EA41FFCF73}.Release|x86.ActiveCfg = Release|Any CPU
		{B2B716A6-D675-4E4F-A415-60CEA3E3D491}.Debug|Any CPU.ActiveCfg = Debug|Any CPU
		{B2B716A6-D675-4E4F-A415-60CEA3E3D491}.Debug|Any CPU.Build.0 = Debug|Any CPU
		{B2B716A6-D675-4E4F-A415-60CEA3E3D491}.Debug|Mixed Platforms.ActiveCfg = Debug|Any CPU
		{B2B716A6-D675-4E4F-A415-60CEA3E3D491}.Debug|Mixed Platforms.Build.0 = Debug|Any CPU
		{B2B716A6-D675-4E4F-A415-60CEA3E3D491}.Debug|Win32.ActiveCfg = Debug|Any CPU
		{B2B716A6-D675-4E4F-A415-60CEA3E3D491}.Debug|x86.ActiveCfg = Debug|Any CPU
		{B2B716A6-D675-4E4F-A415-60CEA3E3D491}.Release|Any CPU.ActiveCfg = Release|Any CPU
		{B2B716A6-D675-4E4F-A415-60CEA3E3D491}.Release|Any CPU.Build.0 = Release|Any CPU
		{B2B716A6-D675-4E4F-A415-60CEA3E3D491}.Release|Mixed Platforms.ActiveCfg = Release|Any CPU
		{B2B716A6-D675-4E4F-A415-60CEA3E3D491}.Release|Mixed Platforms.Build.0 = Release|Any CPU
		{B2B716A6-D675-4E4F-A415-60CEA3E3D491}.Release|Win32.ActiveCfg = Release|Any CPU
		{B2B716A6-D675-4E4F-A415-60CEA3E3D491}.Release|x86.ActiveCfg = Release|Any CPU
		{FE38B6BA-B829-4F46-8D45-9BC76FAC8868}.Debug|Any CPU.ActiveCfg = Debug|Any CPU
		{FE38B6BA-B829-4F46-8D45-9BC76FAC8868}.Debug|Any CPU.Build.0 = Debug|Any CPU
		{FE38B6BA-B829-4F46-8D45-9BC76FAC8868}.Debug|Mixed Platforms.ActiveCfg = Debug|Any CPU
		{FE38B6BA-B829-4F46-8D45-9BC76FAC8868}.Debug|Mixed Platforms.Build.0 = Debug|Any CPU
		{FE38B6BA-B829-4F46-8D45-9BC76FAC8868}.Debug|Win32.ActiveCfg = Debug|Any CPU
		{FE38B6BA-B829-4F46-8D45-9BC76FAC8868}.Debug|x86.ActiveCfg = Debug|Any CPU
		{FE38B6BA-B829-4F46-8D45-9BC76FAC8868}.Release|Any CPU.ActiveCfg = Release|Any CPU
		{FE38B6BA-B829-4F46-8D45-9BC76FAC8868}.Release|Any CPU.Build.0 = Release|Any CPU
		{FE38B6BA-B829-4F46-8D45-9BC76FAC8868}.Release|Mixed Platforms.ActiveCfg = Release|Any CPU
		{FE38B6BA-B829-4F46-8D45-9BC76FAC8868}.Release|Mixed Platforms.Build.0 = Release|Any CPU
		{FE38B6BA-B829-4F46-8D45-9BC76FAC8868}.Release|Win32.ActiveCfg = Release|Any CPU
		{FE38B6BA-B829-4F46-8D45-9BC76FAC8868}.Release|x86.ActiveCfg = Release|Any CPU
		{AB1123F1-190E-407D-B165-7AE919EE4812}.Debug|Any CPU.ActiveCfg = Debug|Any CPU
		{AB1123F1-190E-407D-B165-7AE919EE4812}.Debug|Any CPU.Build.0 = Debug|Any CPU
		{AB1123F1-190E-407D-B165-7AE919EE4812}.Debug|Mixed Platforms.ActiveCfg = Debug|Any CPU
		{AB1123F1-190E-407D-B165-7AE919EE4812}.Debug|Mixed Platforms.Build.0 = Debug|Any CPU
		{AB1123F1-190E-407D-B165-7AE919EE4812}.Debug|Win32.ActiveCfg = Debug|Any CPU
		{AB1123F1-190E-407D-B165-7AE919EE4812}.Debug|x86.ActiveCfg = Debug|Any CPU
		{AB1123F1-190E-407D-B165-7AE919EE4812}.Release|Any CPU.ActiveCfg = Release|Any CPU
		{AB1123F1-190E-407D-B165-7AE919EE4812}.Release|Any CPU.Build.0 = Release|Any CPU
		{AB1123F1-190E-407D-B165-7AE919EE4812}.Release|Mixed Platforms.ActiveCfg = Release|Any CPU
		{AB1123F1-190E-407D-B165-7AE919EE4812}.Release|Mixed Platforms.Build.0 = Release|Any CPU
		{AB1123F1-190E-407D-B165-7AE919EE4812}.Release|Win32.ActiveCfg = Release|Any CPU
		{AB1123F1-190E-407D-B165-7AE919EE4812}.Release|x86.ActiveCfg = Release|Any CPU
		{CBE372FD-4C31-4BDB-B704-49A5C3349A35}.Debug|Any CPU.ActiveCfg = Debug|Any CPU
		{CBE372FD-4C31-4BDB-B704-49A5C3349A35}.Debug|Any CPU.Build.0 = Debug|Any CPU
		{CBE372FD-4C31-4BDB-B704-49A5C3349A35}.Debug|Mixed Platforms.ActiveCfg = Debug|Any CPU
		{CBE372FD-4C31-4BDB-B704-49A5C3349A35}.Debug|Mixed Platforms.Build.0 = Debug|Any CPU
		{CBE372FD-4C31-4BDB-B704-49A5C3349A35}.Debug|Win32.ActiveCfg = Debug|Any CPU
		{CBE372FD-4C31-4BDB-B704-49A5C3349A35}.Debug|x86.ActiveCfg = Debug|Any CPU
		{CBE372FD-4C31-4BDB-B704-49A5C3349A35}.Release|Any CPU.ActiveCfg = Release|Any CPU
		{CBE372FD-4C31-4BDB-B704-49A5C3349A35}.Release|Any CPU.Build.0 = Release|Any CPU
		{CBE372FD-4C31-4BDB-B704-49A5C3349A35}.Release|Mixed Platforms.ActiveCfg = Release|Any CPU
		{CBE372FD-4C31-4BDB-B704-49A5C3349A35}.Release|Mixed Platforms.Build.0 = Release|Any CPU
		{CBE372FD-4C31-4BDB-B704-49A5C3349A35}.Release|Win32.ActiveCfg = Release|Any CPU
		{CBE372FD-4C31-4BDB-B704-49A5C3349A35}.Release|x86.ActiveCfg = Release|Any CPU
		{5FC5512D-0C61-4F25-8541-0F364E70DBC1}.Debug|Any CPU.ActiveCfg = Debug|Any CPU
		{5FC5512D-0C61-4F25-8541-0F364E70DBC1}.Debug|Any CPU.Build.0 = Debug|Any CPU
		{5FC5512D-0C61-4F25-8541-0F364E70DBC1}.Debug|Mixed Platforms.ActiveCfg = Debug|Any CPU
		{5FC5512D-0C61-4F25-8541-0F364E70DBC1}.Debug|Mixed Platforms.Build.0 = Debug|Any CPU
		{5FC5512D-0C61-4F25-8541-0F364E70DBC1}.Debug|Win32.ActiveCfg = Debug|Any CPU
		{5FC5512D-0C61-4F25-8541-0F364E70DBC1}.Debug|x86.ActiveCfg = Debug|Any CPU
		{5FC5512D-0C61-4F25-8541-0F364E70DBC1}.Release|Any CPU.ActiveCfg = Release|Any CPU
		{5FC5512D-0C61-4F25-8541-0F364E70DBC1}.Release|Any CPU.Build.0 = Release|Any CPU
		{5FC5512D-0C61-4F25-8541-0F364E70DBC1}.Release|Mixed Platforms.ActiveCfg = Release|Any CPU
		{5FC5512D-0C61-4F25-8541-0F364E70DBC1}.Release|Mixed Platforms.Build.0 = Release|Any CPU
		{5FC5512D-0C61-4F25-8541-0F364E70DBC1}.Release|Win32.ActiveCfg = Release|Any CPU
		{5FC5512D-0C61-4F25-8541-0F364E70DBC1}.Release|x86.ActiveCfg = Release|Any CPU
		{78B5FF26-BD0A-4955-8273-6629B2A7B71A}.Debug|Any CPU.ActiveCfg = Debug|Any CPU
		{78B5FF26-BD0A-4955-8273-6629B2A7B71A}.Debug|Any CPU.Build.0 = Debug|Any CPU
		{78B5FF26-BD0A-4955-8273-6629B2A7B71A}.Debug|Mixed Platforms.ActiveCfg = Debug|Any CPU
		{78B5FF26-BD0A-4955-8273-6629B2A7B71A}.Debug|Mixed Platforms.Build.0 = Debug|Any CPU
		{78B5FF26-BD0A-4955-8273-6629B2A7B71A}.Debug|Win32.ActiveCfg = Debug|Any CPU
		{78B5FF26-BD0A-4955-8273-6629B2A7B71A}.Debug|x86.ActiveCfg = Debug|Any CPU
		{78B5FF26-BD0A-4955-8273-6629B2A7B71A}.Release|Any CPU.ActiveCfg = Release|Any CPU
		{78B5FF26-BD0A-4955-8273-6629B2A7B71A}.Release|Any CPU.Build.0 = Release|Any CPU
		{78B5FF26-BD0A-4955-8273-6629B2A7B71A}.Release|Mixed Platforms.ActiveCfg = Release|Any CPU
		{78B5FF26-BD0A-4955-8273-6629B2A7B71A}.Release|Mixed Platforms.Build.0 = Release|Any CPU
		{78B5FF26-BD0A-4955-8273-6629B2A7B71A}.Release|Win32.ActiveCfg = Release|Any CPU
		{78B5FF26-BD0A-4955-8273-6629B2A7B71A}.Release|x86.ActiveCfg = Release|Any CPU
		{048FFF4C-40F7-4DC3-8E31-FD0F4251EE26}.Debug|Any CPU.ActiveCfg = Debug|Any CPU
		{048FFF4C-40F7-4DC3-8E31-FD0F4251EE26}.Debug|Any CPU.Build.0 = Debug|Any CPU
		{048FFF4C-40F7-4DC3-8E31-FD0F4251EE26}.Debug|Mixed Platforms.ActiveCfg = Debug|Any CPU
		{048FFF4C-40F7-4DC3-8E31-FD0F4251EE26}.Debug|Mixed Platforms.Build.0 = Debug|Any CPU
		{048FFF4C-40F7-4DC3-8E31-FD0F4251EE26}.Debug|Win32.ActiveCfg = Debug|Any CPU
		{048FFF4C-40F7-4DC3-8E31-FD0F4251EE26}.Debug|x86.ActiveCfg = Debug|Any CPU
		{048FFF4C-40F7-4DC3-8E31-FD0F4251EE26}.Release|Any CPU.ActiveCfg = Release|Any CPU
		{048FFF4C-40F7-4DC3-8E31-FD0F4251EE26}.Release|Any CPU.Build.0 = Release|Any CPU
		{048FFF4C-40F7-4DC3-8E31-FD0F4251EE26}.Release|Mixed Platforms.ActiveCfg = Release|Any CPU
		{048FFF4C-40F7-4DC3-8E31-FD0F4251EE26}.Release|Mixed Platforms.Build.0 = Release|Any CPU
		{048FFF4C-40F7-4DC3-8E31-FD0F4251EE26}.Release|Win32.ActiveCfg = Release|Any CPU
		{048FFF4C-40F7-4DC3-8E31-FD0F4251EE26}.Release|x86.ActiveCfg = Release|Any CPU
		{C73358D8-9C51-49A4-B474-516689F5981F}.Debug|Any CPU.ActiveCfg = Debug|Any CPU
		{C73358D8-9C51-49A4-B474-516689F5981F}.Debug|Any CPU.Build.0 = Debug|Any CPU
		{C73358D8-9C51-49A4-B474-516689F5981F}.Debug|Mixed Platforms.ActiveCfg = Debug|Any CPU
		{C73358D8-9C51-49A4-B474-516689F5981F}.Debug|Mixed Platforms.Build.0 = Debug|Any CPU
		{C73358D8-9C51-49A4-B474-516689F5981F}.Debug|Win32.ActiveCfg = Debug|Any CPU
		{C73358D8-9C51-49A4-B474-516689F5981F}.Debug|x86.ActiveCfg = Debug|Any CPU
		{C73358D8-9C51-49A4-B474-516689F5981F}.Release|Any CPU.ActiveCfg = Release|Any CPU
		{C73358D8-9C51-49A4-B474-516689F5981F}.Release|Any CPU.Build.0 = Release|Any CPU
		{C73358D8-9C51-49A4-B474-516689F5981F}.Release|Mixed Platforms.ActiveCfg = Release|Any CPU
		{C73358D8-9C51-49A4-B474-516689F5981F}.Release|Mixed Platforms.Build.0 = Release|Any CPU
		{C73358D8-9C51-49A4-B474-516689F5981F}.Release|Win32.ActiveCfg = Release|Any CPU
		{C73358D8-9C51-49A4-B474-516689F5981F}.Release|x86.ActiveCfg = Release|Any CPU
		{0F43ECA9-FAA3-4565-A585-A33BA2B12883}.Debug|Any CPU.ActiveCfg = Debug|x86
		{0F43ECA9-FAA3-4565-A585-A33BA2B12883}.Debug|Mixed Platforms.ActiveCfg = Debug|x86
		{0F43ECA9-FAA3-4565-A585-A33BA2B12883}.Debug|Mixed Platforms.Build.0 = Debug|x86
		{0F43ECA9-FAA3-4565-A585-A33BA2B12883}.Debug|Win32.ActiveCfg = Debug|x86
		{0F43ECA9-FAA3-4565-A585-A33BA2B12883}.Debug|x86.ActiveCfg = Debug|x86
		{0F43ECA9-FAA3-4565-A585-A33BA2B12883}.Debug|x86.Build.0 = Debug|x86
		{0F43ECA9-FAA3-4565-A585-A33BA2B12883}.Release|Any CPU.ActiveCfg = Release|x86
		{0F43ECA9-FAA3-4565-A585-A33BA2B12883}.Release|Mixed Platforms.ActiveCfg = Release|x86
		{0F43ECA9-FAA3-4565-A585-A33BA2B12883}.Release|Mixed Platforms.Build.0 = Release|x86
		{0F43ECA9-FAA3-4565-A585-A33BA2B12883}.Release|Win32.ActiveCfg = Release|x86
		{0F43ECA9-FAA3-4565-A585-A33BA2B12883}.Release|x86.ActiveCfg = Release|x86
		{0F43ECA9-FAA3-4565-A585-A33BA2B12883}.Release|x86.Build.0 = Release|x86
		{78406882-043E-451A-98B4-335AD8BB7DAD}.Debug|Any CPU.ActiveCfg = Debug|x86
		{78406882-043E-451A-98B4-335AD8BB7DAD}.Debug|Mixed Platforms.ActiveCfg = Debug|x86
		{78406882-043E-451A-98B4-335AD8BB7DAD}.Debug|Mixed Platforms.Build.0 = Debug|x86
		{78406882-043E-451A-98B4-335AD8BB7DAD}.Debug|Win32.ActiveCfg = Debug|x86
		{78406882-043E-451A-98B4-335AD8BB7DAD}.Debug|x86.ActiveCfg = Debug|x86
		{78406882-043E-451A-98B4-335AD8BB7DAD}.Debug|x86.Build.0 = Debug|x86
		{78406882-043E-451A-98B4-335AD8BB7DAD}.Release|Any CPU.ActiveCfg = Release|x86
		{78406882-043E-451A-98B4-335AD8BB7DAD}.Release|Mixed Platforms.ActiveCfg = Release|x86
		{78406882-043E-451A-98B4-335AD8BB7DAD}.Release|Mixed Platforms.Build.0 = Release|x86
		{78406882-043E-451A-98B4-335AD8BB7DAD}.Release|Win32.ActiveCfg = Release|x86
		{78406882-043E-451A-98B4-335AD8BB7DAD}.Release|x86.ActiveCfg = Release|x86
		{78406882-043E-451A-98B4-335AD8BB7DAD}.Release|x86.Build.0 = Release|x86
		{B1E94E7B-D6D2-4530-B0B8-2ADFEC0AD6D6}.Debug|Any CPU.ActiveCfg = Debug|Any CPU
		{B1E94E7B-D6D2-4530-B0B8-2ADFEC0AD6D6}.Debug|Any CPU.Build.0 = Debug|Any CPU
		{B1E94E7B-D6D2-4530-B0B8-2ADFEC0AD6D6}.Debug|Mixed Platforms.ActiveCfg = Debug|Any CPU
		{B1E94E7B-D6D2-4530-B0B8-2ADFEC0AD6D6}.Debug|Mixed Platforms.Build.0 = Debug|Any CPU
		{B1E94E7B-D6D2-4530-B0B8-2ADFEC0AD6D6}.Debug|Win32.ActiveCfg = Debug|Any CPU
		{B1E94E7B-D6D2-4530-B0B8-2ADFEC0AD6D6}.Debug|x86.ActiveCfg = Debug|Any CPU
		{B1E94E7B-D6D2-4530-B0B8-2ADFEC0AD6D6}.Release|Any CPU.ActiveCfg = Release|Any CPU
		{B1E94E7B-D6D2-4530-B0B8-2ADFEC0AD6D6}.Release|Any CPU.Build.0 = Release|Any CPU
		{B1E94E7B-D6D2-4530-B0B8-2ADFEC0AD6D6}.Release|Mixed Platforms.ActiveCfg = Release|Any CPU
		{B1E94E7B-D6D2-4530-B0B8-2ADFEC0AD6D6}.Release|Mixed Platforms.Build.0 = Release|Any CPU
		{B1E94E7B-D6D2-4530-B0B8-2ADFEC0AD6D6}.Release|Win32.ActiveCfg = Release|Any CPU
		{B1E94E7B-D6D2-4530-B0B8-2ADFEC0AD6D6}.Release|x86.ActiveCfg = Release|Any CPU
		{973D0B49-BA07-4F3D-B640-74107F23D8DA}.Debug|Any CPU.ActiveCfg = Debug|Any CPU
		{973D0B49-BA07-4F3D-B640-74107F23D8DA}.Debug|Any CPU.Build.0 = Debug|Any CPU
		{973D0B49-BA07-4F3D-B640-74107F23D8DA}.Debug|Mixed Platforms.ActiveCfg = Debug|Any CPU
		{973D0B49-BA07-4F3D-B640-74107F23D8DA}.Debug|Mixed Platforms.Build.0 = Debug|Any CPU
		{973D0B49-BA07-4F3D-B640-74107F23D8DA}.Debug|Win32.ActiveCfg = Debug|Any CPU
		{973D0B49-BA07-4F3D-B640-74107F23D8DA}.Debug|x86.ActiveCfg = Debug|Any CPU
		{973D0B49-BA07-4F3D-B640-74107F23D8DA}.Release|Any CPU.ActiveCfg = Release|Any CPU
		{973D0B49-BA07-4F3D-B640-74107F23D8DA}.Release|Any CPU.Build.0 = Release|Any CPU
		{973D0B49-BA07-4F3D-B640-74107F23D8DA}.Release|Mixed Platforms.ActiveCfg = Release|Any CPU
		{973D0B49-BA07-4F3D-B640-74107F23D8DA}.Release|Mixed Platforms.Build.0 = Release|Any CPU
		{973D0B49-BA07-4F3D-B640-74107F23D8DA}.Release|Win32.ActiveCfg = Release|Any CPU
		{973D0B49-BA07-4F3D-B640-74107F23D8DA}.Release|x86.ActiveCfg = Release|Any CPU
		{87A5C023-95DB-40D4-A638-28D578D06572}.Debug|Any CPU.ActiveCfg = Debug|x86
		{87A5C023-95DB-40D4-A638-28D578D06572}.Debug|Mixed Platforms.ActiveCfg = Debug|x86
		{87A5C023-95DB-40D4-A638-28D578D06572}.Debug|Mixed Platforms.Build.0 = Debug|x86
		{87A5C023-95DB-40D4-A638-28D578D06572}.Debug|Win32.ActiveCfg = Debug|x86
		{87A5C023-95DB-40D4-A638-28D578D06572}.Debug|x86.ActiveCfg = Debug|x86
		{87A5C023-95DB-40D4-A638-28D578D06572}.Debug|x86.Build.0 = Debug|x86
		{87A5C023-95DB-40D4-A638-28D578D06572}.Release|Any CPU.ActiveCfg = Release|x86
		{87A5C023-95DB-40D4-A638-28D578D06572}.Release|Mixed Platforms.ActiveCfg = Release|x86
		{87A5C023-95DB-40D4-A638-28D578D06572}.Release|Mixed Platforms.Build.0 = Release|x86
		{87A5C023-95DB-40D4-A638-28D578D06572}.Release|Win32.ActiveCfg = Release|x86
		{87A5C023-95DB-40D4-A638-28D578D06572}.Release|x86.ActiveCfg = Release|x86
		{87A5C023-95DB-40D4-A638-28D578D06572}.Release|x86.Build.0 = Release|x86
		{A0BB3487-FCEF-4CB0-9CFE-A59D8AA6C284}.Debug|Any CPU.ActiveCfg = Debug|Any CPU
		{A0BB3487-FCEF-4CB0-9CFE-A59D8AA6C284}.Debug|Any CPU.Build.0 = Debug|Any CPU
		{A0BB3487-FCEF-4CB0-9CFE-A59D8AA6C284}.Debug|Mixed Platforms.ActiveCfg = Debug|Any CPU
		{A0BB3487-FCEF-4CB0-9CFE-A59D8AA6C284}.Debug|Mixed Platforms.Build.0 = Debug|Any CPU
		{A0BB3487-FCEF-4CB0-9CFE-A59D8AA6C284}.Debug|Win32.ActiveCfg = Debug|Any CPU
		{A0BB3487-FCEF-4CB0-9CFE-A59D8AA6C284}.Debug|x86.ActiveCfg = Debug|Any CPU
		{A0BB3487-FCEF-4CB0-9CFE-A59D8AA6C284}.Release|Any CPU.ActiveCfg = Release|Any CPU
		{A0BB3487-FCEF-4CB0-9CFE-A59D8AA6C284}.Release|Any CPU.Build.0 = Release|Any CPU
		{A0BB3487-FCEF-4CB0-9CFE-A59D8AA6C284}.Release|Mixed Platforms.ActiveCfg = Release|Any CPU
		{A0BB3487-FCEF-4CB0-9CFE-A59D8AA6C284}.Release|Mixed Platforms.Build.0 = Release|Any CPU
		{A0BB3487-FCEF-4CB0-9CFE-A59D8AA6C284}.Release|Win32.ActiveCfg = Release|Any CPU
		{A0BB3487-FCEF-4CB0-9CFE-A59D8AA6C284}.Release|x86.ActiveCfg = Release|Any CPU
		{BC8744B2-0E75-4855-8C01-35E2198546EE}.Debug|Any CPU.ActiveCfg = Debug|Any CPU
		{BC8744B2-0E75-4855-8C01-35E2198546EE}.Debug|Any CPU.Build.0 = Debug|Any CPU
		{BC8744B2-0E75-4855-8C01-35E2198546EE}.Debug|Mixed Platforms.ActiveCfg = Debug|Any CPU
		{BC8744B2-0E75-4855-8C01-35E2198546EE}.Debug|Mixed Platforms.Build.0 = Debug|Any CPU
		{BC8744B2-0E75-4855-8C01-35E2198546EE}.Debug|Win32.ActiveCfg = Debug|Any CPU
		{BC8744B2-0E75-4855-8C01-35E2198546EE}.Debug|x86.ActiveCfg = Debug|Any CPU
		{BC8744B2-0E75-4855-8C01-35E2198546EE}.Release|Any CPU.ActiveCfg = Release|Any CPU
		{BC8744B2-0E75-4855-8C01-35E2198546EE}.Release|Any CPU.Build.0 = Release|Any CPU
		{BC8744B2-0E75-4855-8C01-35E2198546EE}.Release|Mixed Platforms.ActiveCfg = Release|Any CPU
		{BC8744B2-0E75-4855-8C01-35E2198546EE}.Release|Mixed Platforms.Build.0 = Release|Any CPU
		{BC8744B2-0E75-4855-8C01-35E2198546EE}.Release|Win32.ActiveCfg = Release|Any CPU
		{BC8744B2-0E75-4855-8C01-35E2198546EE}.Release|x86.ActiveCfg = Release|Any CPU
		{4A91C2AB-F82F-4F60-99B5-3D514E2F8737}.Debug|Any CPU.ActiveCfg = Debug|Any CPU
		{4A91C2AB-F82F-4F60-99B5-3D514E2F8737}.Debug|Any CPU.Build.0 = Debug|Any CPU
		{4A91C2AB-F82F-4F60-99B5-3D514E2F8737}.Debug|Mixed Platforms.ActiveCfg = Debug|Any CPU
		{4A91C2AB-F82F-4F60-99B5-3D514E2F8737}.Debug|Mixed Platforms.Build.0 = Debug|Any CPU
		{4A91C2AB-F82F-4F60-99B5-3D514E2F8737}.Debug|Win32.ActiveCfg = Debug|Any CPU
		{4A91C2AB-F82F-4F60-99B5-3D514E2F8737}.Debug|x86.ActiveCfg = Debug|Any CPU
		{4A91C2AB-F82F-4F60-99B5-3D514E2F8737}.Release|Any CPU.ActiveCfg = Release|Any CPU
		{4A91C2AB-F82F-4F60-99B5-3D514E2F8737}.Release|Any CPU.Build.0 = Release|Any CPU
		{4A91C2AB-F82F-4F60-99B5-3D514E2F8737}.Release|Mixed Platforms.ActiveCfg = Release|Any CPU
		{4A91C2AB-F82F-4F60-99B5-3D514E2F8737}.Release|Mixed Platforms.Build.0 = Release|Any CPU
		{4A91C2AB-F82F-4F60-99B5-3D514E2F8737}.Release|Win32.ActiveCfg = Release|Any CPU
		{4A91C2AB-F82F-4F60-99B5-3D514E2F8737}.Release|x86.ActiveCfg = Release|Any CPU
	EndGlobalSection
	GlobalSection(SolutionProperties) = preSolution
		HideSolutionNode = FALSE
	EndGlobalSection
EndGlobal
