
Microsoft Visual Studio Solution File, Format Version 12.00
# Visual Studio 2012
Project("{FAE04EC0-301F-11D3-BF4B-00C04F79EFBC}") = "Unicoen.Languages.C", "Unicoen.Languages\C\Unicoen.Languages.C.csproj", "{161EB3E2-D62F-4D7D-91F6-A495275C08FC}"
EndProject
Project("{FAE04EC0-301F-11D3-BF4B-00C04F79EFBC}") = "Unicoen.Languages.CSharp", "Unicoen.Languages\CSharp\Unicoen.Languages.CSharp.csproj", "{2B706EC6-51C7-463F-962B-375A5036E40B}"
EndProject
Project("{FAE04EC0-301F-11D3-BF4B-00C04F79EFBC}") = "Unicoen.Languages.Python2", "Unicoen.Languages\Python2\Unicoen.Languages.Python2.csproj", "{7341270B-D8CE-4894-A32C-6E51D7A57B2B}"
EndProject
Project("{FAE04EC0-301F-11D3-BF4B-00C04F79EFBC}") = "Unicoen.Languages.Ruby18", "Unicoen.Languages\Ruby18\Unicoen.Languages.Ruby18.csproj", "{94C425D1-CCEE-43A3-84F6-D5342EFA92B7}"
EndProject
Project("{FAE04EC0-301F-11D3-BF4B-00C04F79EFBC}") = "Unicoen.Languages.Python3", "Unicoen.Languages\Python3\Unicoen.Languages.Python3.csproj", "{CF31A92F-646A-4155-A280-038AD9B84D0F}"
EndProject
Project("{FAE04EC0-301F-11D3-BF4B-00C04F79EFBC}") = "Unicoen.Languages.JavaScript", "Unicoen.Languages\JavaScript\Unicoen.Languages.JavaScript.csproj", "{F8E6563A-2EF3-4819-ACC3-024028815ED7}"
EndProject
Project("{FAE04EC0-301F-11D3-BF4B-00C04F79EFBC}") = "Unicoen.Languages.Java", "Unicoen.Languages\Java\Unicoen.Languages.Java.csproj", "{6036EB4E-B2F4-462D-9DD0-3DF2681A4A1D}"
EndProject
Project("{FAE04EC0-301F-11D3-BF4B-00C04F79EFBC}") = "Unicoen.Languages.Java.Tests", "Unicoen.Languages\Java.Tests\Unicoen.Languages.Java.Tests.csproj", "{DACB2574-1700-4ABB-993B-0DE489CDBB29}"
EndProject
Project("{FAE04EC0-301F-11D3-BF4B-00C04F79EFBC}") = "Unicoen.Languages.C.Tests", "Unicoen.Languages\C.Tests\Unicoen.Languages.C.Tests.csproj", "{9C35AFE1-0D1A-4CB9-BC3B-E0EA41FFCF73}"
EndProject
Project("{FAE04EC0-301F-11D3-BF4B-00C04F79EFBC}") = "Unicoen.Languages.JavaScript.Tests", "Unicoen.Languages\JavaScript.Tests\Unicoen.Languages.JavaScript.Tests.csproj", "{B2B716A6-D675-4E4F-A415-60CEA3E3D491}"
EndProject
Project("{FAE04EC0-301F-11D3-BF4B-00C04F79EFBC}") = "Unicoen.Languages.Python2.Tests", "Unicoen.Languages\Python2.Tests\Unicoen.Languages.Python2.Tests.csproj", "{FE38B6BA-B829-4F46-8D45-9BC76FAC8868}"
EndProject
Project("{FAE04EC0-301F-11D3-BF4B-00C04F79EFBC}") = "Unicoen.Languages.Ruby18.Tests", "Unicoen.Languages\Ruby18.Tests\Unicoen.Languages.Ruby18.Tests.csproj", "{AB1123F1-190E-407D-B165-7AE919EE4812}"
EndProject
Project("{FAE04EC0-301F-11D3-BF4B-00C04F79EFBC}") = "Unicoen.Languages.CSharp.Tests", "Unicoen.Languages\CSharp.Tests\Unicoen.Languages.CSharp.Tests.csproj", "{CBE372FD-4C31-4BDB-B704-49A5C3349A35}"
EndProject
Project("{FAE04EC0-301F-11D3-BF4B-00C04F79EFBC}") = "Unicoen.Core", "Unicoen.Core\Unicoen.Core.csproj", "{5FC5512D-0C61-4F25-8541-0F364E70DBC1}"
EndProject
Project("{FAE04EC0-301F-11D3-BF4B-00C04F79EFBC}") = "Unicoen.Core.Tests", "Unicoen.Core.Tests\Unicoen.Core.Tests.csproj", "{78B5FF26-BD0A-4955-8273-6629B2A7B71A}"
EndProject
Project("{FAE04EC0-301F-11D3-BF4B-00C04F79EFBC}") = "Unicoen.Languages.Tests", "Unicoen.Languages\Tests\Unicoen.Languages.Tests.csproj", "{BC8744B2-0E75-4855-8C01-35E2198546EE}"
EndProject
Project("{2150E333-8FDC-42A3-9474-1A3956D46DE8}") = "Unicoen.Languages", "Unicoen.Languages", "{1D40B438-308E-42C0-8FAB-802FFCC9C755}"
EndProject
Project("{2150E333-8FDC-42A3-9474-1A3956D46DE8}") = "Unicoen.SampleApps", "Unicoen.SampleApps", "{75F49AE8-B16D-4DDF-9B72-71F9EE1EEF4A}"
EndProject
Project("{FAE04EC0-301F-11D3-BF4B-00C04F79EFBC}") = "Unicoen.SampleApps.Metrics", "Unicoen.SampleApps\Metrics\Unicoen.SampleApps.Metrics.csproj", "{0F43ECA9-FAA3-4565-A585-A33BA2B12883}"
EndProject
Project("{FAE04EC0-301F-11D3-BF4B-00C04F79EFBC}") = "Unicoen.Sematics", "Unicoen.Sematics\Unicoen.Sematics.csproj", "{685FE8C6-0924-400A-B2D1-C81781D1EF67}"
EndProject
Project("{FAE04EC0-301F-11D3-BF4B-00C04F79EFBC}") = "Unicoen.Sematics.Tests", "Unicoen.Sematics.Tests\Unicoen.Sematics.Tests.csproj", "{8215C4CF-CA92-4214-917B-7B829C6F72F0}"
EndProject
Project("{FAE04EC0-301F-11D3-BF4B-00C04F79EFBC}") = "Unicoen.TestUtils", "fixture\Unicoen.TestUtils\Unicoen.TestUtils.csproj", "{C9320776-3FB7-4C69-92C6-CB5F74DAA836}"
EndProject
Project("{FAE04EC0-301F-11D3-BF4B-00C04F79EFBC}") = "Unicoen.Languages.Produire", "Unicoen.Languages\Produire\Unicoen.Languages.Produire.csproj", "{76E00FF6-E557-475A-B41A-D3AB77B0FDDB}"
EndProject
Project("{FAE04EC0-301F-11D3-BF4B-00C04F79EFBC}") = "Unicoen.Languages.Produire.Tests", "Unicoen.Languages\Produire.Tests\Unicoen.Languages.Produire.Tests.csproj", "{6BA45394-1F28-4AB2-AF00-43B77DCE5368}"
EndProject
Project("{FAE04EC0-301F-11D3-BF4B-00C04F79EFBC}") = "Unicoen.Languages.Cpp", "Unicoen.Languages\Cpp\Unicoen.Languages.Cpp.csproj", "{346009B9-6036-42E4-80B5-2595FD7B3F22}"
EndProject
Project("{FAE04EC0-301F-11D3-BF4B-00C04F79EFBC}") = "Unicoen.Languages.Cpp.Tests", "Unicoen.Languages\Cpp.Tests\Unicoen.Languages.Cpp.Tests.csproj", "{23133934-5D21-4B8A-8A35-57DF2F2B1BF1}"
EndProject
Global
	GlobalSection(TestCaseManagementSettings) = postSolution
		CategoryFile = UnifiedCodeProcessorFramework.vsmdi
	EndGlobalSection
	GlobalSection(SolutionConfigurationPlatforms) = preSolution
		Debug|Any CPU = Debug|Any CPU
		Debug|Mixed Platforms = Debug|Mixed Platforms
		Debug|Win32 = Debug|Win32
		Debug|x86 = Debug|x86
		Release|Any CPU = Release|Any CPU
		Release|Mixed Platforms = Release|Mixed Platforms
		Release|Win32 = Release|Win32
		Release|x86 = Release|x86
	EndGlobalSection
	GlobalSection(ProjectConfigurationPlatforms) = postSolution
		{161EB3E2-D62F-4D7D-91F6-A495275C08FC}.Debug|Any CPU.ActiveCfg = Debug|Any CPU
		{161EB3E2-D62F-4D7D-91F6-A495275C08FC}.Debug|Any CPU.Build.0 = Debug|Any CPU
		{161EB3E2-D62F-4D7D-91F6-A495275C08FC}.Debug|Mixed Platforms.ActiveCfg = Debug|Any CPU
		{161EB3E2-D62F-4D7D-91F6-A495275C08FC}.Debug|Mixed Platforms.Build.0 = Debug|Any CPU
		{161EB3E2-D62F-4D7D-91F6-A495275C08FC}.Debug|Win32.ActiveCfg = Debug|Any CPU
		{161EB3E2-D62F-4D7D-91F6-A495275C08FC}.Debug|x86.ActiveCfg = Debug|Any CPU
		{161EB3E2-D62F-4D7D-91F6-A495275C08FC}.Release|Any CPU.ActiveCfg = Release|Any CPU
		{161EB3E2-D62F-4D7D-91F6-A495275C08FC}.Release|Any CPU.Build.0 = Release|Any CPU
		{161EB3E2-D62F-4D7D-91F6-A495275C08FC}.Release|Mixed Platforms.ActiveCfg = Release|Any CPU
		{161EB3E2-D62F-4D7D-91F6-A495275C08FC}.Release|Mixed Platforms.Build.0 = Release|Any CPU
		{161EB3E2-D62F-4D7D-91F6-A495275C08FC}.Release|Win32.ActiveCfg = Release|Any CPU
		{161EB3E2-D62F-4D7D-91F6-A495275C08FC}.Release|x86.ActiveCfg = Release|Any CPU
		{2B706EC6-51C7-463F-962B-375A5036E40B}.Debug|Any CPU.ActiveCfg = Debug|Any CPU
		{2B706EC6-51C7-463F-962B-375A5036E40B}.Debug|Any CPU.Build.0 = Debug|Any CPU
		{2B706EC6-51C7-463F-962B-375A5036E40B}.Debug|Mixed Platforms.ActiveCfg = Debug|Any CPU
		{2B706EC6-51C7-463F-962B-375A5036E40B}.Debug|Mixed Platforms.Build.0 = Debug|Any CPU
		{2B706EC6-51C7-463F-962B-375A5036E40B}.Debug|Win32.ActiveCfg = Debug|Any CPU
		{2B706EC6-51C7-463F-962B-375A5036E40B}.Debug|x86.ActiveCfg = Debug|Any CPU
		{2B706EC6-51C7-463F-962B-375A5036E40B}.Release|Any CPU.ActiveCfg = Release|Any CPU
		{2B706EC6-51C7-463F-962B-375A5036E40B}.Release|Any CPU.Build.0 = Release|Any CPU
		{2B706EC6-51C7-463F-962B-375A5036E40B}.Release|Mixed Platforms.ActiveCfg = Release|Any CPU
		{2B706EC6-51C7-463F-962B-375A5036E40B}.Release|Mixed Platforms.Build.0 = Release|Any CPU
		{2B706EC6-51C7-463F-962B-375A5036E40B}.Release|Win32.ActiveCfg = Release|Any CPU
		{2B706EC6-51C7-463F-962B-375A5036E40B}.Release|x86.ActiveCfg = Release|Any CPU
		{7341270B-D8CE-4894-A32C-6E51D7A57B2B}.Debug|Any CPU.ActiveCfg = Debug|Any CPU
		{7341270B-D8CE-4894-A32C-6E51D7A57B2B}.Debug|Any CPU.Build.0 = Debug|Any CPU
		{7341270B-D8CE-4894-A32C-6E51D7A57B2B}.Debug|Mixed Platforms.ActiveCfg = Debug|Any CPU
		{7341270B-D8CE-4894-A32C-6E51D7A57B2B}.Debug|Mixed Platforms.Build.0 = Debug|Any CPU
		{7341270B-D8CE-4894-A32C-6E51D7A57B2B}.Debug|Win32.ActiveCfg = Debug|Any CPU
		{7341270B-D8CE-4894-A32C-6E51D7A57B2B}.Debug|x86.ActiveCfg = Debug|Any CPU
		{7341270B-D8CE-4894-A32C-6E51D7A57B2B}.Release|Any CPU.ActiveCfg = Release|Any CPU
		{7341270B-D8CE-4894-A32C-6E51D7A57B2B}.Release|Any CPU.Build.0 = Release|Any CPU
		{7341270B-D8CE-4894-A32C-6E51D7A57B2B}.Release|Mixed Platforms.ActiveCfg = Release|Any CPU
		{7341270B-D8CE-4894-A32C-6E51D7A57B2B}.Release|Mixed Platforms.Build.0 = Release|Any CPU
		{7341270B-D8CE-4894-A32C-6E51D7A57B2B}.Release|Win32.ActiveCfg = Release|Any CPU
		{7341270B-D8CE-4894-A32C-6E51D7A57B2B}.Release|x86.ActiveCfg = Release|Any CPU
		{94C425D1-CCEE-43A3-84F6-D5342EFA92B7}.Debug|Any CPU.ActiveCfg = Debug|Any CPU
		{94C425D1-CCEE-43A3-84F6-D5342EFA92B7}.Debug|Any CPU.Build.0 = Debug|Any CPU
		{94C425D1-CCEE-43A3-84F6-D5342EFA92B7}.Debug|Mixed Platforms.ActiveCfg = Debug|Any CPU
		{94C425D1-CCEE-43A3-84F6-D5342EFA92B7}.Debug|Mixed Platforms.Build.0 = Debug|Any CPU
		{94C425D1-CCEE-43A3-84F6-D5342EFA92B7}.Debug|Win32.ActiveCfg = Debug|Any CPU
		{94C425D1-CCEE-43A3-84F6-D5342EFA92B7}.Debug|x86.ActiveCfg = Debug|Any CPU
		{94C425D1-CCEE-43A3-84F6-D5342EFA92B7}.Release|Any CPU.ActiveCfg = Release|Any CPU
		{94C425D1-CCEE-43A3-84F6-D5342EFA92B7}.Release|Any CPU.Build.0 = Release|Any CPU
		{94C425D1-CCEE-43A3-84F6-D5342EFA92B7}.Release|Mixed Platforms.ActiveCfg = Release|Any CPU
		{94C425D1-CCEE-43A3-84F6-D5342EFA92B7}.Release|Mixed Platforms.Build.0 = Release|Any CPU
		{94C425D1-CCEE-43A3-84F6-D5342EFA92B7}.Release|Win32.ActiveCfg = Release|Any CPU
		{94C425D1-CCEE-43A3-84F6-D5342EFA92B7}.Release|x86.ActiveCfg = Release|Any CPU
		{CF31A92F-646A-4155-A280-038AD9B84D0F}.Debug|Any CPU.ActiveCfg = Debug|Any CPU
		{CF31A92F-646A-4155-A280-038AD9B84D0F}.Debug|Any CPU.Build.0 = Debug|Any CPU
		{CF31A92F-646A-4155-A280-038AD9B84D0F}.Debug|Mixed Platforms.ActiveCfg = Debug|Any CPU
		{CF31A92F-646A-4155-A280-038AD9B84D0F}.Debug|Mixed Platforms.Build.0 = Debug|Any CPU
		{CF31A92F-646A-4155-A280-038AD9B84D0F}.Debug|Win32.ActiveCfg = Debug|Any CPU
		{CF31A92F-646A-4155-A280-038AD9B84D0F}.Debug|x86.ActiveCfg = Debug|Any CPU
		{CF31A92F-646A-4155-A280-038AD9B84D0F}.Release|Any CPU.ActiveCfg = Release|Any CPU
		{CF31A92F-646A-4155-A280-038AD9B84D0F}.Release|Any CPU.Build.0 = Release|Any CPU
		{CF31A92F-646A-4155-A280-038AD9B84D0F}.Release|Mixed Platforms.ActiveCfg = Release|Any CPU
		{CF31A92F-646A-4155-A280-038AD9B84D0F}.Release|Mixed Platforms.Build.0 = Release|Any CPU
		{CF31A92F-646A-4155-A280-038AD9B84D0F}.Release|Win32.ActiveCfg = Release|Any CPU
		{CF31A92F-646A-4155-A280-038AD9B84D0F}.Release|x86.ActiveCfg = Release|Any CPU
		{F8E6563A-2EF3-4819-ACC3-024028815ED7}.Debug|Any CPU.ActiveCfg = Debug|Any CPU
		{F8E6563A-2EF3-4819-ACC3-024028815ED7}.Debug|Any CPU.Build.0 = Debug|Any CPU
		{F8E6563A-2EF3-4819-ACC3-024028815ED7}.Debug|Mixed Platforms.ActiveCfg = Debug|Any CPU
		{F8E6563A-2EF3-4819-ACC3-024028815ED7}.Debug|Mixed Platforms.Build.0 = Debug|Any CPU
		{F8E6563A-2EF3-4819-ACC3-024028815ED7}.Debug|Win32.ActiveCfg = Debug|Any CPU
		{F8E6563A-2EF3-4819-ACC3-024028815ED7}.Debug|x86.ActiveCfg = Debug|Any CPU
		{F8E6563A-2EF3-4819-ACC3-024028815ED7}.Release|Any CPU.ActiveCfg = Release|Any CPU
		{F8E6563A-2EF3-4819-ACC3-024028815ED7}.Release|Any CPU.Build.0 = Release|Any CPU
		{F8E6563A-2EF3-4819-ACC3-024028815ED7}.Release|Mixed Platforms.ActiveCfg = Release|Any CPU
		{F8E6563A-2EF3-4819-ACC3-024028815ED7}.Release|Mixed Platforms.Build.0 = Release|Any CPU
		{F8E6563A-2EF3-4819-ACC3-024028815ED7}.Release|Win32.ActiveCfg = Release|Any CPU
		{F8E6563A-2EF3-4819-ACC3-024028815ED7}.Release|x86.ActiveCfg = Release|Any CPU
		{6036EB4E-B2F4-462D-9DD0-3DF2681A4A1D}.Debug|Any CPU.ActiveCfg = Debug|Any CPU
		{6036EB4E-B2F4-462D-9DD0-3DF2681A4A1D}.Debug|Any CPU.Build.0 = Debug|Any CPU
		{6036EB4E-B2F4-462D-9DD0-3DF2681A4A1D}.Debug|Mixed Platforms.ActiveCfg = Debug|Any CPU
		{6036EB4E-B2F4-462D-9DD0-3DF2681A4A1D}.Debug|Mixed Platforms.Build.0 = Debug|Any CPU
		{6036EB4E-B2F4-462D-9DD0-3DF2681A4A1D}.Debug|Win32.ActiveCfg = Debug|Any CPU
		{6036EB4E-B2F4-462D-9DD0-3DF2681A4A1D}.Debug|x86.ActiveCfg = Debug|Any CPU
		{6036EB4E-B2F4-462D-9DD0-3DF2681A4A1D}.Release|Any CPU.ActiveCfg = Release|Any CPU
		{6036EB4E-B2F4-462D-9DD0-3DF2681A4A1D}.Release|Any CPU.Build.0 = Release|Any CPU
		{6036EB4E-B2F4-462D-9DD0-3DF2681A4A1D}.Release|Mixed Platforms.ActiveCfg = Release|Any CPU
		{6036EB4E-B2F4-462D-9DD0-3DF2681A4A1D}.Release|Mixed Platforms.Build.0 = Release|Any CPU
		{6036EB4E-B2F4-462D-9DD0-3DF2681A4A1D}.Release|Win32.ActiveCfg = Release|Any CPU
		{6036EB4E-B2F4-462D-9DD0-3DF2681A4A1D}.Release|x86.ActiveCfg = Release|Any CPU
		{DACB2574-1700-4ABB-993B-0DE489CDBB29}.Debug|Any CPU.ActiveCfg = Debug|Any CPU
		{DACB2574-1700-4ABB-993B-0DE489CDBB29}.Debug|Any CPU.Build.0 = Debug|Any CPU
		{DACB2574-1700-4ABB-993B-0DE489CDBB29}.Debug|Mixed Platforms.ActiveCfg = Debug|Any CPU
		{DACB2574-1700-4ABB-993B-0DE489CDBB29}.Debug|Mixed Platforms.Build.0 = Debug|Any CPU
		{DACB2574-1700-4ABB-993B-0DE489CDBB29}.Debug|Win32.ActiveCfg = Debug|Any CPU
		{DACB2574-1700-4ABB-993B-0DE489CDBB29}.Debug|x86.ActiveCfg = Debug|Any CPU
		{DACB2574-1700-4ABB-993B-0DE489CDBB29}.Release|Any CPU.ActiveCfg = Release|Any CPU
		{DACB2574-1700-4ABB-993B-0DE489CDBB29}.Release|Any CPU.Build.0 = Release|Any CPU
		{DACB2574-1700-4ABB-993B-0DE489CDBB29}.Release|Mixed Platforms.ActiveCfg = Release|Any CPU
		{DACB2574-1700-4ABB-993B-0DE489CDBB29}.Release|Mixed Platforms.Build.0 = Release|Any CPU
		{DACB2574-1700-4ABB-993B-0DE489CDBB29}.Release|Win32.ActiveCfg = Release|Any CPU
		{DACB2574-1700-4ABB-993B-0DE489CDBB29}.Release|x86.ActiveCfg = Release|Any CPU
		{9C35AFE1-0D1A-4CB9-BC3B-E0EA41FFCF73}.Debug|Any CPU.ActiveCfg = Debug|Any CPU
		{9C35AFE1-0D1A-4CB9-BC3B-E0EA41FFCF73}.Debug|Any CPU.Build.0 = Debug|Any CPU
		{9C35AFE1-0D1A-4CB9-BC3B-E0EA41FFCF73}.Debug|Mixed Platforms.ActiveCfg = Debug|Any CPU
		{9C35AFE1-0D1A-4CB9-BC3B-E0EA41FFCF73}.Debug|Mixed Platforms.Build.0 = Debug|Any CPU
		{9C35AFE1-0D1A-4CB9-BC3B-E0EA41FFCF73}.Debug|Win32.ActiveCfg = Debug|Any CPU
		{9C35AFE1-0D1A-4CB9-BC3B-E0EA41FFCF73}.Debug|x86.ActiveCfg = Debug|Any CPU
		{9C35AFE1-0D1A-4CB9-BC3B-E0EA41FFCF73}.Release|Any CPU.ActiveCfg = Release|Any CPU
		{9C35AFE1-0D1A-4CB9-BC3B-E0EA41FFCF73}.Release|Any CPU.Build.0 = Release|Any CPU
		{9C35AFE1-0D1A-4CB9-BC3B-E0EA41FFCF73}.Release|Mixed Platforms.ActiveCfg = Release|Any CPU
		{9C35AFE1-0D1A-4CB9-BC3B-E0EA41FFCF73}.Release|Mixed Platforms.Build.0 = Release|Any CPU
		{9C35AFE1-0D1A-4CB9-BC3B-E0EA41FFCF73}.Release|Win32.ActiveCfg = Release|Any CPU
		{9C35AFE1-0D1A-4CB9-BC3B-E0EA41FFCF73}.Release|x86.ActiveCfg = Release|Any CPU
		{B2B716A6-D675-4E4F-A415-60CEA3E3D491}.Debug|Any CPU.ActiveCfg = Debug|Any CPU
		{B2B716A6-D675-4E4F-A415-60CEA3E3D491}.Debug|Any CPU.Build.0 = Debug|Any CPU
		{B2B716A6-D675-4E4F-A415-60CEA3E3D491}.Debug|Mixed Platforms.ActiveCfg = Debug|Any CPU
		{B2B716A6-D675-4E4F-A415-60CEA3E3D491}.Debug|Mixed Platforms.Build.0 = Debug|Any CPU
		{B2B716A6-D675-4E4F-A415-60CEA3E3D491}.Debug|Win32.ActiveCfg = Debug|Any CPU
		{B2B716A6-D675-4E4F-A415-60CEA3E3D491}.Debug|x86.ActiveCfg = Debug|Any CPU
		{B2B716A6-D675-4E4F-A415-60CEA3E3D491}.Release|Any CPU.ActiveCfg = Release|Any CPU
		{B2B716A6-D675-4E4F-A415-60CEA3E3D491}.Release|Any CPU.Build.0 = Release|Any CPU
		{B2B716A6-D675-4E4F-A415-60CEA3E3D491}.Release|Mixed Platforms.ActiveCfg = Release|Any CPU
		{B2B716A6-D675-4E4F-A415-60CEA3E3D491}.Release|Mixed Platforms.Build.0 = Release|Any CPU
		{B2B716A6-D675-4E4F-A415-60CEA3E3D491}.Release|Win32.ActiveCfg = Release|Any CPU
		{B2B716A6-D675-4E4F-A415-60CEA3E3D491}.Release|x86.ActiveCfg = Release|Any CPU
		{FE38B6BA-B829-4F46-8D45-9BC76FAC8868}.Debug|Any CPU.ActiveCfg = Debug|Any CPU
		{FE38B6BA-B829-4F46-8D45-9BC76FAC8868}.Debug|Any CPU.Build.0 = Debug|Any CPU
		{FE38B6BA-B829-4F46-8D45-9BC76FAC8868}.Debug|Mixed Platforms.ActiveCfg = Debug|Any CPU
		{FE38B6BA-B829-4F46-8D45-9BC76FAC8868}.Debug|Mixed Platforms.Build.0 = Debug|Any CPU
		{FE38B6BA-B829-4F46-8D45-9BC76FAC8868}.Debug|Win32.ActiveCfg = Debug|Any CPU
		{FE38B6BA-B829-4F46-8D45-9BC76FAC8868}.Debug|x86.ActiveCfg = Debug|Any CPU
		{FE38B6BA-B829-4F46-8D45-9BC76FAC8868}.Release|Any CPU.ActiveCfg = Release|Any CPU
		{FE38B6BA-B829-4F46-8D45-9BC76FAC8868}.Release|Any CPU.Build.0 = Release|Any CPU
		{FE38B6BA-B829-4F46-8D45-9BC76FAC8868}.Release|Mixed Platforms.ActiveCfg = Release|Any CPU
		{FE38B6BA-B829-4F46-8D45-9BC76FAC8868}.Release|Mixed Platforms.Build.0 = Release|Any CPU
		{FE38B6BA-B829-4F46-8D45-9BC76FAC8868}.Release|Win32.ActiveCfg = Release|Any CPU
		{FE38B6BA-B829-4F46-8D45-9BC76FAC8868}.Release|x86.ActiveCfg = Release|Any CPU
		{AB1123F1-190E-407D-B165-7AE919EE4812}.Debug|Any CPU.ActiveCfg = Debug|Any CPU
		{AB1123F1-190E-407D-B165-7AE919EE4812}.Debug|Any CPU.Build.0 = Debug|Any CPU
		{AB1123F1-190E-407D-B165-7AE919EE4812}.Debug|Mixed Platforms.ActiveCfg = Debug|Any CPU
		{AB1123F1-190E-407D-B165-7AE919EE4812}.Debug|Mixed Platforms.Build.0 = Debug|Any CPU
		{AB1123F1-190E-407D-B165-7AE919EE4812}.Debug|Win32.ActiveCfg = Debug|Any CPU
		{AB1123F1-190E-407D-B165-7AE919EE4812}.Debug|x86.ActiveCfg = Debug|Any CPU
		{AB1123F1-190E-407D-B165-7AE919EE4812}.Release|Any CPU.ActiveCfg = Release|Any CPU
		{AB1123F1-190E-407D-B165-7AE919EE4812}.Release|Any CPU.Build.0 = Release|Any CPU
		{AB1123F1-190E-407D-B165-7AE919EE4812}.Release|Mixed Platforms.ActiveCfg = Release|Any CPU
		{AB1123F1-190E-407D-B165-7AE919EE4812}.Release|Mixed Platforms.Build.0 = Release|Any CPU
		{AB1123F1-190E-407D-B165-7AE919EE4812}.Release|Win32.ActiveCfg = Release|Any CPU
		{AB1123F1-190E-407D-B165-7AE919EE4812}.Release|x86.ActiveCfg = Release|Any CPU
		{CBE372FD-4C31-4BDB-B704-49A5C3349A35}.Debug|Any CPU.ActiveCfg = Debug|Any CPU
		{CBE372FD-4C31-4BDB-B704-49A5C3349A35}.Debug|Any CPU.Build.0 = Debug|Any CPU
		{CBE372FD-4C31-4BDB-B704-49A5C3349A35}.Debug|Mixed Platforms.ActiveCfg = Debug|Any CPU
		{CBE372FD-4C31-4BDB-B704-49A5C3349A35}.Debug|Mixed Platforms.Build.0 = Debug|Any CPU
		{CBE372FD-4C31-4BDB-B704-49A5C3349A35}.Debug|Win32.ActiveCfg = Debug|Any CPU
		{CBE372FD-4C31-4BDB-B704-49A5C3349A35}.Debug|x86.ActiveCfg = Debug|Any CPU
		{CBE372FD-4C31-4BDB-B704-49A5C3349A35}.Release|Any CPU.ActiveCfg = Release|Any CPU
		{CBE372FD-4C31-4BDB-B704-49A5C3349A35}.Release|Any CPU.Build.0 = Release|Any CPU
		{CBE372FD-4C31-4BDB-B704-49A5C3349A35}.Release|Mixed Platforms.ActiveCfg = Release|Any CPU
		{CBE372FD-4C31-4BDB-B704-49A5C3349A35}.Release|Mixed Platforms.Build.0 = Release|Any CPU
		{CBE372FD-4C31-4BDB-B704-49A5C3349A35}.Release|Win32.ActiveCfg = Release|Any CPU
		{CBE372FD-4C31-4BDB-B704-49A5C3349A35}.Release|x86.ActiveCfg = Release|Any CPU
		{5FC5512D-0C61-4F25-8541-0F364E70DBC1}.Debug|Any CPU.ActiveCfg = Debug|Any CPU
		{5FC5512D-0C61-4F25-8541-0F364E70DBC1}.Debug|Any CPU.Build.0 = Debug|Any CPU
		{5FC5512D-0C61-4F25-8541-0F364E70DBC1}.Debug|Mixed Platforms.ActiveCfg = Debug|Any CPU
		{5FC5512D-0C61-4F25-8541-0F364E70DBC1}.Debug|Mixed Platforms.Build.0 = Debug|Any CPU
		{5FC5512D-0C61-4F25-8541-0F364E70DBC1}.Debug|Win32.ActiveCfg = Debug|Any CPU
		{5FC5512D-0C61-4F25-8541-0F364E70DBC1}.Debug|x86.ActiveCfg = Debug|Any CPU
		{5FC5512D-0C61-4F25-8541-0F364E70DBC1}.Release|Any CPU.ActiveCfg = Release|Any CPU
		{5FC5512D-0C61-4F25-8541-0F364E70DBC1}.Release|Any CPU.Build.0 = Release|Any CPU
		{5FC5512D-0C61-4F25-8541-0F364E70DBC1}.Release|Mixed Platforms.ActiveCfg = Release|Any CPU
		{5FC5512D-0C61-4F25-8541-0F364E70DBC1}.Release|Mixed Platforms.Build.0 = Release|Any CPU
		{5FC5512D-0C61-4F25-8541-0F364E70DBC1}.Release|Win32.ActiveCfg = Release|Any CPU
		{5FC5512D-0C61-4F25-8541-0F364E70DBC1}.Release|x86.ActiveCfg = Release|Any CPU
		{78B5FF26-BD0A-4955-8273-6629B2A7B71A}.Debug|Any CPU.ActiveCfg = Debug|Any CPU
		{78B5FF26-BD0A-4955-8273-6629B2A7B71A}.Debug|Any CPU.Build.0 = Debug|Any CPU
		{78B5FF26-BD0A-4955-8273-6629B2A7B71A}.Debug|Mixed Platforms.ActiveCfg = Debug|Any CPU
		{78B5FF26-BD0A-4955-8273-6629B2A7B71A}.Debug|Mixed Platforms.Build.0 = Debug|Any CPU
		{78B5FF26-BD0A-4955-8273-6629B2A7B71A}.Debug|Win32.ActiveCfg = Debug|Any CPU
		{78B5FF26-BD0A-4955-8273-6629B2A7B71A}.Debug|x86.ActiveCfg = Debug|Any CPU
		{78B5FF26-BD0A-4955-8273-6629B2A7B71A}.Release|Any CPU.ActiveCfg = Release|Any CPU
		{78B5FF26-BD0A-4955-8273-6629B2A7B71A}.Release|Any CPU.Build.0 = Release|Any CPU
		{78B5FF26-BD0A-4955-8273-6629B2A7B71A}.Release|Mixed Platforms.ActiveCfg = Release|Any CPU
		{78B5FF26-BD0A-4955-8273-6629B2A7B71A}.Release|Mixed Platforms.Build.0 = Release|Any CPU
		{78B5FF26-BD0A-4955-8273-6629B2A7B71A}.Release|Win32.ActiveCfg = Release|Any CPU
		{78B5FF26-BD0A-4955-8273-6629B2A7B71A}.Release|x86.ActiveCfg = Release|Any CPU
		{BC8744B2-0E75-4855-8C01-35E2198546EE}.Debug|Any CPU.ActiveCfg = Debug|Any CPU
		{BC8744B2-0E75-4855-8C01-35E2198546EE}.Debug|Any CPU.Build.0 = Debug|Any CPU
		{BC8744B2-0E75-4855-8C01-35E2198546EE}.Debug|Mixed Platforms.ActiveCfg = Debug|Any CPU
		{BC8744B2-0E75-4855-8C01-35E2198546EE}.Debug|Mixed Platforms.Build.0 = Debug|Any CPU
		{BC8744B2-0E75-4855-8C01-35E2198546EE}.Debug|Win32.ActiveCfg = Debug|Any CPU
		{BC8744B2-0E75-4855-8C01-35E2198546EE}.Debug|x86.ActiveCfg = Debug|Any CPU
		{BC8744B2-0E75-4855-8C01-35E2198546EE}.Release|Any CPU.ActiveCfg = Release|Any CPU
		{BC8744B2-0E75-4855-8C01-35E2198546EE}.Release|Any CPU.Build.0 = Release|Any CPU
		{BC8744B2-0E75-4855-8C01-35E2198546EE}.Release|Mixed Platforms.ActiveCfg = Release|Any CPU
		{BC8744B2-0E75-4855-8C01-35E2198546EE}.Release|Mixed Platforms.Build.0 = Release|Any CPU
		{BC8744B2-0E75-4855-8C01-35E2198546EE}.Release|Win32.ActiveCfg = Release|Any CPU
		{BC8744B2-0E75-4855-8C01-35E2198546EE}.Release|x86.ActiveCfg = Release|Any CPU
		{0F43ECA9-FAA3-4565-A585-A33BA2B12883}.Debug|Any CPU.ActiveCfg = Debug|x86
		{0F43ECA9-FAA3-4565-A585-A33BA2B12883}.Debug|Mixed Platforms.ActiveCfg = Debug|x86
		{0F43ECA9-FAA3-4565-A585-A33BA2B12883}.Debug|Mixed Platforms.Build.0 = Debug|x86
		{0F43ECA9-FAA3-4565-A585-A33BA2B12883}.Debug|Win32.ActiveCfg = Debug|x86
		{0F43ECA9-FAA3-4565-A585-A33BA2B12883}.Debug|x86.ActiveCfg = Debug|x86
		{0F43ECA9-FAA3-4565-A585-A33BA2B12883}.Debug|x86.Build.0 = Debug|x86
		{0F43ECA9-FAA3-4565-A585-A33BA2B12883}.Release|Any CPU.ActiveCfg = Release|x86
		{0F43ECA9-FAA3-4565-A585-A33BA2B12883}.Release|Mixed Platforms.ActiveCfg = Release|x86
		{0F43ECA9-FAA3-4565-A585-A33BA2B12883}.Release|Mixed Platforms.Build.0 = Release|x86
		{0F43ECA9-FAA3-4565-A585-A33BA2B12883}.Release|Win32.ActiveCfg = Release|x86
		{0F43ECA9-FAA3-4565-A585-A33BA2B12883}.Release|x86.ActiveCfg = Release|x86
		{0F43ECA9-FAA3-4565-A585-A33BA2B12883}.Release|x86.Build.0 = Release|x86
		{685FE8C6-0924-400A-B2D1-C81781D1EF67}.Debug|Any CPU.ActiveCfg = Debug|Any CPU
		{685FE8C6-0924-400A-B2D1-C81781D1EF67}.Debug|Any CPU.Build.0 = Debug|Any CPU
		{685FE8C6-0924-400A-B2D1-C81781D1EF67}.Debug|Mixed Platforms.ActiveCfg = Debug|Any CPU
		{685FE8C6-0924-400A-B2D1-C81781D1EF67}.Debug|Mixed Platforms.Build.0 = Debug|Any CPU
		{685FE8C6-0924-400A-B2D1-C81781D1EF67}.Debug|Win32.ActiveCfg = Debug|Any CPU
		{685FE8C6-0924-400A-B2D1-C81781D1EF67}.Debug|x86.ActiveCfg = Debug|Any CPU
		{685FE8C6-0924-400A-B2D1-C81781D1EF67}.Release|Any CPU.ActiveCfg = Release|Any CPU
		{685FE8C6-0924-400A-B2D1-C81781D1EF67}.Release|Any CPU.Build.0 = Release|Any CPU
		{685FE8C6-0924-400A-B2D1-C81781D1EF67}.Release|Mixed Platforms.ActiveCfg = Release|Any CPU
		{685FE8C6-0924-400A-B2D1-C81781D1EF67}.Release|Mixed Platforms.Build.0 = Release|Any CPU
		{685FE8C6-0924-400A-B2D1-C81781D1EF67}.Release|Win32.ActiveCfg = Release|Any CPU
		{685FE8C6-0924-400A-B2D1-C81781D1EF67}.Release|x86.ActiveCfg = Release|Any CPU
		{8215C4CF-CA92-4214-917B-7B829C6F72F0}.Debug|Any CPU.ActiveCfg = Debug|Any CPU
		{8215C4CF-CA92-4214-917B-7B829C6F72F0}.Debug|Any CPU.Build.0 = Debug|Any CPU
		{8215C4CF-CA92-4214-917B-7B829C6F72F0}.Debug|Mixed Platforms.ActiveCfg = Debug|Any CPU
		{8215C4CF-CA92-4214-917B-7B829C6F72F0}.Debug|Mixed Platforms.Build.0 = Debug|Any CPU
		{8215C4CF-CA92-4214-917B-7B829C6F72F0}.Debug|Win32.ActiveCfg = Debug|Any CPU
		{8215C4CF-CA92-4214-917B-7B829C6F72F0}.Debug|x86.ActiveCfg = Debug|Any CPU
		{8215C4CF-CA92-4214-917B-7B829C6F72F0}.Release|Any CPU.ActiveCfg = Release|Any CPU
		{8215C4CF-CA92-4214-917B-7B829C6F72F0}.Release|Any CPU.Build.0 = Release|Any CPU
		{8215C4CF-CA92-4214-917B-7B829C6F72F0}.Release|Mixed Platforms.ActiveCfg = Release|Any CPU
		{8215C4CF-CA92-4214-917B-7B829C6F72F0}.Release|Mixed Platforms.Build.0 = Release|Any CPU
		{8215C4CF-CA92-4214-917B-7B829C6F72F0}.Release|Win32.ActiveCfg = Release|Any CPU
		{8215C4CF-CA92-4214-917B-7B829C6F72F0}.Release|x86.ActiveCfg = Release|Any CPU
		{C9320776-3FB7-4C69-92C6-CB5F74DAA836}.Debug|Any CPU.ActiveCfg = Debug|Any CPU
		{C9320776-3FB7-4C69-92C6-CB5F74DAA836}.Debug|Any CPU.Build.0 = Debug|Any CPU
		{C9320776-3FB7-4C69-92C6-CB5F74DAA836}.Debug|Mixed Platforms.ActiveCfg = Debug|Any CPU
		{C9320776-3FB7-4C69-92C6-CB5F74DAA836}.Debug|Mixed Platforms.Build.0 = Debug|Any CPU
		{C9320776-3FB7-4C69-92C6-CB5F74DAA836}.Debug|Win32.ActiveCfg = Debug|Any CPU
		{C9320776-3FB7-4C69-92C6-CB5F74DAA836}.Debug|x86.ActiveCfg = Debug|Any CPU
		{C9320776-3FB7-4C69-92C6-CB5F74DAA836}.Release|Any CPU.ActiveCfg = Release|Any CPU
		{C9320776-3FB7-4C69-92C6-CB5F74DAA836}.Release|Any CPU.Build.0 = Release|Any CPU
		{C9320776-3FB7-4C69-92C6-CB5F74DAA836}.Release|Mixed Platforms.ActiveCfg = Release|Any CPU
		{C9320776-3FB7-4C69-92C6-CB5F74DAA836}.Release|Mixed Platforms.Build.0 = Release|Any CPU
		{C9320776-3FB7-4C69-92C6-CB5F74DAA836}.Release|Win32.ActiveCfg = Release|Any CPU
		{C9320776-3FB7-4C69-92C6-CB5F74DAA836}.Release|x86.ActiveCfg = Release|Any CPU
		{76E00FF6-E557-475A-B41A-D3AB77B0FDDB}.Debug|Any CPU.ActiveCfg = Debug|Any CPU
		{76E00FF6-E557-475A-B41A-D3AB77B0FDDB}.Debug|Any CPU.Build.0 = Debug|Any CPU
		{76E00FF6-E557-475A-B41A-D3AB77B0FDDB}.Debug|Mixed Platforms.ActiveCfg = Debug|Any CPU
		{76E00FF6-E557-475A-B41A-D3AB77B0FDDB}.Debug|Mixed Platforms.Build.0 = Debug|Any CPU
		{76E00FF6-E557-475A-B41A-D3AB77B0FDDB}.Debug|Win32.ActiveCfg = Debug|Any CPU
		{76E00FF6-E557-475A-B41A-D3AB77B0FDDB}.Debug|x86.ActiveCfg = Debug|Any CPU
		{76E00FF6-E557-475A-B41A-D3AB77B0FDDB}.Release|Any CPU.ActiveCfg = Release|Any CPU
		{76E00FF6-E557-475A-B41A-D3AB77B0FDDB}.Release|Any CPU.Build.0 = Release|Any CPU
		{76E00FF6-E557-475A-B41A-D3AB77B0FDDB}.Release|Mixed Platforms.ActiveCfg = Release|Any CPU
		{76E00FF6-E557-475A-B41A-D3AB77B0FDDB}.Release|Mixed Platforms.Build.0 = Release|Any CPU
		{76E00FF6-E557-475A-B41A-D3AB77B0FDDB}.Release|Win32.ActiveCfg = Release|Any CPU
		{76E00FF6-E557-475A-B41A-D3AB77B0FDDB}.Release|x86.ActiveCfg = Release|Any CPU
		{6BA45394-1F28-4AB2-AF00-43B77DCE5368}.Debug|Any CPU.ActiveCfg = Debug|Any CPU
		{6BA45394-1F28-4AB2-AF00-43B77DCE5368}.Debug|Any CPU.Build.0 = Debug|Any CPU
		{6BA45394-1F28-4AB2-AF00-43B77DCE5368}.Debug|Mixed Platforms.ActiveCfg = Debug|Any CPU
		{6BA45394-1F28-4AB2-AF00-43B77DCE5368}.Debug|Mixed Platforms.Build.0 = Debug|Any CPU
		{6BA45394-1F28-4AB2-AF00-43B77DCE5368}.Debug|Win32.ActiveCfg = Debug|Any CPU
		{6BA45394-1F28-4AB2-AF00-43B77DCE5368}.Debug|x86.ActiveCfg = Debug|Any CPU
		{6BA45394-1F28-4AB2-AF00-43B77DCE5368}.Release|Any CPU.ActiveCfg = Release|Any CPU
		{6BA45394-1F28-4AB2-AF00-43B77DCE5368}.Release|Any CPU.Build.0 = Release|Any CPU
		{6BA45394-1F28-4AB2-AF00-43B77DCE5368}.Release|Mixed Platforms.ActiveCfg = Release|Any CPU
		{6BA45394-1F28-4AB2-AF00-43B77DCE5368}.Release|Mixed Platforms.Build.0 = Release|Any CPU
		{6BA45394-1F28-4AB2-AF00-43B77DCE5368}.Release|Win32.ActiveCfg = Release|Any CPU
		{6BA45394-1F28-4AB2-AF00-43B77DCE5368}.Release|x86.ActiveCfg = Release|Any CPU
		{346009B9-6036-42E4-80B5-2595FD7B3F22}.Debug|Any CPU.ActiveCfg = Debug|x86
		{346009B9-6036-42E4-80B5-2595FD7B3F22}.Debug|Mixed Platforms.ActiveCfg = Debug|x86
		{346009B9-6036-42E4-80B5-2595FD7B3F22}.Debug|Mixed Platforms.Build.0 = Debug|x86
		{346009B9-6036-42E4-80B5-2595FD7B3F22}.Debug|Win32.ActiveCfg = Debug|x86
		{346009B9-6036-42E4-80B5-2595FD7B3F22}.Debug|x86.ActiveCfg = Debug|x86
		{346009B9-6036-42E4-80B5-2595FD7B3F22}.Debug|x86.Build.0 = Debug|x86
		{346009B9-6036-42E4-80B5-2595FD7B3F22}.Release|Any CPU.ActiveCfg = Release|x86
		{346009B9-6036-42E4-80B5-2595FD7B3F22}.Release|Mixed Platforms.ActiveCfg = Release|x86
		{346009B9-6036-42E4-80B5-2595FD7B3F22}.Release|Mixed Platforms.Build.0 = Release|x86
		{346009B9-6036-42E4-80B5-2595FD7B3F22}.Release|Win32.ActiveCfg = Release|x86
		{346009B9-6036-42E4-80B5-2595FD7B3F22}.Release|x86.ActiveCfg = Release|x86
		{346009B9-6036-42E4-80B5-2595FD7B3F22}.Release|x86.Build.0 = Release|x86
		{23133934-5D21-4B8A-8A35-57DF2F2B1BF1}.Debug|Any CPU.ActiveCfg = Debug|x86
		{23133934-5D21-4B8A-8A35-57DF2F2B1BF1}.Debug|Mixed Platforms.ActiveCfg = Debug|x86
		{23133934-5D21-4B8A-8A35-57DF2F2B1BF1}.Debug|Mixed Platforms.Build.0 = Debug|x86
		{23133934-5D21-4B8A-8A35-57DF2F2B1BF1}.Debug|Win32.ActiveCfg = Debug|x86
		{23133934-5D21-4B8A-8A35-57DF2F2B1BF1}.Debug|x86.ActiveCfg = Debug|x86
		{23133934-5D21-4B8A-8A35-57DF2F2B1BF1}.Debug|x86.Build.0 = Debug|x86
		{23133934-5D21-4B8A-8A35-57DF2F2B1BF1}.Release|Any CPU.ActiveCfg = Release|x86
		{23133934-5D21-4B8A-8A35-57DF2F2B1BF1}.Release|Mixed Platforms.ActiveCfg = Release|x86
		{23133934-5D21-4B8A-8A35-57DF2F2B1BF1}.Release|Mixed Platforms.Build.0 = Release|x86
		{23133934-5D21-4B8A-8A35-57DF2F2B1BF1}.Release|Win32.ActiveCfg = Release|x86
		{23133934-5D21-4B8A-8A35-57DF2F2B1BF1}.Release|x86.ActiveCfg = Release|x86
		{23133934-5D21-4B8A-8A35-57DF2F2B1BF1}.Release|x86.Build.0 = Release|x86
	EndGlobalSection
	GlobalSection(SolutionProperties) = preSolution
		HideSolutionNode = FALSE
	EndGlobalSection
	GlobalSection(NestedProjects) = preSolution
		{2B706EC6-51C7-463F-962B-375A5036E40B} = {1D40B438-308E-42C0-8FAB-802FFCC9C755}
		{7341270B-D8CE-4894-A32C-6E51D7A57B2B} = {1D40B438-308E-42C0-8FAB-802FFCC9C755}
		{94C425D1-CCEE-43A3-84F6-D5342EFA92B7} = {1D40B438-308E-42C0-8FAB-802FFCC9C755}
		{CF31A92F-646A-4155-A280-038AD9B84D0F} = {1D40B438-308E-42C0-8FAB-802FFCC9C755}
		{F8E6563A-2EF3-4819-ACC3-024028815ED7} = {1D40B438-308E-42C0-8FAB-802FFCC9C755}
		{6036EB4E-B2F4-462D-9DD0-3DF2681A4A1D} = {1D40B438-308E-42C0-8FAB-802FFCC9C755}
		{DACB2574-1700-4ABB-993B-0DE489CDBB29} = {1D40B438-308E-42C0-8FAB-802FFCC9C755}
		{9C35AFE1-0D1A-4CB9-BC3B-E0EA41FFCF73} = {1D40B438-308E-42C0-8FAB-802FFCC9C755}
		{B2B716A6-D675-4E4F-A415-60CEA3E3D491} = {1D40B438-308E-42C0-8FAB-802FFCC9C755}
		{FE38B6BA-B829-4F46-8D45-9BC76FAC8868} = {1D40B438-308E-42C0-8FAB-802FFCC9C755}
		{AB1123F1-190E-407D-B165-7AE919EE4812} = {1D40B438-308E-42C0-8FAB-802FFCC9C755}
		{CBE372FD-4C31-4BDB-B704-49A5C3349A35} = {1D40B438-308E-42C0-8FAB-802FFCC9C755}
		{BC8744B2-0E75-4855-8C01-35E2198546EE} = {1D40B438-308E-42C0-8FAB-802FFCC9C755}
		{161EB3E2-D62F-4D7D-91F6-A495275C08FC} = {1D40B438-308E-42C0-8FAB-802FFCC9C755}
		{76E00FF6-E557-475A-B41A-D3AB77B0FDDB} = {1D40B438-308E-42C0-8FAB-802FFCC9C755}
		{6BA45394-1F28-4AB2-AF00-43B77DCE5368} = {1D40B438-308E-42C0-8FAB-802FFCC9C755}
		{346009B9-6036-42E4-80B5-2595FD7B3F22} = {1D40B438-308E-42C0-8FAB-802FFCC9C755}
		{23133934-5D21-4B8A-8A35-57DF2F2B1BF1} = {1D40B438-308E-42C0-8FAB-802FFCC9C755}
		{0F43ECA9-FAA3-4565-A585-A33BA2B12883} = {75F49AE8-B16D-4DDF-9B72-71F9EE1EEF4A}
	EndGlobalSection
EndGlobal
