
Microsoft Visual Studio Solution File, Format Version 11.00
# Visual Studio 2010
Project("{FAE04EC0-301F-11D3-BF4B-00C04F79EFBC}") = "Ucpf.Languages.C", "Ucpf.Languages.C\Ucpf.Languages.C.csproj", "{161EB3E2-D62F-4D7D-91F6-A495275C08FC}"
EndProject
Project("{FAE04EC0-301F-11D3-BF4B-00C04F79EFBC}") = "Ucpf.Languages.CSharp", "Ucpf.Languages.CSharp\Ucpf.Languages.CSharp.csproj", "{2B706EC6-51C7-463F-962B-375A5036E40B}"
EndProject
Project("{FAE04EC0-301F-11D3-BF4B-00C04F79EFBC}") = "Ucpf.Languages.Python2", "Ucpf.Languages.Python2\Ucpf.Languages.Python2.csproj", "{7341270B-D8CE-4894-A32C-6E51D7A57B2B}"
EndProject
Project("{FAE04EC0-301F-11D3-BF4B-00C04F79EFBC}") = "Ucpf.Languages.Ruby19", "Ucpf.Languages.Ruby19\Ucpf.Languages.Ruby19.csproj", "{5B832F0F-7F75-4B15-AB26-DA6F6EFD7913}"
EndProject
Project("{FAE04EC0-301F-11D3-BF4B-00C04F79EFBC}") = "Ucpf.Languages.Ruby18", "Ucpf.Languages.Ruby18\Ucpf.Languages.Ruby18.csproj", "{94C425D1-CCEE-43A3-84F6-D5342EFA92B7}"
EndProject
Project("{FAE04EC0-301F-11D3-BF4B-00C04F79EFBC}") = "Ucpf.Languages.Python3", "Ucpf.Languages.Python3\Ucpf.Languages.Python3.csproj", "{CF31A92F-646A-4155-A280-038AD9B84D0F}"
EndProject
Project("{FAE04EC0-301F-11D3-BF4B-00C04F79EFBC}") = "Ucpf.Languages.Lua", "Ucpf.Languages.Lua\Ucpf.Languages.Lua.csproj", "{21169995-DD96-476F-8084-0C8A7EDC1173}"
EndProject
Project("{FAE04EC0-301F-11D3-BF4B-00C04F79EFBC}") = "Ucpf.Languages.JavaScript", "Ucpf.Languages.JavaScript\Ucpf.Languages.JavaScript.csproj", "{F8E6563A-2EF3-4819-ACC3-024028815ED7}"
EndProject
Project("{FAE04EC0-301F-11D3-BF4B-00C04F79EFBC}") = "Ucpf.Languages.Java", "Ucpf.Languages.Java\Ucpf.Languages.Java.csproj", "{6036EB4E-B2F4-462D-9DD0-3DF2681A4A1D}"
EndProject
Project("{FAE04EC0-301F-11D3-BF4B-00C04F79EFBC}") = "Ucpf.Languages.Java.Tests", "Ucpf.Languages.Java.Tests\Ucpf.Languages.Java.Tests.csproj", "{DACB2574-1700-4ABB-993B-0DE489CDBB29}"
EndProject
Project("{FAE04EC0-301F-11D3-BF4B-00C04F79EFBC}") = "Ucpf.Languages.C.Tests", "Ucpf.Languages.C.Tests\Ucpf.Languages.C.Tests.csproj", "{9C35AFE1-0D1A-4CB9-BC3B-E0EA41FFCF73}"
EndProject
Project("{FAE04EC0-301F-11D3-BF4B-00C04F79EFBC}") = "Ucpf.Languages.JavaScript.Tests", "Ucpf.Languages.JavaScript.Tests\Ucpf.Languages.JavaScript.Tests.csproj", "{B2B716A6-D675-4E4F-A415-60CEA3E3D491}"
EndProject
Project("{FAE04EC0-301F-11D3-BF4B-00C04F79EFBC}") = "Ucpf.Languages.Python2.Tests", "Ucpf.Languages.Python2.Tests\Ucpf.Languages.Python2.Tests.csproj", "{FE38B6BA-B829-4F46-8D45-9BC76FAC8868}"
EndProject
Project("{FAE04EC0-301F-11D3-BF4B-00C04F79EFBC}") = "Ucpf.Languages.Ruby18.Tests", "Ucpf.Languages.Ruby18.Tests\Ucpf.Languages.Ruby18.Tests.csproj", "{AB1123F1-190E-407D-B165-7AE919EE4812}"
EndProject
Project("{FAE04EC0-301F-11D3-BF4B-00C04F79EFBC}") = "Ucpf.Languages.CSharp.Tests", "Ucpf.Languages.CSharp.Tests\Ucpf.Languages.CSharp.Tests.csproj", "{CBE372FD-4C31-4BDB-B704-49A5C3349A35}"
EndProject
Project("{FAE04EC0-301F-11D3-BF4B-00C04F79EFBC}") = "Ucpf.Core", "Ucpf.Core\Ucpf.Core.csproj", "{5FC5512D-0C61-4F25-8541-0F364E70DBC1}"
EndProject
Project("{FAE04EC0-301F-11D3-BF4B-00C04F79EFBC}") = "Ucpf.Core.Tests", "Ucpf.Core.Tests\Ucpf.Core.Tests.csproj", "{78B5FF26-BD0A-4955-8273-6629B2A7B71A}"
EndProject
Project("{FAE04EC0-301F-11D3-BF4B-00C04F79EFBC}") = "Code2Xml.AntlrHelper", "..\Code2Xml\Code2Xml.AntlrHelper\Code2Xml.AntlrHelper.csproj", "{348EFA09-D22C-4F79-9738-BD82CB87FE7B}"
EndProject
Project("{FAE04EC0-301F-11D3-BF4B-00C04F79EFBC}") = "Code2Xml.AntlrHelper.Tests", "..\Code2Xml\Code2Xml.AntlrHelper.Tests\Code2Xml.AntlrHelper.Tests.csproj", "{1CFB2D6F-4D1F-4D9F-9414-997CDFEA214B}"
EndProject
Project("{FAE04EC0-301F-11D3-BF4B-00C04F79EFBC}") = "Code2Xml.Console", "..\Code2Xml\Code2Xml.Console\Code2Xml.Console.csproj", "{5C40DA45-ACB3-4FC4-8CD4-E9053D4081D2}"
EndProject
Project("{FAE04EC0-301F-11D3-BF4B-00C04F79EFBC}") = "Code2Xml.Core", "..\Code2Xml\Code2Xml.Core\Code2Xml.Core.csproj", "{BCCD95A9-7685-4B15-9DA3-E48CC0BF499B}"
EndProject
Project("{FAE04EC0-301F-11D3-BF4B-00C04F79EFBC}") = "Code2Xml.Core.Tests", "..\Code2Xml\Code2Xml.Core.Tests\Code2Xml.Core.Tests.csproj", "{F4035613-FAA1-419C-880C-EE60DDA08783}"
EndProject
Project("{FAE04EC0-301F-11D3-BF4B-00C04F79EFBC}") = "Code2Xml.Console.Tests", "..\Code2Xml\Code2Xml.Console.Tests\Code2Xml.Console.Tests.csproj", "{806FF729-C900-45C4-ADD8-09108915062E}"
EndProject
Project("{FAE04EC0-301F-11D3-BF4B-00C04F79EFBC}") = "Code2Xml.Languages.C", "..\Code2Xml\Code2Xml.Languages.C\Code2Xml.Languages.C.csproj", "{D6F3F025-CC01-4BA3-A9D7-9609B4198A6B}"
EndProject
Project("{FAE04EC0-301F-11D3-BF4B-00C04F79EFBC}") = "Code2Xml.Languages.CSharp", "..\Code2Xml\Code2Xml.Languages.CSharp\Code2Xml.Languages.CSharp.csproj", "{BDD5DC39-4CE8-4684-B66A-E9454B4BCFF1}"
EndProject
Project("{FAE04EC0-301F-11D3-BF4B-00C04F79EFBC}") = "Code2Xml.Languages.Java.Tests", "..\Code2Xml\Code2Xml.Languages.Java.Tests\Code2Xml.Languages.Java.Tests.csproj", "{0235AEAD-B280-48CA-BBEF-F085D482BEC8}"
EndProject
Project("{FAE04EC0-301F-11D3-BF4B-00C04F79EFBC}") = "Code2Xml.Languages.Java", "..\Code2Xml\Code2Xml.Languages.Java\Code2Xml.Languages.Java.csproj", "{341BDD4B-B758-4E15-8C13-E30268F8E758}"
EndProject
Project("{FAE04EC0-301F-11D3-BF4B-00C04F79EFBC}") = "Code2Xml.Languages.Lua", "..\Code2Xml\Code2Xml.Languages.Lua\Code2Xml.Languages.Lua.csproj", "{5116FC1B-B9CF-4BF5-B8C1-E84441E9CB4C}"
EndProject
Project("{FAE04EC0-301F-11D3-BF4B-00C04F79EFBC}") = "Code2Xml.Languages.JavaScript", "..\Code2Xml\Code2Xml.Languages.JavaScript\Code2Xml.Languages.JavaScript.csproj", "{51B4FB06-4315-4CBD-BCB3-1E933A895107}"
EndProject
Project("{FAE04EC0-301F-11D3-BF4B-00C04F79EFBC}") = "Code2Xml.Languages.Python2", "..\Code2Xml\Code2Xml.Languages.Python2\Code2Xml.Languages.Python2.csproj", "{D7557D95-520B-476D-8AF9-FC1ECC4A7298}"
EndProject
Project("{FAE04EC0-301F-11D3-BF4B-00C04F79EFBC}") = "Code2Xml.Languages.Python3", "..\Code2Xml\Code2Xml.Languages.Python3\Code2Xml.Languages.Python3.csproj", "{D416DB7C-F4F0-4F71-8332-673076B7EB2B}"
EndProject
Project("{FAE04EC0-301F-11D3-BF4B-00C04F79EFBC}") = "Code2Xml.Languages.Ruby18", "..\Code2Xml\Code2Xml.Languages.Ruby18\Code2Xml.Languages.Ruby18.csproj", "{3DFDAB7B-6602-46D5-BDFB-4E647D21B46A}"
EndProject
Project("{FAE04EC0-301F-11D3-BF4B-00C04F79EFBC}") = "Code2Xml.Languages.Tests", "..\Code2Xml\Code2Xml.Languages.Tests\Code2Xml.Languages.Tests.csproj", "{86952E9C-1B69-4AAE-A3AA-087B09527EAF}"
EndProject
Project("{FAE04EC0-301F-11D3-BF4B-00C04F79EFBC}") = "Occf.Core", "..\OpenCodeCoverageFramework\Occf.Core\Occf.Core.csproj", "{30B53B15-1FD2-4C12-918D-6B3A9F85A189}"
EndProject
Project("{FAE04EC0-301F-11D3-BF4B-00C04F79EFBC}") = "Occf.Core.Tests", "..\OpenCodeCoverageFramework\Occf.Core.Tests\Occf.Core.Tests.csproj", "{B5493DF5-E7C4-48ED-85B5-8B0A89B9912E}"
EndProject
Project("{FAE04EC0-301F-11D3-BF4B-00C04F79EFBC}") = "Occf.Languages.C", "..\OpenCodeCoverageFramework\Occf.Languages.C\Occf.Languages.C.csproj", "{C9B7A5B4-3336-4C2D-A4DC-DAA8E480FF04}"
EndProject
Project("{FAE04EC0-301F-11D3-BF4B-00C04F79EFBC}") = "Occf.Languages.CSharp", "..\OpenCodeCoverageFramework\Occf.Languages.CSharp\Occf.Languages.CSharp.csproj", "{73B4D7B9-A16B-46DD-A9B5-3CAB77AB3918}"
EndProject
Project("{FAE04EC0-301F-11D3-BF4B-00C04F79EFBC}") = "Occf.Languages.Java", "..\OpenCodeCoverageFramework\Occf.Languages.Java\Occf.Languages.Java.csproj", "{F49FC7CC-320C-4CBF-B52C-EF69A2FE2D65}"
EndProject
Project("{FAE04EC0-301F-11D3-BF4B-00C04F79EFBC}") = "Occf.Languages.JavaScript", "..\OpenCodeCoverageFramework\Occf.Languages.JavaScript\Occf.Languages.JavaScript.csproj", "{DFC3AA6A-B4BB-41F9-AD48-EBEF0FFAB17E}"
EndProject
Project("{FAE04EC0-301F-11D3-BF4B-00C04F79EFBC}") = "Occf.Languages.Lua", "..\OpenCodeCoverageFramework\Occf.Languages.Lua\Occf.Languages.Lua.csproj", "{6E649E84-FE89-400C-9988-98501FF631BF}"
EndProject
Project("{FAE04EC0-301F-11D3-BF4B-00C04F79EFBC}") = "Occf.Languages.Python2", "..\OpenCodeCoverageFramework\Occf.Languages.Python2\Occf.Languages.Python2.csproj", "{1C947D5E-5B4D-4D09-B9C0-FCBBAE5D9495}"
EndProject
Project("{FAE04EC0-301F-11D3-BF4B-00C04F79EFBC}") = "Occf.Languages.Python3", "..\OpenCodeCoverageFramework\Occf.Languages.Python3\Occf.Languages.Python3.csproj", "{3F5746C2-7568-43D0-96AA-EBB206001442}"
EndProject
Project("{FAE04EC0-301F-11D3-BF4B-00C04F79EFBC}") = "Occf.Languages.Ruby18", "..\OpenCodeCoverageFramework\Occf.Languages.Ruby18\Occf.Languages.Ruby18.csproj", "{A6983F1B-9B4D-48D9-915A-D9F9CD656F32}"
EndProject
Project("{FAE04EC0-301F-11D3-BF4B-00C04F79EFBC}") = "Occf.Languages.Tests", "..\OpenCodeCoverageFramework\Occf.Languages.Tests\Occf.Languages.Tests.csproj", "{088C0B28-C259-4D5A-BD8B-9E33B4DD79CA}"
EndProject
Project("{FAE04EC0-301F-11D3-BF4B-00C04F79EFBC}") = "Occf.Reader.TcpIp", "..\OpenCodeCoverageFramework\Occf.Reader.TcpIp\Occf.Reader.TcpIp.csproj", "{DDDE3EE5-218B-410F-A161-B155AA23E702}"
EndProject
Project("{8BC9CEB8-8B4A-11D0-8D11-00A0C91BC942}") = "Occf.Reader.SharedMemory", "..\OpenCodeCoverageFramework\Occf.Reader.SharedMemory\Occf.Reader.SharedMemory.vcxproj", "{B94AF5B2-17CF-4501-B5A3-E2663C1BDACC}"
	ProjectSection(ProjectDependencies) = postProject
		{30B53B15-1FD2-4C12-918D-6B3A9F85A189} = {30B53B15-1FD2-4C12-918D-6B3A9F85A189}
	EndProjectSection
EndProject
Project("{FAE04EC0-301F-11D3-BF4B-00C04F79EFBC}") = "Occf.Reporter", "..\OpenCodeCoverageFramework\Occf.Reporter\Occf.Reporter.csproj", "{391031ED-BFBE-4045-A73A-28B07C1CAB4A}"
EndProject
Project("{FAE04EC0-301F-11D3-BF4B-00C04F79EFBC}") = "Occf.Tools.Core", "..\OpenCodeCoverageFramework\Occf.Tools.Core\Occf.Tools.Core.csproj", "{55BEE2FE-B9CC-4B8C-AC52-59DA35E3AEFE}"
EndProject
Project("{FAE04EC0-301F-11D3-BF4B-00C04F79EFBC}") = "Occf.Tools.Cui", "..\OpenCodeCoverageFramework\Occf.Tools.Cui\Occf.Tools.Cui.csproj", "{D080A228-24BB-4C19-828C-1F5D6DBDFAE3}"
EndProject
Project("{FAE04EC0-301F-11D3-BF4B-00C04F79EFBC}") = "Occf.Tools.Gui", "..\OpenCodeCoverageFramework\Occf.Tools.Gui\Occf.Tools.Gui.csproj", "{4A0AB8A3-DFB0-4C19-92C6-FA0A436463BC}"
EndProject
Global
	GlobalSection(TestCaseManagementSettings) = postSolution
		CategoryFile = UnifiedCodeProcessorFramework.vsmdi
	EndGlobalSection
	GlobalSection(SolutionConfigurationPlatforms) = preSolution
		Debug|Any CPU = Debug|Any CPU
		Debug|Mixed Platforms = Debug|Mixed Platforms
		Debug|Win32 = Debug|Win32
		Debug|x86 = Debug|x86
		Release|Any CPU = Release|Any CPU
		Release|Mixed Platforms = Release|Mixed Platforms
		Release|Win32 = Release|Win32
		Release|x86 = Release|x86
	EndGlobalSection
	GlobalSection(ProjectConfigurationPlatforms) = postSolution
		{161EB3E2-D62F-4D7D-91F6-A495275C08FC}.Debug|Any CPU.ActiveCfg = Debug|Any CPU
		{161EB3E2-D62F-4D7D-91F6-A495275C08FC}.Debug|Any CPU.Build.0 = Debug|Any CPU
		{161EB3E2-D62F-4D7D-91F6-A495275C08FC}.Debug|Mixed Platforms.ActiveCfg = Debug|Any CPU
		{161EB3E2-D62F-4D7D-91F6-A495275C08FC}.Debug|Mixed Platforms.Build.0 = Debug|Any CPU
		{161EB3E2-D62F-4D7D-91F6-A495275C08FC}.Debug|Win32.ActiveCfg = Debug|Any CPU
		{161EB3E2-D62F-4D7D-91F6-A495275C08FC}.Debug|x86.ActiveCfg = Debug|Any CPU
		{161EB3E2-D62F-4D7D-91F6-A495275C08FC}.Release|Any CPU.ActiveCfg = Release|Any CPU
		{161EB3E2-D62F-4D7D-91F6-A495275C08FC}.Release|Any CPU.Build.0 = Release|Any CPU
		{161EB3E2-D62F-4D7D-91F6-A495275C08FC}.Release|Mixed Platforms.ActiveCfg = Release|Any CPU
		{161EB3E2-D62F-4D7D-91F6-A495275C08FC}.Release|Mixed Platforms.Build.0 = Release|Any CPU
		{161EB3E2-D62F-4D7D-91F6-A495275C08FC}.Release|Win32.ActiveCfg = Release|Any CPU
		{161EB3E2-D62F-4D7D-91F6-A495275C08FC}.Release|x86.ActiveCfg = Release|Any CPU
		{2B706EC6-51C7-463F-962B-375A5036E40B}.Debug|Any CPU.ActiveCfg = Debug|Any CPU
		{2B706EC6-51C7-463F-962B-375A5036E40B}.Debug|Any CPU.Build.0 = Debug|Any CPU
		{2B706EC6-51C7-463F-962B-375A5036E40B}.Debug|Mixed Platforms.ActiveCfg = Debug|Any CPU
		{2B706EC6-51C7-463F-962B-375A5036E40B}.Debug|Mixed Platforms.Build.0 = Debug|Any CPU
		{2B706EC6-51C7-463F-962B-375A5036E40B}.Debug|Win32.ActiveCfg = Debug|Any CPU
		{2B706EC6-51C7-463F-962B-375A5036E40B}.Debug|x86.ActiveCfg = Debug|Any CPU
		{2B706EC6-51C7-463F-962B-375A5036E40B}.Release|Any CPU.ActiveCfg = Release|Any CPU
		{2B706EC6-51C7-463F-962B-375A5036E40B}.Release|Any CPU.Build.0 = Release|Any CPU
		{2B706EC6-51C7-463F-962B-375A5036E40B}.Release|Mixed Platforms.ActiveCfg = Release|Any CPU
		{2B706EC6-51C7-463F-962B-375A5036E40B}.Release|Mixed Platforms.Build.0 = Release|Any CPU
		{2B706EC6-51C7-463F-962B-375A5036E40B}.Release|Win32.ActiveCfg = Release|Any CPU
		{2B706EC6-51C7-463F-962B-375A5036E40B}.Release|x86.ActiveCfg = Release|Any CPU
		{7341270B-D8CE-4894-A32C-6E51D7A57B2B}.Debug|Any CPU.ActiveCfg = Debug|Any CPU
		{7341270B-D8CE-4894-A32C-6E51D7A57B2B}.Debug|Any CPU.Build.0 = Debug|Any CPU
		{7341270B-D8CE-4894-A32C-6E51D7A57B2B}.Debug|Mixed Platforms.ActiveCfg = Debug|Any CPU
		{7341270B-D8CE-4894-A32C-6E51D7A57B2B}.Debug|Mixed Platforms.Build.0 = Debug|Any CPU
		{7341270B-D8CE-4894-A32C-6E51D7A57B2B}.Debug|Win32.ActiveCfg = Debug|Any CPU
		{7341270B-D8CE-4894-A32C-6E51D7A57B2B}.Debug|x86.ActiveCfg = Debug|Any CPU
		{7341270B-D8CE-4894-A32C-6E51D7A57B2B}.Release|Any CPU.ActiveCfg = Release|Any CPU
		{7341270B-D8CE-4894-A32C-6E51D7A57B2B}.Release|Any CPU.Build.0 = Release|Any CPU
		{7341270B-D8CE-4894-A32C-6E51D7A57B2B}.Release|Mixed Platforms.ActiveCfg = Release|Any CPU
		{7341270B-D8CE-4894-A32C-6E51D7A57B2B}.Release|Mixed Platforms.Build.0 = Release|Any CPU
		{7341270B-D8CE-4894-A32C-6E51D7A57B2B}.Release|Win32.ActiveCfg = Release|Any CPU
		{7341270B-D8CE-4894-A32C-6E51D7A57B2B}.Release|x86.ActiveCfg = Release|Any CPU
		{5B832F0F-7F75-4B15-AB26-DA6F6EFD7913}.Debug|Any CPU.ActiveCfg = Debug|Any CPU
		{5B832F0F-7F75-4B15-AB26-DA6F6EFD7913}.Debug|Any CPU.Build.0 = Debug|Any CPU
		{5B832F0F-7F75-4B15-AB26-DA6F6EFD7913}.Debug|Mixed Platforms.ActiveCfg = Debug|Any CPU
		{5B832F0F-7F75-4B15-AB26-DA6F6EFD7913}.Debug|Mixed Platforms.Build.0 = Debug|Any CPU
		{5B832F0F-7F75-4B15-AB26-DA6F6EFD7913}.Debug|Win32.ActiveCfg = Debug|Any CPU
		{5B832F0F-7F75-4B15-AB26-DA6F6EFD7913}.Debug|x86.ActiveCfg = Debug|Any CPU
		{5B832F0F-7F75-4B15-AB26-DA6F6EFD7913}.Release|Any CPU.ActiveCfg = Release|Any CPU
		{5B832F0F-7F75-4B15-AB26-DA6F6EFD7913}.Release|Any CPU.Build.0 = Release|Any CPU
		{5B832F0F-7F75-4B15-AB26-DA6F6EFD7913}.Release|Mixed Platforms.ActiveCfg = Release|Any CPU
		{5B832F0F-7F75-4B15-AB26-DA6F6EFD7913}.Release|Mixed Platforms.Build.0 = Release|Any CPU
		{5B832F0F-7F75-4B15-AB26-DA6F6EFD7913}.Release|Win32.ActiveCfg = Release|Any CPU
		{5B832F0F-7F75-4B15-AB26-DA6F6EFD7913}.Release|x86.ActiveCfg = Release|Any CPU
		{94C425D1-CCEE-43A3-84F6-D5342EFA92B7}.Debug|Any CPU.ActiveCfg = Debug|Any CPU
		{94C425D1-CCEE-43A3-84F6-D5342EFA92B7}.Debug|Any CPU.Build.0 = Debug|Any CPU
		{94C425D1-CCEE-43A3-84F6-D5342EFA92B7}.Debug|Mixed Platforms.ActiveCfg = Debug|Any CPU
		{94C425D1-CCEE-43A3-84F6-D5342EFA92B7}.Debug|Mixed Platforms.Build.0 = Debug|Any CPU
		{94C425D1-CCEE-43A3-84F6-D5342EFA92B7}.Debug|Win32.ActiveCfg = Debug|Any CPU
		{94C425D1-CCEE-43A3-84F6-D5342EFA92B7}.Debug|x86.ActiveCfg = Debug|Any CPU
		{94C425D1-CCEE-43A3-84F6-D5342EFA92B7}.Release|Any CPU.ActiveCfg = Release|Any CPU
		{94C425D1-CCEE-43A3-84F6-D5342EFA92B7}.Release|Any CPU.Build.0 = Release|Any CPU
		{94C425D1-CCEE-43A3-84F6-D5342EFA92B7}.Release|Mixed Platforms.ActiveCfg = Release|Any CPU
		{94C425D1-CCEE-43A3-84F6-D5342EFA92B7}.Release|Mixed Platforms.Build.0 = Release|Any CPU
		{94C425D1-CCEE-43A3-84F6-D5342EFA92B7}.Release|Win32.ActiveCfg = Release|Any CPU
		{94C425D1-CCEE-43A3-84F6-D5342EFA92B7}.Release|x86.ActiveCfg = Release|Any CPU
		{CF31A92F-646A-4155-A280-038AD9B84D0F}.Debug|Any CPU.ActiveCfg = Debug|Any CPU
		{CF31A92F-646A-4155-A280-038AD9B84D0F}.Debug|Any CPU.Build.0 = Debug|Any CPU
		{CF31A92F-646A-4155-A280-038AD9B84D0F}.Debug|Mixed Platforms.ActiveCfg = Debug|Any CPU
		{CF31A92F-646A-4155-A280-038AD9B84D0F}.Debug|Mixed Platforms.Build.0 = Debug|Any CPU
		{CF31A92F-646A-4155-A280-038AD9B84D0F}.Debug|Win32.ActiveCfg = Debug|Any CPU
		{CF31A92F-646A-4155-A280-038AD9B84D0F}.Debug|x86.ActiveCfg = Debug|Any CPU
		{CF31A92F-646A-4155-A280-038AD9B84D0F}.Release|Any CPU.ActiveCfg = Release|Any CPU
		{CF31A92F-646A-4155-A280-038AD9B84D0F}.Release|Any CPU.Build.0 = Release|Any CPU
		{CF31A92F-646A-4155-A280-038AD9B84D0F}.Release|Mixed Platforms.ActiveCfg = Release|Any CPU
		{CF31A92F-646A-4155-A280-038AD9B84D0F}.Release|Mixed Platforms.Build.0 = Release|Any CPU
		{CF31A92F-646A-4155-A280-038AD9B84D0F}.Release|Win32.ActiveCfg = Release|Any CPU
		{CF31A92F-646A-4155-A280-038AD9B84D0F}.Release|x86.ActiveCfg = Release|Any CPU
		{21169995-DD96-476F-8084-0C8A7EDC1173}.Debug|Any CPU.ActiveCfg = Debug|Any CPU
		{21169995-DD96-476F-8084-0C8A7EDC1173}.Debug|Any CPU.Build.0 = Debug|Any CPU
		{21169995-DD96-476F-8084-0C8A7EDC1173}.Debug|Mixed Platforms.ActiveCfg = Debug|Any CPU
		{21169995-DD96-476F-8084-0C8A7EDC1173}.Debug|Mixed Platforms.Build.0 = Debug|Any CPU
		{21169995-DD96-476F-8084-0C8A7EDC1173}.Debug|Win32.ActiveCfg = Debug|Any CPU
		{21169995-DD96-476F-8084-0C8A7EDC1173}.Debug|x86.ActiveCfg = Debug|Any CPU
		{21169995-DD96-476F-8084-0C8A7EDC1173}.Release|Any CPU.ActiveCfg = Release|Any CPU
		{21169995-DD96-476F-8084-0C8A7EDC1173}.Release|Any CPU.Build.0 = Release|Any CPU
		{21169995-DD96-476F-8084-0C8A7EDC1173}.Release|Mixed Platforms.ActiveCfg = Release|Any CPU
		{21169995-DD96-476F-8084-0C8A7EDC1173}.Release|Mixed Platforms.Build.0 = Release|Any CPU
		{21169995-DD96-476F-8084-0C8A7EDC1173}.Release|Win32.ActiveCfg = Release|Any CPU
		{21169995-DD96-476F-8084-0C8A7EDC1173}.Release|x86.ActiveCfg = Release|Any CPU
		{F8E6563A-2EF3-4819-ACC3-024028815ED7}.Debug|Any CPU.ActiveCfg = Debug|Any CPU
		{F8E6563A-2EF3-4819-ACC3-024028815ED7}.Debug|Any CPU.Build.0 = Debug|Any CPU
		{F8E6563A-2EF3-4819-ACC3-024028815ED7}.Debug|Mixed Platforms.ActiveCfg = Debug|Any CPU
		{F8E6563A-2EF3-4819-ACC3-024028815ED7}.Debug|Mixed Platforms.Build.0 = Debug|Any CPU
		{F8E6563A-2EF3-4819-ACC3-024028815ED7}.Debug|Win32.ActiveCfg = Debug|Any CPU
		{F8E6563A-2EF3-4819-ACC3-024028815ED7}.Debug|x86.ActiveCfg = Debug|Any CPU
		{F8E6563A-2EF3-4819-ACC3-024028815ED7}.Release|Any CPU.ActiveCfg = Release|Any CPU
		{F8E6563A-2EF3-4819-ACC3-024028815ED7}.Release|Any CPU.Build.0 = Release|Any CPU
		{F8E6563A-2EF3-4819-ACC3-024028815ED7}.Release|Mixed Platforms.ActiveCfg = Release|Any CPU
		{F8E6563A-2EF3-4819-ACC3-024028815ED7}.Release|Mixed Platforms.Build.0 = Release|Any CPU
		{F8E6563A-2EF3-4819-ACC3-024028815ED7}.Release|Win32.ActiveCfg = Release|Any CPU
		{F8E6563A-2EF3-4819-ACC3-024028815ED7}.Release|x86.ActiveCfg = Release|Any CPU
		{6036EB4E-B2F4-462D-9DD0-3DF2681A4A1D}.Debug|Any CPU.ActiveCfg = Debug|Any CPU
		{6036EB4E-B2F4-462D-9DD0-3DF2681A4A1D}.Debug|Any CPU.Build.0 = Debug|Any CPU
		{6036EB4E-B2F4-462D-9DD0-3DF2681A4A1D}.Debug|Mixed Platforms.ActiveCfg = Debug|Any CPU
		{6036EB4E-B2F4-462D-9DD0-3DF2681A4A1D}.Debug|Mixed Platforms.Build.0 = Debug|Any CPU
		{6036EB4E-B2F4-462D-9DD0-3DF2681A4A1D}.Debug|Win32.ActiveCfg = Debug|Any CPU
		{6036EB4E-B2F4-462D-9DD0-3DF2681A4A1D}.Debug|x86.ActiveCfg = Debug|Any CPU
		{6036EB4E-B2F4-462D-9DD0-3DF2681A4A1D}.Release|Any CPU.ActiveCfg = Release|Any CPU
		{6036EB4E-B2F4-462D-9DD0-3DF2681A4A1D}.Release|Any CPU.Build.0 = Release|Any CPU
		{6036EB4E-B2F4-462D-9DD0-3DF2681A4A1D}.Release|Mixed Platforms.ActiveCfg = Release|Any CPU
		{6036EB4E-B2F4-462D-9DD0-3DF2681A4A1D}.Release|Mixed Platforms.Build.0 = Release|Any CPU
		{6036EB4E-B2F4-462D-9DD0-3DF2681A4A1D}.Release|Win32.ActiveCfg = Release|Any CPU
		{6036EB4E-B2F4-462D-9DD0-3DF2681A4A1D}.Release|x86.ActiveCfg = Release|Any CPU
		{DACB2574-1700-4ABB-993B-0DE489CDBB29}.Debug|Any CPU.ActiveCfg = Debug|Any CPU
		{DACB2574-1700-4ABB-993B-0DE489CDBB29}.Debug|Any CPU.Build.0 = Debug|Any CPU
		{DACB2574-1700-4ABB-993B-0DE489CDBB29}.Debug|Mixed Platforms.ActiveCfg = Debug|Any CPU
		{DACB2574-1700-4ABB-993B-0DE489CDBB29}.Debug|Mixed Platforms.Build.0 = Debug|Any CPU
		{DACB2574-1700-4ABB-993B-0DE489CDBB29}.Debug|Win32.ActiveCfg = Debug|Any CPU
		{DACB2574-1700-4ABB-993B-0DE489CDBB29}.Debug|x86.ActiveCfg = Debug|Any CPU
		{DACB2574-1700-4ABB-993B-0DE489CDBB29}.Release|Any CPU.ActiveCfg = Release|Any CPU
		{DACB2574-1700-4ABB-993B-0DE489CDBB29}.Release|Any CPU.Build.0 = Release|Any CPU
		{DACB2574-1700-4ABB-993B-0DE489CDBB29}.Release|Mixed Platforms.ActiveCfg = Release|Any CPU
		{DACB2574-1700-4ABB-993B-0DE489CDBB29}.Release|Mixed Platforms.Build.0 = Release|Any CPU
		{DACB2574-1700-4ABB-993B-0DE489CDBB29}.Release|Win32.ActiveCfg = Release|Any CPU
		{DACB2574-1700-4ABB-993B-0DE489CDBB29}.Release|x86.ActiveCfg = Release|Any CPU
		{9C35AFE1-0D1A-4CB9-BC3B-E0EA41FFCF73}.Debug|Any CPU.ActiveCfg = Debug|Any CPU
		{9C35AFE1-0D1A-4CB9-BC3B-E0EA41FFCF73}.Debug|Any CPU.Build.0 = Debug|Any CPU
		{9C35AFE1-0D1A-4CB9-BC3B-E0EA41FFCF73}.Debug|Mixed Platforms.ActiveCfg = Debug|Any CPU
		{9C35AFE1-0D1A-4CB9-BC3B-E0EA41FFCF73}.Debug|Mixed Platforms.Build.0 = Debug|Any CPU
		{9C35AFE1-0D1A-4CB9-BC3B-E0EA41FFCF73}.Debug|Win32.ActiveCfg = Debug|Any CPU
		{9C35AFE1-0D1A-4CB9-BC3B-E0EA41FFCF73}.Debug|x86.ActiveCfg = Debug|Any CPU
		{9C35AFE1-0D1A-4CB9-BC3B-E0EA41FFCF73}.Release|Any CPU.ActiveCfg = Release|Any CPU
		{9C35AFE1-0D1A-4CB9-BC3B-E0EA41FFCF73}.Release|Any CPU.Build.0 = Release|Any CPU
		{9C35AFE1-0D1A-4CB9-BC3B-E0EA41FFCF73}.Release|Mixed Platforms.ActiveCfg = Release|Any CPU
		{9C35AFE1-0D1A-4CB9-BC3B-E0EA41FFCF73}.Release|Mixed Platforms.Build.0 = Release|Any CPU
		{9C35AFE1-0D1A-4CB9-BC3B-E0EA41FFCF73}.Release|Win32.ActiveCfg = Release|Any CPU
		{9C35AFE1-0D1A-4CB9-BC3B-E0EA41FFCF73}.Release|x86.ActiveCfg = Release|Any CPU
		{B2B716A6-D675-4E4F-A415-60CEA3E3D491}.Debug|Any CPU.ActiveCfg = Debug|Any CPU
		{B2B716A6-D675-4E4F-A415-60CEA3E3D491}.Debug|Any CPU.Build.0 = Debug|Any CPU
		{B2B716A6-D675-4E4F-A415-60CEA3E3D491}.Debug|Mixed Platforms.ActiveCfg = Debug|Any CPU
		{B2B716A6-D675-4E4F-A415-60CEA3E3D491}.Debug|Mixed Platforms.Build.0 = Debug|Any CPU
		{B2B716A6-D675-4E4F-A415-60CEA3E3D491}.Debug|Win32.ActiveCfg = Debug|Any CPU
		{B2B716A6-D675-4E4F-A415-60CEA3E3D491}.Debug|x86.ActiveCfg = Debug|Any CPU
		{B2B716A6-D675-4E4F-A415-60CEA3E3D491}.Release|Any CPU.ActiveCfg = Release|Any CPU
		{B2B716A6-D675-4E4F-A415-60CEA3E3D491}.Release|Any CPU.Build.0 = Release|Any CPU
		{B2B716A6-D675-4E4F-A415-60CEA3E3D491}.Release|Mixed Platforms.ActiveCfg = Release|Any CPU
		{B2B716A6-D675-4E4F-A415-60CEA3E3D491}.Release|Mixed Platforms.Build.0 = Release|Any CPU
		{B2B716A6-D675-4E4F-A415-60CEA3E3D491}.Release|Win32.ActiveCfg = Release|Any CPU
		{B2B716A6-D675-4E4F-A415-60CEA3E3D491}.Release|x86.ActiveCfg = Release|Any CPU
		{FE38B6BA-B829-4F46-8D45-9BC76FAC8868}.Debug|Any CPU.ActiveCfg = Debug|Any CPU
		{FE38B6BA-B829-4F46-8D45-9BC76FAC8868}.Debug|Any CPU.Build.0 = Debug|Any CPU
		{FE38B6BA-B829-4F46-8D45-9BC76FAC8868}.Debug|Mixed Platforms.ActiveCfg = Debug|Any CPU
		{FE38B6BA-B829-4F46-8D45-9BC76FAC8868}.Debug|Mixed Platforms.Build.0 = Debug|Any CPU
		{FE38B6BA-B829-4F46-8D45-9BC76FAC8868}.Debug|Win32.ActiveCfg = Debug|Any CPU
		{FE38B6BA-B829-4F46-8D45-9BC76FAC8868}.Debug|x86.ActiveCfg = Debug|Any CPU
		{FE38B6BA-B829-4F46-8D45-9BC76FAC8868}.Release|Any CPU.ActiveCfg = Release|Any CPU
		{FE38B6BA-B829-4F46-8D45-9BC76FAC8868}.Release|Any CPU.Build.0 = Release|Any CPU
		{FE38B6BA-B829-4F46-8D45-9BC76FAC8868}.Release|Mixed Platforms.ActiveCfg = Release|Any CPU
		{FE38B6BA-B829-4F46-8D45-9BC76FAC8868}.Release|Mixed Platforms.Build.0 = Release|Any CPU
		{FE38B6BA-B829-4F46-8D45-9BC76FAC8868}.Release|Win32.ActiveCfg = Release|Any CPU
		{FE38B6BA-B829-4F46-8D45-9BC76FAC8868}.Release|x86.ActiveCfg = Release|Any CPU
		{AB1123F1-190E-407D-B165-7AE919EE4812}.Debug|Any CPU.ActiveCfg = Debug|Any CPU
		{AB1123F1-190E-407D-B165-7AE919EE4812}.Debug|Any CPU.Build.0 = Debug|Any CPU
		{AB1123F1-190E-407D-B165-7AE919EE4812}.Debug|Mixed Platforms.ActiveCfg = Debug|Any CPU
		{AB1123F1-190E-407D-B165-7AE919EE4812}.Debug|Mixed Platforms.Build.0 = Debug|Any CPU
		{AB1123F1-190E-407D-B165-7AE919EE4812}.Debug|Win32.ActiveCfg = Debug|Any CPU
		{AB1123F1-190E-407D-B165-7AE919EE4812}.Debug|x86.ActiveCfg = Debug|Any CPU
		{AB1123F1-190E-407D-B165-7AE919EE4812}.Release|Any CPU.ActiveCfg = Release|Any CPU
		{AB1123F1-190E-407D-B165-7AE919EE4812}.Release|Any CPU.Build.0 = Release|Any CPU
		{AB1123F1-190E-407D-B165-7AE919EE4812}.Release|Mixed Platforms.ActiveCfg = Release|Any CPU
		{AB1123F1-190E-407D-B165-7AE919EE4812}.Release|Mixed Platforms.Build.0 = Release|Any CPU
		{AB1123F1-190E-407D-B165-7AE919EE4812}.Release|Win32.ActiveCfg = Release|Any CPU
		{AB1123F1-190E-407D-B165-7AE919EE4812}.Release|x86.ActiveCfg = Release|Any CPU
		{CBE372FD-4C31-4BDB-B704-49A5C3349A35}.Debug|Any CPU.ActiveCfg = Debug|Any CPU
		{CBE372FD-4C31-4BDB-B704-49A5C3349A35}.Debug|Any CPU.Build.0 = Debug|Any CPU
		{CBE372FD-4C31-4BDB-B704-49A5C3349A35}.Debug|Mixed Platforms.ActiveCfg = Debug|Any CPU
		{CBE372FD-4C31-4BDB-B704-49A5C3349A35}.Debug|Mixed Platforms.Build.0 = Debug|Any CPU
		{CBE372FD-4C31-4BDB-B704-49A5C3349A35}.Debug|Win32.ActiveCfg = Debug|Any CPU
		{CBE372FD-4C31-4BDB-B704-49A5C3349A35}.Debug|x86.ActiveCfg = Debug|Any CPU
		{CBE372FD-4C31-4BDB-B704-49A5C3349A35}.Release|Any CPU.ActiveCfg = Release|Any CPU
		{CBE372FD-4C31-4BDB-B704-49A5C3349A35}.Release|Any CPU.Build.0 = Release|Any CPU
		{CBE372FD-4C31-4BDB-B704-49A5C3349A35}.Release|Mixed Platforms.ActiveCfg = Release|Any CPU
		{CBE372FD-4C31-4BDB-B704-49A5C3349A35}.Release|Mixed Platforms.Build.0 = Release|Any CPU
		{CBE372FD-4C31-4BDB-B704-49A5C3349A35}.Release|Win32.ActiveCfg = Release|Any CPU
		{CBE372FD-4C31-4BDB-B704-49A5C3349A35}.Release|x86.ActiveCfg = Release|Any CPU
		{5FC5512D-0C61-4F25-8541-0F364E70DBC1}.Debug|Any CPU.ActiveCfg = Debug|Any CPU
		{5FC5512D-0C61-4F25-8541-0F364E70DBC1}.Debug|Any CPU.Build.0 = Debug|Any CPU
		{5FC5512D-0C61-4F25-8541-0F364E70DBC1}.Debug|Mixed Platforms.ActiveCfg = Debug|Any CPU
		{5FC5512D-0C61-4F25-8541-0F364E70DBC1}.Debug|Mixed Platforms.Build.0 = Debug|Any CPU
		{5FC5512D-0C61-4F25-8541-0F364E70DBC1}.Debug|Win32.ActiveCfg = Debug|Any CPU
		{5FC5512D-0C61-4F25-8541-0F364E70DBC1}.Debug|x86.ActiveCfg = Debug|Any CPU
		{5FC5512D-0C61-4F25-8541-0F364E70DBC1}.Release|Any CPU.ActiveCfg = Release|Any CPU
		{5FC5512D-0C61-4F25-8541-0F364E70DBC1}.Release|Any CPU.Build.0 = Release|Any CPU
		{5FC5512D-0C61-4F25-8541-0F364E70DBC1}.Release|Mixed Platforms.ActiveCfg = Release|Any CPU
		{5FC5512D-0C61-4F25-8541-0F364E70DBC1}.Release|Mixed Platforms.Build.0 = Release|Any CPU
		{5FC5512D-0C61-4F25-8541-0F364E70DBC1}.Release|Win32.ActiveCfg = Release|Any CPU
		{5FC5512D-0C61-4F25-8541-0F364E70DBC1}.Release|x86.ActiveCfg = Release|Any CPU
		{78B5FF26-BD0A-4955-8273-6629B2A7B71A}.Debug|Any CPU.ActiveCfg = Debug|Any CPU
		{78B5FF26-BD0A-4955-8273-6629B2A7B71A}.Debug|Any CPU.Build.0 = Debug|Any CPU
		{78B5FF26-BD0A-4955-8273-6629B2A7B71A}.Debug|Mixed Platforms.ActiveCfg = Debug|Any CPU
		{78B5FF26-BD0A-4955-8273-6629B2A7B71A}.Debug|Mixed Platforms.Build.0 = Debug|Any CPU
		{78B5FF26-BD0A-4955-8273-6629B2A7B71A}.Debug|Win32.ActiveCfg = Debug|Any CPU
		{78B5FF26-BD0A-4955-8273-6629B2A7B71A}.Debug|x86.ActiveCfg = Debug|Any CPU
		{78B5FF26-BD0A-4955-8273-6629B2A7B71A}.Release|Any CPU.ActiveCfg = Release|Any CPU
		{78B5FF26-BD0A-4955-8273-6629B2A7B71A}.Release|Any CPU.Build.0 = Release|Any CPU
		{78B5FF26-BD0A-4955-8273-6629B2A7B71A}.Release|Mixed Platforms.ActiveCfg = Release|Any CPU
		{78B5FF26-BD0A-4955-8273-6629B2A7B71A}.Release|Mixed Platforms.Build.0 = Release|Any CPU
		{78B5FF26-BD0A-4955-8273-6629B2A7B71A}.Release|Win32.ActiveCfg = Release|Any CPU
		{78B5FF26-BD0A-4955-8273-6629B2A7B71A}.Release|x86.ActiveCfg = Release|Any CPU
		{348EFA09-D22C-4F79-9738-BD82CB87FE7B}.Debug|Any CPU.ActiveCfg = Debug|x86
		{348EFA09-D22C-4F79-9738-BD82CB87FE7B}.Debug|Mixed Platforms.ActiveCfg = Debug|x86
		{348EFA09-D22C-4F79-9738-BD82CB87FE7B}.Debug|Mixed Platforms.Build.0 = Debug|x86
		{348EFA09-D22C-4F79-9738-BD82CB87FE7B}.Debug|Win32.ActiveCfg = Debug|x86
		{348EFA09-D22C-4F79-9738-BD82CB87FE7B}.Debug|x86.ActiveCfg = Debug|x86
		{348EFA09-D22C-4F79-9738-BD82CB87FE7B}.Debug|x86.Build.0 = Debug|x86
		{348EFA09-D22C-4F79-9738-BD82CB87FE7B}.Release|Any CPU.ActiveCfg = Release|x86
		{348EFA09-D22C-4F79-9738-BD82CB87FE7B}.Release|Mixed Platforms.ActiveCfg = Release|x86
		{348EFA09-D22C-4F79-9738-BD82CB87FE7B}.Release|Mixed Platforms.Build.0 = Release|x86
		{348EFA09-D22C-4F79-9738-BD82CB87FE7B}.Release|Win32.ActiveCfg = Release|x86
		{348EFA09-D22C-4F79-9738-BD82CB87FE7B}.Release|x86.ActiveCfg = Release|x86
		{348EFA09-D22C-4F79-9738-BD82CB87FE7B}.Release|x86.Build.0 = Release|x86
		{1CFB2D6F-4D1F-4D9F-9414-997CDFEA214B}.Debug|Any CPU.ActiveCfg = Debug|Any CPU
		{1CFB2D6F-4D1F-4D9F-9414-997CDFEA214B}.Debug|Any CPU.Build.0 = Debug|Any CPU
		{1CFB2D6F-4D1F-4D9F-9414-997CDFEA214B}.Debug|Mixed Platforms.ActiveCfg = Debug|Any CPU
		{1CFB2D6F-4D1F-4D9F-9414-997CDFEA214B}.Debug|Mixed Platforms.Build.0 = Debug|Any CPU
		{1CFB2D6F-4D1F-4D9F-9414-997CDFEA214B}.Debug|Win32.ActiveCfg = Debug|Any CPU
		{1CFB2D6F-4D1F-4D9F-9414-997CDFEA214B}.Debug|x86.ActiveCfg = Debug|Any CPU
		{1CFB2D6F-4D1F-4D9F-9414-997CDFEA214B}.Release|Any CPU.ActiveCfg = Release|Any CPU
		{1CFB2D6F-4D1F-4D9F-9414-997CDFEA214B}.Release|Any CPU.Build.0 = Release|Any CPU
		{1CFB2D6F-4D1F-4D9F-9414-997CDFEA214B}.Release|Mixed Platforms.ActiveCfg = Release|Any CPU
		{1CFB2D6F-4D1F-4D9F-9414-997CDFEA214B}.Release|Mixed Platforms.Build.0 = Release|Any CPU
		{1CFB2D6F-4D1F-4D9F-9414-997CDFEA214B}.Release|Win32.ActiveCfg = Release|Any CPU
		{1CFB2D6F-4D1F-4D9F-9414-997CDFEA214B}.Release|x86.ActiveCfg = Release|Any CPU
		{5C40DA45-ACB3-4FC4-8CD4-E9053D4081D2}.Debug|Any CPU.ActiveCfg = Debug|x86
		{5C40DA45-ACB3-4FC4-8CD4-E9053D4081D2}.Debug|Mixed Platforms.ActiveCfg = Debug|x86
		{5C40DA45-ACB3-4FC4-8CD4-E9053D4081D2}.Debug|Mixed Platforms.Build.0 = Debug|x86
		{5C40DA45-ACB3-4FC4-8CD4-E9053D4081D2}.Debug|Win32.ActiveCfg = Debug|x86
		{5C40DA45-ACB3-4FC4-8CD4-E9053D4081D2}.Debug|x86.ActiveCfg = Debug|x86
		{5C40DA45-ACB3-4FC4-8CD4-E9053D4081D2}.Debug|x86.Build.0 = Debug|x86
		{5C40DA45-ACB3-4FC4-8CD4-E9053D4081D2}.Release|Any CPU.ActiveCfg = Release|x86
		{5C40DA45-ACB3-4FC4-8CD4-E9053D4081D2}.Release|Mixed Platforms.ActiveCfg = Release|x86
		{5C40DA45-ACB3-4FC4-8CD4-E9053D4081D2}.Release|Mixed Platforms.Build.0 = Release|x86
		{5C40DA45-ACB3-4FC4-8CD4-E9053D4081D2}.Release|Win32.ActiveCfg = Release|x86
		{5C40DA45-ACB3-4FC4-8CD4-E9053D4081D2}.Release|x86.ActiveCfg = Release|x86
		{5C40DA45-ACB3-4FC4-8CD4-E9053D4081D2}.Release|x86.Build.0 = Release|x86
		{BCCD95A9-7685-4B15-9DA3-E48CC0BF499B}.Debug|Any CPU.ActiveCfg = Debug|Any CPU
		{BCCD95A9-7685-4B15-9DA3-E48CC0BF499B}.Debug|Any CPU.Build.0 = Debug|Any CPU
		{BCCD95A9-7685-4B15-9DA3-E48CC0BF499B}.Debug|Mixed Platforms.ActiveCfg = Debug|Any CPU
		{BCCD95A9-7685-4B15-9DA3-E48CC0BF499B}.Debug|Mixed Platforms.Build.0 = Debug|Any CPU
		{BCCD95A9-7685-4B15-9DA3-E48CC0BF499B}.Debug|Win32.ActiveCfg = Debug|Any CPU
		{BCCD95A9-7685-4B15-9DA3-E48CC0BF499B}.Debug|x86.ActiveCfg = Debug|Any CPU
		{BCCD95A9-7685-4B15-9DA3-E48CC0BF499B}.Release|Any CPU.ActiveCfg = Release|Any CPU
		{BCCD95A9-7685-4B15-9DA3-E48CC0BF499B}.Release|Any CPU.Build.0 = Release|Any CPU
		{BCCD95A9-7685-4B15-9DA3-E48CC0BF499B}.Release|Mixed Platforms.ActiveCfg = Release|Any CPU
		{BCCD95A9-7685-4B15-9DA3-E48CC0BF499B}.Release|Mixed Platforms.Build.0 = Release|Any CPU
		{BCCD95A9-7685-4B15-9DA3-E48CC0BF499B}.Release|Win32.ActiveCfg = Release|Any CPU
		{BCCD95A9-7685-4B15-9DA3-E48CC0BF499B}.Release|x86.ActiveCfg = Release|Any CPU
		{F4035613-FAA1-419C-880C-EE60DDA08783}.Debug|Any CPU.ActiveCfg = Debug|Any CPU
		{F4035613-FAA1-419C-880C-EE60DDA08783}.Debug|Any CPU.Build.0 = Debug|Any CPU
		{F4035613-FAA1-419C-880C-EE60DDA08783}.Debug|Mixed Platforms.ActiveCfg = Debug|Any CPU
		{F4035613-FAA1-419C-880C-EE60DDA08783}.Debug|Mixed Platforms.Build.0 = Debug|Any CPU
		{F4035613-FAA1-419C-880C-EE60DDA08783}.Debug|Win32.ActiveCfg = Debug|Any CPU
		{F4035613-FAA1-419C-880C-EE60DDA08783}.Debug|x86.ActiveCfg = Debug|Any CPU
		{F4035613-FAA1-419C-880C-EE60DDA08783}.Release|Any CPU.ActiveCfg = Release|Any CPU
		{F4035613-FAA1-419C-880C-EE60DDA08783}.Release|Any CPU.Build.0 = Release|Any CPU
		{F4035613-FAA1-419C-880C-EE60DDA08783}.Release|Mixed Platforms.ActiveCfg = Release|Any CPU
		{F4035613-FAA1-419C-880C-EE60DDA08783}.Release|Mixed Platforms.Build.0 = Release|Any CPU
		{F4035613-FAA1-419C-880C-EE60DDA08783}.Release|Win32.ActiveCfg = Release|Any CPU
		{F4035613-FAA1-419C-880C-EE60DDA08783}.Release|x86.ActiveCfg = Release|Any CPU
		{806FF729-C900-45C4-ADD8-09108915062E}.Debug|Any CPU.ActiveCfg = Debug|Any CPU
		{806FF729-C900-45C4-ADD8-09108915062E}.Debug|Any CPU.Build.0 = Debug|Any CPU
		{806FF729-C900-45C4-ADD8-09108915062E}.Debug|Mixed Platforms.ActiveCfg = Debug|Any CPU
		{806FF729-C900-45C4-ADD8-09108915062E}.Debug|Mixed Platforms.Build.0 = Debug|Any CPU
		{806FF729-C900-45C4-ADD8-09108915062E}.Debug|Win32.ActiveCfg = Debug|Any CPU
		{806FF729-C900-45C4-ADD8-09108915062E}.Debug|x86.ActiveCfg = Debug|Any CPU
		{806FF729-C900-45C4-ADD8-09108915062E}.Release|Any CPU.ActiveCfg = Release|Any CPU
		{806FF729-C900-45C4-ADD8-09108915062E}.Release|Any CPU.Build.0 = Release|Any CPU
		{806FF729-C900-45C4-ADD8-09108915062E}.Release|Mixed Platforms.ActiveCfg = Release|Any CPU
		{806FF729-C900-45C4-ADD8-09108915062E}.Release|Mixed Platforms.Build.0 = Release|Any CPU
		{806FF729-C900-45C4-ADD8-09108915062E}.Release|Win32.ActiveCfg = Release|Any CPU
		{806FF729-C900-45C4-ADD8-09108915062E}.Release|x86.ActiveCfg = Release|Any CPU
		{D6F3F025-CC01-4BA3-A9D7-9609B4198A6B}.Debug|Any CPU.ActiveCfg = Debug|Any CPU
		{D6F3F025-CC01-4BA3-A9D7-9609B4198A6B}.Debug|Any CPU.Build.0 = Debug|Any CPU
		{D6F3F025-CC01-4BA3-A9D7-9609B4198A6B}.Debug|Mixed Platforms.ActiveCfg = Debug|Any CPU
		{D6F3F025-CC01-4BA3-A9D7-9609B4198A6B}.Debug|Mixed Platforms.Build.0 = Debug|Any CPU
		{D6F3F025-CC01-4BA3-A9D7-9609B4198A6B}.Debug|Win32.ActiveCfg = Debug|Any CPU
		{D6F3F025-CC01-4BA3-A9D7-9609B4198A6B}.Debug|x86.ActiveCfg = Debug|Any CPU
		{D6F3F025-CC01-4BA3-A9D7-9609B4198A6B}.Release|Any CPU.ActiveCfg = Release|Any CPU
		{D6F3F025-CC01-4BA3-A9D7-9609B4198A6B}.Release|Any CPU.Build.0 = Release|Any CPU
		{D6F3F025-CC01-4BA3-A9D7-9609B4198A6B}.Release|Mixed Platforms.ActiveCfg = Release|Any CPU
		{D6F3F025-CC01-4BA3-A9D7-9609B4198A6B}.Release|Mixed Platforms.Build.0 = Release|Any CPU
		{D6F3F025-CC01-4BA3-A9D7-9609B4198A6B}.Release|Win32.ActiveCfg = Release|Any CPU
		{D6F3F025-CC01-4BA3-A9D7-9609B4198A6B}.Release|x86.ActiveCfg = Release|Any CPU
		{BDD5DC39-4CE8-4684-B66A-E9454B4BCFF1}.Debug|Any CPU.ActiveCfg = Debug|Any CPU
		{BDD5DC39-4CE8-4684-B66A-E9454B4BCFF1}.Debug|Any CPU.Build.0 = Debug|Any CPU
		{BDD5DC39-4CE8-4684-B66A-E9454B4BCFF1}.Debug|Mixed Platforms.ActiveCfg = Debug|Any CPU
		{BDD5DC39-4CE8-4684-B66A-E9454B4BCFF1}.Debug|Mixed Platforms.Build.0 = Debug|Any CPU
		{BDD5DC39-4CE8-4684-B66A-E9454B4BCFF1}.Debug|Win32.ActiveCfg = Debug|Any CPU
		{BDD5DC39-4CE8-4684-B66A-E9454B4BCFF1}.Debug|x86.ActiveCfg = Debug|Any CPU
		{BDD5DC39-4CE8-4684-B66A-E9454B4BCFF1}.Release|Any CPU.ActiveCfg = Release|Any CPU
		{BDD5DC39-4CE8-4684-B66A-E9454B4BCFF1}.Release|Any CPU.Build.0 = Release|Any CPU
		{BDD5DC39-4CE8-4684-B66A-E9454B4BCFF1}.Release|Mixed Platforms.ActiveCfg = Release|Any CPU
		{BDD5DC39-4CE8-4684-B66A-E9454B4BCFF1}.Release|Mixed Platforms.Build.0 = Release|Any CPU
		{BDD5DC39-4CE8-4684-B66A-E9454B4BCFF1}.Release|Win32.ActiveCfg = Release|Any CPU
		{BDD5DC39-4CE8-4684-B66A-E9454B4BCFF1}.Release|x86.ActiveCfg = Release|Any CPU
		{0235AEAD-B280-48CA-BBEF-F085D482BEC8}.Debug|Any CPU.ActiveCfg = Debug|Any CPU
		{0235AEAD-B280-48CA-BBEF-F085D482BEC8}.Debug|Any CPU.Build.0 = Debug|Any CPU
		{0235AEAD-B280-48CA-BBEF-F085D482BEC8}.Debug|Mixed Platforms.ActiveCfg = Debug|Any CPU
		{0235AEAD-B280-48CA-BBEF-F085D482BEC8}.Debug|Mixed Platforms.Build.0 = Debug|Any CPU
		{0235AEAD-B280-48CA-BBEF-F085D482BEC8}.Debug|Win32.ActiveCfg = Debug|Any CPU
		{0235AEAD-B280-48CA-BBEF-F085D482BEC8}.Debug|x86.ActiveCfg = Debug|Any CPU
		{0235AEAD-B280-48CA-BBEF-F085D482BEC8}.Release|Any CPU.ActiveCfg = Release|Any CPU
		{0235AEAD-B280-48CA-BBEF-F085D482BEC8}.Release|Any CPU.Build.0 = Release|Any CPU
		{0235AEAD-B280-48CA-BBEF-F085D482BEC8}.Release|Mixed Platforms.ActiveCfg = Release|Any CPU
		{0235AEAD-B280-48CA-BBEF-F085D482BEC8}.Release|Mixed Platforms.Build.0 = Release|Any CPU
		{0235AEAD-B280-48CA-BBEF-F085D482BEC8}.Release|Win32.ActiveCfg = Release|Any CPU
		{0235AEAD-B280-48CA-BBEF-F085D482BEC8}.Release|x86.ActiveCfg = Release|Any CPU
		{341BDD4B-B758-4E15-8C13-E30268F8E758}.Debug|Any CPU.ActiveCfg = Debug|Any CPU
		{341BDD4B-B758-4E15-8C13-E30268F8E758}.Debug|Any CPU.Build.0 = Debug|Any CPU
		{341BDD4B-B758-4E15-8C13-E30268F8E758}.Debug|Mixed Platforms.ActiveCfg = Debug|Any CPU
		{341BDD4B-B758-4E15-8C13-E30268F8E758}.Debug|Mixed Platforms.Build.0 = Debug|Any CPU
		{341BDD4B-B758-4E15-8C13-E30268F8E758}.Debug|Win32.ActiveCfg = Debug|Any CPU
		{341BDD4B-B758-4E15-8C13-E30268F8E758}.Debug|x86.ActiveCfg = Debug|Any CPU
		{341BDD4B-B758-4E15-8C13-E30268F8E758}.Release|Any CPU.ActiveCfg = Release|Any CPU
		{341BDD4B-B758-4E15-8C13-E30268F8E758}.Release|Any CPU.Build.0 = Release|Any CPU
		{341BDD4B-B758-4E15-8C13-E30268F8E758}.Release|Mixed Platforms.ActiveCfg = Release|Any CPU
		{341BDD4B-B758-4E15-8C13-E30268F8E758}.Release|Mixed Platforms.Build.0 = Release|Any CPU
		{341BDD4B-B758-4E15-8C13-E30268F8E758}.Release|Win32.ActiveCfg = Release|Any CPU
		{341BDD4B-B758-4E15-8C13-E30268F8E758}.Release|x86.ActiveCfg = Release|Any CPU
		{5116FC1B-B9CF-4BF5-B8C1-E84441E9CB4C}.Debug|Any CPU.ActiveCfg = Debug|Any CPU
		{5116FC1B-B9CF-4BF5-B8C1-E84441E9CB4C}.Debug|Any CPU.Build.0 = Debug|Any CPU
		{5116FC1B-B9CF-4BF5-B8C1-E84441E9CB4C}.Debug|Mixed Platforms.ActiveCfg = Debug|Any CPU
		{5116FC1B-B9CF-4BF5-B8C1-E84441E9CB4C}.Debug|Mixed Platforms.Build.0 = Debug|Any CPU
		{5116FC1B-B9CF-4BF5-B8C1-E84441E9CB4C}.Debug|Win32.ActiveCfg = Debug|Any CPU
		{5116FC1B-B9CF-4BF5-B8C1-E84441E9CB4C}.Debug|x86.ActiveCfg = Debug|Any CPU
		{5116FC1B-B9CF-4BF5-B8C1-E84441E9CB4C}.Release|Any CPU.ActiveCfg = Release|Any CPU
		{5116FC1B-B9CF-4BF5-B8C1-E84441E9CB4C}.Release|Any CPU.Build.0 = Release|Any CPU
		{5116FC1B-B9CF-4BF5-B8C1-E84441E9CB4C}.Release|Mixed Platforms.ActiveCfg = Release|Any CPU
		{5116FC1B-B9CF-4BF5-B8C1-E84441E9CB4C}.Release|Mixed Platforms.Build.0 = Release|Any CPU
		{5116FC1B-B9CF-4BF5-B8C1-E84441E9CB4C}.Release|Win32.ActiveCfg = Release|Any CPU
		{5116FC1B-B9CF-4BF5-B8C1-E84441E9CB4C}.Release|x86.ActiveCfg = Release|Any CPU
		{51B4FB06-4315-4CBD-BCB3-1E933A895107}.Debug|Any CPU.ActiveCfg = Debug|Any CPU
		{51B4FB06-4315-4CBD-BCB3-1E933A895107}.Debug|Any CPU.Build.0 = Debug|Any CPU
		{51B4FB06-4315-4CBD-BCB3-1E933A895107}.Debug|Mixed Platforms.ActiveCfg = Debug|Any CPU
		{51B4FB06-4315-4CBD-BCB3-1E933A895107}.Debug|Mixed Platforms.Build.0 = Debug|Any CPU
		{51B4FB06-4315-4CBD-BCB3-1E933A895107}.Debug|Win32.ActiveCfg = Debug|Any CPU
		{51B4FB06-4315-4CBD-BCB3-1E933A895107}.Debug|x86.ActiveCfg = Debug|Any CPU
		{51B4FB06-4315-4CBD-BCB3-1E933A895107}.Release|Any CPU.ActiveCfg = Release|Any CPU
		{51B4FB06-4315-4CBD-BCB3-1E933A895107}.Release|Any CPU.Build.0 = Release|Any CPU
		{51B4FB06-4315-4CBD-BCB3-1E933A895107}.Release|Mixed Platforms.ActiveCfg = Release|Any CPU
		{51B4FB06-4315-4CBD-BCB3-1E933A895107}.Release|Mixed Platforms.Build.0 = Release|Any CPU
		{51B4FB06-4315-4CBD-BCB3-1E933A895107}.Release|Win32.ActiveCfg = Release|Any CPU
		{51B4FB06-4315-4CBD-BCB3-1E933A895107}.Release|x86.ActiveCfg = Release|Any CPU
		{D7557D95-520B-476D-8AF9-FC1ECC4A7298}.Debug|Any CPU.ActiveCfg = Debug|Any CPU
		{D7557D95-520B-476D-8AF9-FC1ECC4A7298}.Debug|Any CPU.Build.0 = Debug|Any CPU
		{D7557D95-520B-476D-8AF9-FC1ECC4A7298}.Debug|Mixed Platforms.ActiveCfg = Debug|Any CPU
		{D7557D95-520B-476D-8AF9-FC1ECC4A7298}.Debug|Mixed Platforms.Build.0 = Debug|Any CPU
		{D7557D95-520B-476D-8AF9-FC1ECC4A7298}.Debug|Win32.ActiveCfg = Debug|Any CPU
		{D7557D95-520B-476D-8AF9-FC1ECC4A7298}.Debug|x86.ActiveCfg = Debug|Any CPU
		{D7557D95-520B-476D-8AF9-FC1ECC4A7298}.Release|Any CPU.ActiveCfg = Release|Any CPU
		{D7557D95-520B-476D-8AF9-FC1ECC4A7298}.Release|Any CPU.Build.0 = Release|Any CPU
		{D7557D95-520B-476D-8AF9-FC1ECC4A7298}.Release|Mixed Platforms.ActiveCfg = Release|Any CPU
		{D7557D95-520B-476D-8AF9-FC1ECC4A7298}.Release|Mixed Platforms.Build.0 = Release|Any CPU
		{D7557D95-520B-476D-8AF9-FC1ECC4A7298}.Release|Win32.ActiveCfg = Release|Any CPU
		{D7557D95-520B-476D-8AF9-FC1ECC4A7298}.Release|x86.ActiveCfg = Release|Any CPU
		{D416DB7C-F4F0-4F71-8332-673076B7EB2B}.Debug|Any CPU.ActiveCfg = Debug|Any CPU
		{D416DB7C-F4F0-4F71-8332-673076B7EB2B}.Debug|Any CPU.Build.0 = Debug|Any CPU
		{D416DB7C-F4F0-4F71-8332-673076B7EB2B}.Debug|Mixed Platforms.ActiveCfg = Debug|Any CPU
		{D416DB7C-F4F0-4F71-8332-673076B7EB2B}.Debug|Mixed Platforms.Build.0 = Debug|Any CPU
		{D416DB7C-F4F0-4F71-8332-673076B7EB2B}.Debug|Win32.ActiveCfg = Debug|Any CPU
		{D416DB7C-F4F0-4F71-8332-673076B7EB2B}.Debug|x86.ActiveCfg = Debug|Any CPU
		{D416DB7C-F4F0-4F71-8332-673076B7EB2B}.Release|Any CPU.ActiveCfg = Release|Any CPU
		{D416DB7C-F4F0-4F71-8332-673076B7EB2B}.Release|Any CPU.Build.0 = Release|Any CPU
		{D416DB7C-F4F0-4F71-8332-673076B7EB2B}.Release|Mixed Platforms.ActiveCfg = Release|Any CPU
		{D416DB7C-F4F0-4F71-8332-673076B7EB2B}.Release|Mixed Platforms.Build.0 = Release|Any CPU
		{D416DB7C-F4F0-4F71-8332-673076B7EB2B}.Release|Win32.ActiveCfg = Release|Any CPU
		{D416DB7C-F4F0-4F71-8332-673076B7EB2B}.Release|x86.ActiveCfg = Release|Any CPU
		{3DFDAB7B-6602-46D5-BDFB-4E647D21B46A}.Debug|Any CPU.ActiveCfg = Debug|Any CPU
		{3DFDAB7B-6602-46D5-BDFB-4E647D21B46A}.Debug|Any CPU.Build.0 = Debug|Any CPU
		{3DFDAB7B-6602-46D5-BDFB-4E647D21B46A}.Debug|Mixed Platforms.ActiveCfg = Debug|Any CPU
		{3DFDAB7B-6602-46D5-BDFB-4E647D21B46A}.Debug|Mixed Platforms.Build.0 = Debug|Any CPU
		{3DFDAB7B-6602-46D5-BDFB-4E647D21B46A}.Debug|Win32.ActiveCfg = Debug|Any CPU
		{3DFDAB7B-6602-46D5-BDFB-4E647D21B46A}.Debug|x86.ActiveCfg = Debug|Any CPU
		{3DFDAB7B-6602-46D5-BDFB-4E647D21B46A}.Release|Any CPU.ActiveCfg = Release|Any CPU
		{3DFDAB7B-6602-46D5-BDFB-4E647D21B46A}.Release|Any CPU.Build.0 = Release|Any CPU
		{3DFDAB7B-6602-46D5-BDFB-4E647D21B46A}.Release|Mixed Platforms.ActiveCfg = Release|Any CPU
		{3DFDAB7B-6602-46D5-BDFB-4E647D21B46A}.Release|Mixed Platforms.Build.0 = Release|Any CPU
		{3DFDAB7B-6602-46D5-BDFB-4E647D21B46A}.Release|Win32.ActiveCfg = Release|Any CPU
		{3DFDAB7B-6602-46D5-BDFB-4E647D21B46A}.Release|x86.ActiveCfg = Release|Any CPU
		{86952E9C-1B69-4AAE-A3AA-087B09527EAF}.Debug|Any CPU.ActiveCfg = Debug|Any CPU
		{86952E9C-1B69-4AAE-A3AA-087B09527EAF}.Debug|Any CPU.Build.0 = Debug|Any CPU
		{86952E9C-1B69-4AAE-A3AA-087B09527EAF}.Debug|Mixed Platforms.ActiveCfg = Debug|Any CPU
		{86952E9C-1B69-4AAE-A3AA-087B09527EAF}.Debug|Mixed Platforms.Build.0 = Debug|Any CPU
		{86952E9C-1B69-4AAE-A3AA-087B09527EAF}.Debug|Win32.ActiveCfg = Debug|Any CPU
		{86952E9C-1B69-4AAE-A3AA-087B09527EAF}.Debug|x86.ActiveCfg = Debug|Any CPU
		{86952E9C-1B69-4AAE-A3AA-087B09527EAF}.Release|Any CPU.ActiveCfg = Release|Any CPU
		{86952E9C-1B69-4AAE-A3AA-087B09527EAF}.Release|Any CPU.Build.0 = Release|Any CPU
		{86952E9C-1B69-4AAE-A3AA-087B09527EAF}.Release|Mixed Platforms.ActiveCfg = Release|Any CPU
		{86952E9C-1B69-4AAE-A3AA-087B09527EAF}.Release|Mixed Platforms.Build.0 = Release|Any CPU
		{86952E9C-1B69-4AAE-A3AA-087B09527EAF}.Release|Win32.ActiveCfg = Release|Any CPU
		{86952E9C-1B69-4AAE-A3AA-087B09527EAF}.Release|x86.ActiveCfg = Release|Any CPU
		{30B53B15-1FD2-4C12-918D-6B3A9F85A189}.Debug|Any CPU.ActiveCfg = Debug|Any CPU
		{30B53B15-1FD2-4C12-918D-6B3A9F85A189}.Debug|Any CPU.Build.0 = Debug|Any CPU
		{30B53B15-1FD2-4C12-918D-6B3A9F85A189}.Debug|Mixed Platforms.ActiveCfg = Debug|Any CPU
		{30B53B15-1FD2-4C12-918D-6B3A9F85A189}.Debug|Mixed Platforms.Build.0 = Debug|Any CPU
		{30B53B15-1FD2-4C12-918D-6B3A9F85A189}.Debug|Win32.ActiveCfg = Debug|Any CPU
		{30B53B15-1FD2-4C12-918D-6B3A9F85A189}.Debug|x86.ActiveCfg = Debug|Any CPU
		{30B53B15-1FD2-4C12-918D-6B3A9F85A189}.Release|Any CPU.ActiveCfg = Release|Any CPU
		{30B53B15-1FD2-4C12-918D-6B3A9F85A189}.Release|Any CPU.Build.0 = Release|Any CPU
		{30B53B15-1FD2-4C12-918D-6B3A9F85A189}.Release|Mixed Platforms.ActiveCfg = Release|Any CPU
		{30B53B15-1FD2-4C12-918D-6B3A9F85A189}.Release|Mixed Platforms.Build.0 = Release|Any CPU
		{30B53B15-1FD2-4C12-918D-6B3A9F85A189}.Release|Win32.ActiveCfg = Release|Any CPU
		{30B53B15-1FD2-4C12-918D-6B3A9F85A189}.Release|x86.ActiveCfg = Release|Any CPU
		{B5493DF5-E7C4-48ED-85B5-8B0A89B9912E}.Debug|Any CPU.ActiveCfg = Debug|Any CPU
		{B5493DF5-E7C4-48ED-85B5-8B0A89B9912E}.Debug|Any CPU.Build.0 = Debug|Any CPU
		{B5493DF5-E7C4-48ED-85B5-8B0A89B9912E}.Debug|Mixed Platforms.ActiveCfg = Debug|Any CPU
		{B5493DF5-E7C4-48ED-85B5-8B0A89B9912E}.Debug|Mixed Platforms.Build.0 = Debug|Any CPU
		{B5493DF5-E7C4-48ED-85B5-8B0A89B9912E}.Debug|Win32.ActiveCfg = Debug|Any CPU
		{B5493DF5-E7C4-48ED-85B5-8B0A89B9912E}.Debug|x86.ActiveCfg = Debug|Any CPU
		{B5493DF5-E7C4-48ED-85B5-8B0A89B9912E}.Release|Any CPU.ActiveCfg = Release|Any CPU
		{B5493DF5-E7C4-48ED-85B5-8B0A89B9912E}.Release|Any CPU.Build.0 = Release|Any CPU
		{B5493DF5-E7C4-48ED-85B5-8B0A89B9912E}.Release|Mixed Platforms.ActiveCfg = Release|Any CPU
		{B5493DF5-E7C4-48ED-85B5-8B0A89B9912E}.Release|Mixed Platforms.Build.0 = Release|Any CPU
		{B5493DF5-E7C4-48ED-85B5-8B0A89B9912E}.Release|Win32.ActiveCfg = Release|Any CPU
		{B5493DF5-E7C4-48ED-85B5-8B0A89B9912E}.Release|x86.ActiveCfg = Release|Any CPU
		{C9B7A5B4-3336-4C2D-A4DC-DAA8E480FF04}.Debug|Any CPU.ActiveCfg = Debug|Any CPU
		{C9B7A5B4-3336-4C2D-A4DC-DAA8E480FF04}.Debug|Any CPU.Build.0 = Debug|Any CPU
		{C9B7A5B4-3336-4C2D-A4DC-DAA8E480FF04}.Debug|Mixed Platforms.ActiveCfg = Debug|Any CPU
		{C9B7A5B4-3336-4C2D-A4DC-DAA8E480FF04}.Debug|Mixed Platforms.Build.0 = Debug|Any CPU
		{C9B7A5B4-3336-4C2D-A4DC-DAA8E480FF04}.Debug|Win32.ActiveCfg = Debug|Any CPU
		{C9B7A5B4-3336-4C2D-A4DC-DAA8E480FF04}.Debug|x86.ActiveCfg = Debug|Any CPU
		{C9B7A5B4-3336-4C2D-A4DC-DAA8E480FF04}.Release|Any CPU.ActiveCfg = Release|Any CPU
		{C9B7A5B4-3336-4C2D-A4DC-DAA8E480FF04}.Release|Any CPU.Build.0 = Release|Any CPU
		{C9B7A5B4-3336-4C2D-A4DC-DAA8E480FF04}.Release|Mixed Platforms.ActiveCfg = Release|Any CPU
		{C9B7A5B4-3336-4C2D-A4DC-DAA8E480FF04}.Release|Mixed Platforms.Build.0 = Release|Any CPU
		{C9B7A5B4-3336-4C2D-A4DC-DAA8E480FF04}.Release|Win32.ActiveCfg = Release|Any CPU
		{C9B7A5B4-3336-4C2D-A4DC-DAA8E480FF04}.Release|x86.ActiveCfg = Release|Any CPU
		{73B4D7B9-A16B-46DD-A9B5-3CAB77AB3918}.Debug|Any CPU.ActiveCfg = Debug|Any CPU
		{73B4D7B9-A16B-46DD-A9B5-3CAB77AB3918}.Debug|Any CPU.Build.0 = Debug|Any CPU
		{73B4D7B9-A16B-46DD-A9B5-3CAB77AB3918}.Debug|Mixed Platforms.ActiveCfg = Debug|Any CPU
		{73B4D7B9-A16B-46DD-A9B5-3CAB77AB3918}.Debug|Mixed Platforms.Build.0 = Debug|Any CPU
		{73B4D7B9-A16B-46DD-A9B5-3CAB77AB3918}.Debug|Win32.ActiveCfg = Debug|Any CPU
		{73B4D7B9-A16B-46DD-A9B5-3CAB77AB3918}.Debug|x86.ActiveCfg = Debug|Any CPU
		{73B4D7B9-A16B-46DD-A9B5-3CAB77AB3918}.Release|Any CPU.ActiveCfg = Release|Any CPU
		{73B4D7B9-A16B-46DD-A9B5-3CAB77AB3918}.Release|Any CPU.Build.0 = Release|Any CPU
		{73B4D7B9-A16B-46DD-A9B5-3CAB77AB3918}.Release|Mixed Platforms.ActiveCfg = Release|Any CPU
		{73B4D7B9-A16B-46DD-A9B5-3CAB77AB3918}.Release|Mixed Platforms.Build.0 = Release|Any CPU
		{73B4D7B9-A16B-46DD-A9B5-3CAB77AB3918}.Release|Win32.ActiveCfg = Release|Any CPU
		{73B4D7B9-A16B-46DD-A9B5-3CAB77AB3918}.Release|x86.ActiveCfg = Release|Any CPU
		{F49FC7CC-320C-4CBF-B52C-EF69A2FE2D65}.Debug|Any CPU.ActiveCfg = Debug|Any CPU
		{F49FC7CC-320C-4CBF-B52C-EF69A2FE2D65}.Debug|Any CPU.Build.0 = Debug|Any CPU
		{F49FC7CC-320C-4CBF-B52C-EF69A2FE2D65}.Debug|Mixed Platforms.ActiveCfg = Debug|Any CPU
		{F49FC7CC-320C-4CBF-B52C-EF69A2FE2D65}.Debug|Mixed Platforms.Build.0 = Debug|Any CPU
		{F49FC7CC-320C-4CBF-B52C-EF69A2FE2D65}.Debug|Win32.ActiveCfg = Debug|Any CPU
		{F49FC7CC-320C-4CBF-B52C-EF69A2FE2D65}.Debug|x86.ActiveCfg = Debug|Any CPU
		{F49FC7CC-320C-4CBF-B52C-EF69A2FE2D65}.Release|Any CPU.ActiveCfg = Release|Any CPU
		{F49FC7CC-320C-4CBF-B52C-EF69A2FE2D65}.Release|Any CPU.Build.0 = Release|Any CPU
		{F49FC7CC-320C-4CBF-B52C-EF69A2FE2D65}.Release|Mixed Platforms.ActiveCfg = Release|Any CPU
		{F49FC7CC-320C-4CBF-B52C-EF69A2FE2D65}.Release|Mixed Platforms.Build.0 = Release|Any CPU
		{F49FC7CC-320C-4CBF-B52C-EF69A2FE2D65}.Release|Win32.ActiveCfg = Release|Any CPU
		{F49FC7CC-320C-4CBF-B52C-EF69A2FE2D65}.Release|x86.ActiveCfg = Release|Any CPU
		{DFC3AA6A-B4BB-41F9-AD48-EBEF0FFAB17E}.Debug|Any CPU.ActiveCfg = Debug|Any CPU
		{DFC3AA6A-B4BB-41F9-AD48-EBEF0FFAB17E}.Debug|Any CPU.Build.0 = Debug|Any CPU
		{DFC3AA6A-B4BB-41F9-AD48-EBEF0FFAB17E}.Debug|Mixed Platforms.ActiveCfg = Debug|Any CPU
		{DFC3AA6A-B4BB-41F9-AD48-EBEF0FFAB17E}.Debug|Mixed Platforms.Build.0 = Debug|Any CPU
		{DFC3AA6A-B4BB-41F9-AD48-EBEF0FFAB17E}.Debug|Win32.ActiveCfg = Debug|Any CPU
		{DFC3AA6A-B4BB-41F9-AD48-EBEF0FFAB17E}.Debug|x86.ActiveCfg = Debug|Any CPU
		{DFC3AA6A-B4BB-41F9-AD48-EBEF0FFAB17E}.Release|Any CPU.ActiveCfg = Release|Any CPU
		{DFC3AA6A-B4BB-41F9-AD48-EBEF0FFAB17E}.Release|Any CPU.Build.0 = Release|Any CPU
		{DFC3AA6A-B4BB-41F9-AD48-EBEF0FFAB17E}.Release|Mixed Platforms.ActiveCfg = Release|Any CPU
		{DFC3AA6A-B4BB-41F9-AD48-EBEF0FFAB17E}.Release|Mixed Platforms.Build.0 = Release|Any CPU
		{DFC3AA6A-B4BB-41F9-AD48-EBEF0FFAB17E}.Release|Win32.ActiveCfg = Release|Any CPU
		{DFC3AA6A-B4BB-41F9-AD48-EBEF0FFAB17E}.Release|x86.ActiveCfg = Release|Any CPU
		{6E649E84-FE89-400C-9988-98501FF631BF}.Debug|Any CPU.ActiveCfg = Debug|Any CPU
		{6E649E84-FE89-400C-9988-98501FF631BF}.Debug|Any CPU.Build.0 = Debug|Any CPU
		{6E649E84-FE89-400C-9988-98501FF631BF}.Debug|Mixed Platforms.ActiveCfg = Debug|Any CPU
		{6E649E84-FE89-400C-9988-98501FF631BF}.Debug|Mixed Platforms.Build.0 = Debug|Any CPU
		{6E649E84-FE89-400C-9988-98501FF631BF}.Debug|Win32.ActiveCfg = Debug|Any CPU
		{6E649E84-FE89-400C-9988-98501FF631BF}.Debug|x86.ActiveCfg = Debug|Any CPU
		{6E649E84-FE89-400C-9988-98501FF631BF}.Release|Any CPU.ActiveCfg = Release|Any CPU
		{6E649E84-FE89-400C-9988-98501FF631BF}.Release|Any CPU.Build.0 = Release|Any CPU
		{6E649E84-FE89-400C-9988-98501FF631BF}.Release|Mixed Platforms.ActiveCfg = Release|Any CPU
		{6E649E84-FE89-400C-9988-98501FF631BF}.Release|Mixed Platforms.Build.0 = Release|Any CPU
		{6E649E84-FE89-400C-9988-98501FF631BF}.Release|Win32.ActiveCfg = Release|Any CPU
		{6E649E84-FE89-400C-9988-98501FF631BF}.Release|x86.ActiveCfg = Release|Any CPU
		{1C947D5E-5B4D-4D09-B9C0-FCBBAE5D9495}.Debug|Any CPU.ActiveCfg = Debug|Any CPU
		{1C947D5E-5B4D-4D09-B9C0-FCBBAE5D9495}.Debug|Any CPU.Build.0 = Debug|Any CPU
		{1C947D5E-5B4D-4D09-B9C0-FCBBAE5D9495}.Debug|Mixed Platforms.ActiveCfg = Debug|Any CPU
		{1C947D5E-5B4D-4D09-B9C0-FCBBAE5D9495}.Debug|Mixed Platforms.Build.0 = Debug|Any CPU
		{1C947D5E-5B4D-4D09-B9C0-FCBBAE5D9495}.Debug|Win32.ActiveCfg = Debug|Any CPU
		{1C947D5E-5B4D-4D09-B9C0-FCBBAE5D9495}.Debug|x86.ActiveCfg = Debug|Any CPU
		{1C947D5E-5B4D-4D09-B9C0-FCBBAE5D9495}.Release|Any CPU.ActiveCfg = Release|Any CPU
		{1C947D5E-5B4D-4D09-B9C0-FCBBAE5D9495}.Release|Any CPU.Build.0 = Release|Any CPU
		{1C947D5E-5B4D-4D09-B9C0-FCBBAE5D9495}.Release|Mixed Platforms.ActiveCfg = Release|Any CPU
		{1C947D5E-5B4D-4D09-B9C0-FCBBAE5D9495}.Release|Mixed Platforms.Build.0 = Release|Any CPU
		{1C947D5E-5B4D-4D09-B9C0-FCBBAE5D9495}.Release|Win32.ActiveCfg = Release|Any CPU
		{1C947D5E-5B4D-4D09-B9C0-FCBBAE5D9495}.Release|x86.ActiveCfg = Release|Any CPU
		{3F5746C2-7568-43D0-96AA-EBB206001442}.Debug|Any CPU.ActiveCfg = Debug|Any CPU
		{3F5746C2-7568-43D0-96AA-EBB206001442}.Debug|Any CPU.Build.0 = Debug|Any CPU
		{3F5746C2-7568-43D0-96AA-EBB206001442}.Debug|Mixed Platforms.ActiveCfg = Debug|Any CPU
		{3F5746C2-7568-43D0-96AA-EBB206001442}.Debug|Mixed Platforms.Build.0 = Debug|Any CPU
		{3F5746C2-7568-43D0-96AA-EBB206001442}.Debug|Win32.ActiveCfg = Debug|Any CPU
		{3F5746C2-7568-43D0-96AA-EBB206001442}.Debug|x86.ActiveCfg = Debug|Any CPU
		{3F5746C2-7568-43D0-96AA-EBB206001442}.Release|Any CPU.ActiveCfg = Release|Any CPU
		{3F5746C2-7568-43D0-96AA-EBB206001442}.Release|Any CPU.Build.0 = Release|Any CPU
		{3F5746C2-7568-43D0-96AA-EBB206001442}.Release|Mixed Platforms.ActiveCfg = Release|Any CPU
		{3F5746C2-7568-43D0-96AA-EBB206001442}.Release|Mixed Platforms.Build.0 = Release|Any CPU
		{3F5746C2-7568-43D0-96AA-EBB206001442}.Release|Win32.ActiveCfg = Release|Any CPU
		{3F5746C2-7568-43D0-96AA-EBB206001442}.Release|x86.ActiveCfg = Release|Any CPU
		{A6983F1B-9B4D-48D9-915A-D9F9CD656F32}.Debug|Any CPU.ActiveCfg = Debug|Any CPU
		{A6983F1B-9B4D-48D9-915A-D9F9CD656F32}.Debug|Any CPU.Build.0 = Debug|Any CPU
		{A6983F1B-9B4D-48D9-915A-D9F9CD656F32}.Debug|Mixed Platforms.ActiveCfg = Debug|Any CPU
		{A6983F1B-9B4D-48D9-915A-D9F9CD656F32}.Debug|Mixed Platforms.Build.0 = Debug|Any CPU
		{A6983F1B-9B4D-48D9-915A-D9F9CD656F32}.Debug|Win32.ActiveCfg = Debug|Any CPU
		{A6983F1B-9B4D-48D9-915A-D9F9CD656F32}.Debug|x86.ActiveCfg = Debug|Any CPU
		{A6983F1B-9B4D-48D9-915A-D9F9CD656F32}.Release|Any CPU.ActiveCfg = Release|Any CPU
		{A6983F1B-9B4D-48D9-915A-D9F9CD656F32}.Release|Any CPU.Build.0 = Release|Any CPU
		{A6983F1B-9B4D-48D9-915A-D9F9CD656F32}.Release|Mixed Platforms.ActiveCfg = Release|Any CPU
		{A6983F1B-9B4D-48D9-915A-D9F9CD656F32}.Release|Mixed Platforms.Build.0 = Release|Any CPU
		{A6983F1B-9B4D-48D9-915A-D9F9CD656F32}.Release|Win32.ActiveCfg = Release|Any CPU
		{A6983F1B-9B4D-48D9-915A-D9F9CD656F32}.Release|x86.ActiveCfg = Release|Any CPU
		{088C0B28-C259-4D5A-BD8B-9E33B4DD79CA}.Debug|Any CPU.ActiveCfg = Debug|Any CPU
		{088C0B28-C259-4D5A-BD8B-9E33B4DD79CA}.Debug|Any CPU.Build.0 = Debug|Any CPU
		{088C0B28-C259-4D5A-BD8B-9E33B4DD79CA}.Debug|Mixed Platforms.ActiveCfg = Debug|Any CPU
		{088C0B28-C259-4D5A-BD8B-9E33B4DD79CA}.Debug|Mixed Platforms.Build.0 = Debug|Any CPU
		{088C0B28-C259-4D5A-BD8B-9E33B4DD79CA}.Debug|Win32.ActiveCfg = Debug|Any CPU
		{088C0B28-C259-4D5A-BD8B-9E33B4DD79CA}.Debug|x86.ActiveCfg = Debug|Any CPU
		{088C0B28-C259-4D5A-BD8B-9E33B4DD79CA}.Release|Any CPU.ActiveCfg = Release|Any CPU
		{088C0B28-C259-4D5A-BD8B-9E33B4DD79CA}.Release|Any CPU.Build.0 = Release|Any CPU
		{088C0B28-C259-4D5A-BD8B-9E33B4DD79CA}.Release|Mixed Platforms.ActiveCfg = Release|Any CPU
		{088C0B28-C259-4D5A-BD8B-9E33B4DD79CA}.Release|Mixed Platforms.Build.0 = Release|Any CPU
		{088C0B28-C259-4D5A-BD8B-9E33B4DD79CA}.Release|Win32.ActiveCfg = Release|Any CPU
		{088C0B28-C259-4D5A-BD8B-9E33B4DD79CA}.Release|x86.ActiveCfg = Release|Any CPU
		{DDDE3EE5-218B-410F-A161-B155AA23E702}.Debug|Any CPU.ActiveCfg = Debug|Any CPU
		{DDDE3EE5-218B-410F-A161-B155AA23E702}.Debug|Any CPU.Build.0 = Debug|Any CPU
		{DDDE3EE5-218B-410F-A161-B155AA23E702}.Debug|Mixed Platforms.ActiveCfg = Debug|Any CPU
		{DDDE3EE5-218B-410F-A161-B155AA23E702}.Debug|Mixed Platforms.Build.0 = Debug|Any CPU
		{DDDE3EE5-218B-410F-A161-B155AA23E702}.Debug|Win32.ActiveCfg = Debug|Any CPU
		{DDDE3EE5-218B-410F-A161-B155AA23E702}.Debug|x86.ActiveCfg = Debug|Any CPU
		{DDDE3EE5-218B-410F-A161-B155AA23E702}.Release|Any CPU.ActiveCfg = Release|Any CPU
		{DDDE3EE5-218B-410F-A161-B155AA23E702}.Release|Any CPU.Build.0 = Release|Any CPU
		{DDDE3EE5-218B-410F-A161-B155AA23E702}.Release|Mixed Platforms.ActiveCfg = Release|Any CPU
		{DDDE3EE5-218B-410F-A161-B155AA23E702}.Release|Mixed Platforms.Build.0 = Release|Any CPU
		{DDDE3EE5-218B-410F-A161-B155AA23E702}.Release|Win32.ActiveCfg = Release|Any CPU
		{DDDE3EE5-218B-410F-A161-B155AA23E702}.Release|x86.ActiveCfg = Release|Any CPU
		{B94AF5B2-17CF-4501-B5A3-E2663C1BDACC}.Debug|Any CPU.ActiveCfg = Debug|Win32
		{B94AF5B2-17CF-4501-B5A3-E2663C1BDACC}.Debug|Mixed Platforms.ActiveCfg = Debug|Win32
		{B94AF5B2-17CF-4501-B5A3-E2663C1BDACC}.Debug|Mixed Platforms.Build.0 = Debug|Win32
		{B94AF5B2-17CF-4501-B5A3-E2663C1BDACC}.Debug|Win32.ActiveCfg = Debug|Win32
		{B94AF5B2-17CF-4501-B5A3-E2663C1BDACC}.Debug|Win32.Build.0 = Debug|Win32
		{B94AF5B2-17CF-4501-B5A3-E2663C1BDACC}.Debug|x86.ActiveCfg = Debug|Win32
		{B94AF5B2-17CF-4501-B5A3-E2663C1BDACC}.Release|Any CPU.ActiveCfg = Release|Win32
		{B94AF5B2-17CF-4501-B5A3-E2663C1BDACC}.Release|Mixed Platforms.ActiveCfg = Release|Win32
		{B94AF5B2-17CF-4501-B5A3-E2663C1BDACC}.Release|Mixed Platforms.Build.0 = Release|Win32
		{B94AF5B2-17CF-4501-B5A3-E2663C1BDACC}.Release|Win32.ActiveCfg = Release|Win32
		{B94AF5B2-17CF-4501-B5A3-E2663C1BDACC}.Release|Win32.Build.0 = Release|Win32
		{B94AF5B2-17CF-4501-B5A3-E2663C1BDACC}.Release|x86.ActiveCfg = Release|Win32
		{391031ED-BFBE-4045-A73A-28B07C1CAB4A}.Debug|Any CPU.ActiveCfg = Debug|x86
		{391031ED-BFBE-4045-A73A-28B07C1CAB4A}.Debug|Mixed Platforms.ActiveCfg = Debug|x86
		{391031ED-BFBE-4045-A73A-28B07C1CAB4A}.Debug|Mixed Platforms.Build.0 = Debug|x86
		{391031ED-BFBE-4045-A73A-28B07C1CAB4A}.Debug|Win32.ActiveCfg = Debug|x86
		{391031ED-BFBE-4045-A73A-28B07C1CAB4A}.Debug|x86.ActiveCfg = Debug|x86
		{391031ED-BFBE-4045-A73A-28B07C1CAB4A}.Debug|x86.Build.0 = Debug|x86
		{391031ED-BFBE-4045-A73A-28B07C1CAB4A}.Release|Any CPU.ActiveCfg = Release|x86
		{391031ED-BFBE-4045-A73A-28B07C1CAB4A}.Release|Mixed Platforms.ActiveCfg = Release|x86
		{391031ED-BFBE-4045-A73A-28B07C1CAB4A}.Release|Mixed Platforms.Build.0 = Release|x86
		{391031ED-BFBE-4045-A73A-28B07C1CAB4A}.Release|Win32.ActiveCfg = Release|x86
		{391031ED-BFBE-4045-A73A-28B07C1CAB4A}.Release|x86.ActiveCfg = Release|x86
		{391031ED-BFBE-4045-A73A-28B07C1CAB4A}.Release|x86.Build.0 = Release|x86
		{55BEE2FE-B9CC-4B8C-AC52-59DA35E3AEFE}.Debug|Any CPU.ActiveCfg = Debug|Any CPU
		{55BEE2FE-B9CC-4B8C-AC52-59DA35E3AEFE}.Debug|Any CPU.Build.0 = Debug|Any CPU
		{55BEE2FE-B9CC-4B8C-AC52-59DA35E3AEFE}.Debug|Mixed Platforms.ActiveCfg = Debug|Any CPU
		{55BEE2FE-B9CC-4B8C-AC52-59DA35E3AEFE}.Debug|Mixed Platforms.Build.0 = Debug|Any CPU
		{55BEE2FE-B9CC-4B8C-AC52-59DA35E3AEFE}.Debug|Win32.ActiveCfg = Debug|Any CPU
		{55BEE2FE-B9CC-4B8C-AC52-59DA35E3AEFE}.Debug|x86.ActiveCfg = Debug|Any CPU
		{55BEE2FE-B9CC-4B8C-AC52-59DA35E3AEFE}.Release|Any CPU.ActiveCfg = Release|Any CPU
		{55BEE2FE-B9CC-4B8C-AC52-59DA35E3AEFE}.Release|Any CPU.Build.0 = Release|Any CPU
		{55BEE2FE-B9CC-4B8C-AC52-59DA35E3AEFE}.Release|Mixed Platforms.ActiveCfg = Release|Any CPU
		{55BEE2FE-B9CC-4B8C-AC52-59DA35E3AEFE}.Release|Mixed Platforms.Build.0 = Release|Any CPU
		{55BEE2FE-B9CC-4B8C-AC52-59DA35E3AEFE}.Release|Win32.ActiveCfg = Release|Any CPU
		{55BEE2FE-B9CC-4B8C-AC52-59DA35E3AEFE}.Release|x86.ActiveCfg = Release|Any CPU
		{D080A228-24BB-4C19-828C-1F5D6DBDFAE3}.Debug|Any CPU.ActiveCfg = Debug|x86
		{D080A228-24BB-4C19-828C-1F5D6DBDFAE3}.Debug|Mixed Platforms.ActiveCfg = Debug|x86
		{D080A228-24BB-4C19-828C-1F5D6DBDFAE3}.Debug|Mixed Platforms.Build.0 = Debug|x86
		{D080A228-24BB-4C19-828C-1F5D6DBDFAE3}.Debug|Win32.ActiveCfg = Debug|x86
		{D080A228-24BB-4C19-828C-1F5D6DBDFAE3}.Debug|x86.ActiveCfg = Debug|x86
		{D080A228-24BB-4C19-828C-1F5D6DBDFAE3}.Debug|x86.Build.0 = Debug|x86
		{D080A228-24BB-4C19-828C-1F5D6DBDFAE3}.Release|Any CPU.ActiveCfg = Release|x86
		{D080A228-24BB-4C19-828C-1F5D6DBDFAE3}.Release|Mixed Platforms.ActiveCfg = Release|x86
		{D080A228-24BB-4C19-828C-1F5D6DBDFAE3}.Release|Mixed Platforms.Build.0 = Release|x86
		{D080A228-24BB-4C19-828C-1F5D6DBDFAE3}.Release|Win32.ActiveCfg = Release|x86
		{D080A228-24BB-4C19-828C-1F5D6DBDFAE3}.Release|x86.ActiveCfg = Release|x86
		{D080A228-24BB-4C19-828C-1F5D6DBDFAE3}.Release|x86.Build.0 = Release|x86
		{4A0AB8A3-DFB0-4C19-92C6-FA0A436463BC}.Debug|Any CPU.ActiveCfg = Debug|x86
		{4A0AB8A3-DFB0-4C19-92C6-FA0A436463BC}.Debug|Mixed Platforms.ActiveCfg = Debug|x86
		{4A0AB8A3-DFB0-4C19-92C6-FA0A436463BC}.Debug|Mixed Platforms.Build.0 = Debug|x86
		{4A0AB8A3-DFB0-4C19-92C6-FA0A436463BC}.Debug|Win32.ActiveCfg = Debug|x86
		{4A0AB8A3-DFB0-4C19-92C6-FA0A436463BC}.Debug|x86.ActiveCfg = Debug|x86
		{4A0AB8A3-DFB0-4C19-92C6-FA0A436463BC}.Debug|x86.Build.0 = Debug|x86
		{4A0AB8A3-DFB0-4C19-92C6-FA0A436463BC}.Release|Any CPU.ActiveCfg = Release|x86
		{4A0AB8A3-DFB0-4C19-92C6-FA0A436463BC}.Release|Mixed Platforms.ActiveCfg = Release|x86
		{4A0AB8A3-DFB0-4C19-92C6-FA0A436463BC}.Release|Mixed Platforms.Build.0 = Release|x86
		{4A0AB8A3-DFB0-4C19-92C6-FA0A436463BC}.Release|Win32.ActiveCfg = Release|x86
		{4A0AB8A3-DFB0-4C19-92C6-FA0A436463BC}.Release|x86.ActiveCfg = Release|x86
		{4A0AB8A3-DFB0-4C19-92C6-FA0A436463BC}.Release|x86.Build.0 = Release|x86
	EndGlobalSection
	GlobalSection(SolutionProperties) = preSolution
		HideSolutionNode = FALSE
	EndGlobalSection
EndGlobal
